
Microsoft Visual Studio Solution File, Format Version 12.00
# Visual Studio Version 16
VisualStudioVersion = 16.0.29403.142
MinimumVisualStudioVersion = 10.0.40219.1
Project("{8BC9CEB8-8B4A-11D0-8D11-00A0C91BC942}") = "MoravaEngine", "MoravaEngine\MoravaEngine.vcxproj", "{FABCD75E-496E-4408-B31C-D45E7D0DFC7A}"
	ProjectSection(ProjectDependencies) = postProject
		{FAEC83D4-9701-39DE-AADE-C689F35500F2} = {FAEC83D4-9701-39DE-AADE-C689F35500F2}
	EndProjectSection
EndProject
Project("{8BC9CEB8-8B4A-11D0-8D11-00A0C91BC942}") = "assimp", "vendor\cross-platform\assimp\code\assimp.vcxproj", "{6F4E19E3-5F04-362E-9D5F-975F7CAE80EA}"
EndProject
Project("{8BC9CEB8-8B4A-11D0-8D11-00A0C91BC942}") = "zlibstatic", "vendor\cross-platform\assimp\contrib\zlib\zlibstatic.vcxproj", "{1CC30D3E-AC56-33BE-A975-70E357E3336D}"
EndProject
Project("{8BC9CEB8-8B4A-11D0-8D11-00A0C91BC942}") = "IrrXML", "vendor\cross-platform\assimp\contrib\irrXML\IrrXML.vcxproj", "{B64924B0-5123-32A0-8AD2-F6B6068BE913}"
EndProject
Project("{8BC9CEB8-8B4A-11D0-8D11-00A0C91BC942}") = "glfw", "vendor\cross-platform\glfw\src\glfw.vcxproj", "{B24B1DBB-8361-3DD6-BDEC-D39A27A8CFE7}"
EndProject
Project("{8BC9CEB8-8B4A-11D0-8D11-00A0C91BC942}") = "BulletDynamics", "MoravaEngine\build\BulletDynamics.vcxproj", "{79532ADD-FF92-3A51-B403-E1625856B2DB}"
EndProject
Project("{8BC9CEB8-8B4A-11D0-8D11-00A0C91BC942}") = "BulletCollision", "MoravaEngine\build\BulletCollision.vcxproj", "{0A986D22-0D5A-3B81-BB3D-BC2413DA4DB7}"
EndProject
Project("{8BC9CEB8-8B4A-11D0-8D11-00A0C91BC942}") = "LinearMath", "MoravaEngine\build\LinearMath.vcxproj", "{F6796644-473C-3B79-B854-C7E495593AFB}"
EndProject
Project("{8BC9CEB8-8B4A-11D0-8D11-00A0C91BC942}") = "spirv-cross", "vendor\cross-platform\SPIRV-Cross\spirv-cross.vcxproj", "{FAEC83D4-9701-39DE-AADE-C689F35500F2}"
EndProject
Project("{8BC9CEB8-8B4A-11D0-8D11-00A0C91BC942}") = "spirv-cross-glsl", "vendor\cross-platform\SPIRV-Cross\spirv-cross-glsl.vcxproj", "{D9F4E28D-B56D-3A16-82B0-550C58DD959A}"
EndProject
Project("{8BC9CEB8-8B4A-11D0-8D11-00A0C91BC942}") = "spirv-cross-hlsl", "vendor\cross-platform\SPIRV-Cross\spirv-cross-hlsl.vcxproj", "{3A733A6C-4469-3DE8-ADD0-A0C6DEB25158}"
EndProject
Project("{8BC9CEB8-8B4A-11D0-8D11-00A0C91BC942}") = "spirv-cross-cpp", "vendor\cross-platform\SPIRV-Cross\spirv-cross-cpp.vcxproj", "{62BE3723-9E3B-3F80-8434-054A8D276F59}"
EndProject
Project("{8BC9CEB8-8B4A-11D0-8D11-00A0C91BC942}") = "spirv-cross-reflect", "vendor\cross-platform\SPIRV-Cross\spirv-cross-reflect.vcxproj", "{34F37397-5F41-3F9D-B68E-2F719DF9D8E1}"
EndProject
Project("{8BC9CEB8-8B4A-11D0-8D11-00A0C91BC942}") = "spirv-cross-msl", "vendor\cross-platform\SPIRV-Cross\spirv-cross-msl.vcxproj", "{72743F8E-84C9-3C63-9458-94F7E470034E}"
EndProject
Project("{8BC9CEB8-8B4A-11D0-8D11-00A0C91BC942}") = "spirv-cross-util", "vendor\cross-platform\SPIRV-Cross\spirv-cross-util.vcxproj", "{8BD0A0AA-301C-3726-B5B8-B27A6B73D85C}"
EndProject
Project("{8BC9CEB8-8B4A-11D0-8D11-00A0C91BC942}") = "spirv-cross-core", "vendor\cross-platform\SPIRV-Cross\spirv-cross-core.vcxproj", "{DEA195E3-58EA-39CE-AAC9-69DFFD4334C9}"
EndProject
Project("{8BC9CEB8-8B4A-11D0-8D11-00A0C91BC942}") = "yaml-cpp static", "vendor\cross-platform\yaml-cpp\yaml-cpp.vcxproj", "{73820396-0E28-3538-B473-9CCCF2F13B2B}"
EndProject
Project("{8BC9CEB8-8B4A-11D0-8D11-00A0C91BC942}") = "box2d", "vendor\box2d\src\box2d.vcxproj", "{5D9047FF-745F-3F40-97A2-2FB49BCC4AF1}"
EndProject
Project("{FAE04EC0-301F-11D3-BF4B-00C04F79EFBC}") = "ExampleApp", "MoravaEngine\Hazel\ExampleApp\ExampleApp.csproj", "{D5366E71-AF66-40C4-9CEF-E2E19F7A1E25}"
EndProject
Project("{FAE04EC0-301F-11D3-BF4B-00C04F79EFBC}") = "ScriptCore", "MoravaEngine\Hazel\ScriptCore\ScriptCore.csproj", "{DECA7CA7-3583-4E4B-996F-F78BBE0836BA}"
EndProject
Global
	GlobalSection(SolutionConfigurationPlatforms) = preSolution
		Debug|Any CPU = Debug|Any CPU
		Debug|x64 = Debug|x64
		Debug|x86 = Debug|x86
		MinSizeRel|Any CPU = MinSizeRel|Any CPU
		MinSizeRel|x64 = MinSizeRel|x64
		MinSizeRel|x86 = MinSizeRel|x86
		Release|Any CPU = Release|Any CPU
		Release|x64 = Release|x64
		Release|x86 = Release|x86
		RelWithDebInfo|Any CPU = RelWithDebInfo|Any CPU
		RelWithDebInfo|x64 = RelWithDebInfo|x64
		RelWithDebInfo|x86 = RelWithDebInfo|x86
	EndGlobalSection
	GlobalSection(ProjectConfigurationPlatforms) = postSolution
		{FABCD75E-496E-4408-B31C-D45E7D0DFC7A}.Debug|Any CPU.ActiveCfg = Debug|Win32
		{FABCD75E-496E-4408-B31C-D45E7D0DFC7A}.Debug|x64.ActiveCfg = Debug|x64
		{FABCD75E-496E-4408-B31C-D45E7D0DFC7A}.Debug|x64.Build.0 = Debug|x64
		{FABCD75E-496E-4408-B31C-D45E7D0DFC7A}.Debug|x86.ActiveCfg = Debug|Win32
		{FABCD75E-496E-4408-B31C-D45E7D0DFC7A}.Debug|x86.Build.0 = Debug|Win32
		{FABCD75E-496E-4408-B31C-D45E7D0DFC7A}.MinSizeRel|Any CPU.ActiveCfg = Release|Win32
		{FABCD75E-496E-4408-B31C-D45E7D0DFC7A}.MinSizeRel|Any CPU.Build.0 = Release|Win32
		{FABCD75E-496E-4408-B31C-D45E7D0DFC7A}.MinSizeRel|x64.ActiveCfg = Release|x64
		{FABCD75E-496E-4408-B31C-D45E7D0DFC7A}.MinSizeRel|x64.Build.0 = Release|x64
		{FABCD75E-496E-4408-B31C-D45E7D0DFC7A}.MinSizeRel|x86.ActiveCfg = Release|Win32
		{FABCD75E-496E-4408-B31C-D45E7D0DFC7A}.MinSizeRel|x86.Build.0 = Release|Win32
		{FABCD75E-496E-4408-B31C-D45E7D0DFC7A}.Release|Any CPU.ActiveCfg = Release|Win32
		{FABCD75E-496E-4408-B31C-D45E7D0DFC7A}.Release|x64.ActiveCfg = Release|x64
		{FABCD75E-496E-4408-B31C-D45E7D0DFC7A}.Release|x64.Build.0 = Release|x64
		{FABCD75E-496E-4408-B31C-D45E7D0DFC7A}.Release|x86.ActiveCfg = Release|Win32
		{FABCD75E-496E-4408-B31C-D45E7D0DFC7A}.Release|x86.Build.0 = Release|Win32
		{FABCD75E-496E-4408-B31C-D45E7D0DFC7A}.RelWithDebInfo|Any CPU.ActiveCfg = Release|Win32
		{FABCD75E-496E-4408-B31C-D45E7D0DFC7A}.RelWithDebInfo|Any CPU.Build.0 = Release|Win32
		{FABCD75E-496E-4408-B31C-D45E7D0DFC7A}.RelWithDebInfo|x64.ActiveCfg = Release|x64
		{FABCD75E-496E-4408-B31C-D45E7D0DFC7A}.RelWithDebInfo|x64.Build.0 = Release|x64
		{FABCD75E-496E-4408-B31C-D45E7D0DFC7A}.RelWithDebInfo|x86.ActiveCfg = Release|Win32
		{FABCD75E-496E-4408-B31C-D45E7D0DFC7A}.RelWithDebInfo|x86.Build.0 = Release|Win32
		{6F4E19E3-5F04-362E-9D5F-975F7CAE80EA}.Debug|Any CPU.ActiveCfg = Debug|x64
		{6F4E19E3-5F04-362E-9D5F-975F7CAE80EA}.Debug|x64.ActiveCfg = Debug|x64
		{6F4E19E3-5F04-362E-9D5F-975F7CAE80EA}.Debug|x64.Build.0 = Debug|x64
		{6F4E19E3-5F04-362E-9D5F-975F7CAE80EA}.Debug|x86.ActiveCfg = Debug|x64
		{6F4E19E3-5F04-362E-9D5F-975F7CAE80EA}.MinSizeRel|Any CPU.ActiveCfg = MinSizeRel|x64
		{6F4E19E3-5F04-362E-9D5F-975F7CAE80EA}.MinSizeRel|x64.ActiveCfg = MinSizeRel|x64
		{6F4E19E3-5F04-362E-9D5F-975F7CAE80EA}.MinSizeRel|x64.Build.0 = MinSizeRel|x64
		{6F4E19E3-5F04-362E-9D5F-975F7CAE80EA}.MinSizeRel|x86.ActiveCfg = MinSizeRel|x64
		{6F4E19E3-5F04-362E-9D5F-975F7CAE80EA}.Release|Any CPU.ActiveCfg = Release|x64
		{6F4E19E3-5F04-362E-9D5F-975F7CAE80EA}.Release|x64.ActiveCfg = Release|x64
		{6F4E19E3-5F04-362E-9D5F-975F7CAE80EA}.Release|x64.Build.0 = Release|x64
		{6F4E19E3-5F04-362E-9D5F-975F7CAE80EA}.Release|x86.ActiveCfg = Release|x64
		{6F4E19E3-5F04-362E-9D5F-975F7CAE80EA}.RelWithDebInfo|Any CPU.ActiveCfg = RelWithDebInfo|x64
		{6F4E19E3-5F04-362E-9D5F-975F7CAE80EA}.RelWithDebInfo|x64.ActiveCfg = RelWithDebInfo|x64
		{6F4E19E3-5F04-362E-9D5F-975F7CAE80EA}.RelWithDebInfo|x64.Build.0 = RelWithDebInfo|x64
		{6F4E19E3-5F04-362E-9D5F-975F7CAE80EA}.RelWithDebInfo|x86.ActiveCfg = RelWithDebInfo|x64
		{1CC30D3E-AC56-33BE-A975-70E357E3336D}.Debug|Any CPU.ActiveCfg = Debug|x64
		{1CC30D3E-AC56-33BE-A975-70E357E3336D}.Debug|x64.ActiveCfg = Debug|x64
		{1CC30D3E-AC56-33BE-A975-70E357E3336D}.Debug|x64.Build.0 = Debug|x64
		{1CC30D3E-AC56-33BE-A975-70E357E3336D}.Debug|x86.ActiveCfg = Debug|x64
		{1CC30D3E-AC56-33BE-A975-70E357E3336D}.MinSizeRel|Any CPU.ActiveCfg = MinSizeRel|x64
		{1CC30D3E-AC56-33BE-A975-70E357E3336D}.MinSizeRel|x64.ActiveCfg = MinSizeRel|x64
		{1CC30D3E-AC56-33BE-A975-70E357E3336D}.MinSizeRel|x64.Build.0 = MinSizeRel|x64
		{1CC30D3E-AC56-33BE-A975-70E357E3336D}.MinSizeRel|x86.ActiveCfg = MinSizeRel|x64
		{1CC30D3E-AC56-33BE-A975-70E357E3336D}.Release|Any CPU.ActiveCfg = Release|x64
		{1CC30D3E-AC56-33BE-A975-70E357E3336D}.Release|x64.ActiveCfg = Release|x64
		{1CC30D3E-AC56-33BE-A975-70E357E3336D}.Release|x64.Build.0 = Release|x64
		{1CC30D3E-AC56-33BE-A975-70E357E3336D}.Release|x86.ActiveCfg = Release|x64
		{1CC30D3E-AC56-33BE-A975-70E357E3336D}.RelWithDebInfo|Any CPU.ActiveCfg = RelWithDebInfo|x64
		{1CC30D3E-AC56-33BE-A975-70E357E3336D}.RelWithDebInfo|x64.ActiveCfg = RelWithDebInfo|x64
		{1CC30D3E-AC56-33BE-A975-70E357E3336D}.RelWithDebInfo|x64.Build.0 = RelWithDebInfo|x64
		{1CC30D3E-AC56-33BE-A975-70E357E3336D}.RelWithDebInfo|x86.ActiveCfg = RelWithDebInfo|x64
		{B64924B0-5123-32A0-8AD2-F6B6068BE913}.Debug|Any CPU.ActiveCfg = Debug|x64
		{B64924B0-5123-32A0-8AD2-F6B6068BE913}.Debug|x64.ActiveCfg = Debug|x64
		{B64924B0-5123-32A0-8AD2-F6B6068BE913}.Debug|x64.Build.0 = Debug|x64
		{B64924B0-5123-32A0-8AD2-F6B6068BE913}.Debug|x86.ActiveCfg = Debug|x64
		{B64924B0-5123-32A0-8AD2-F6B6068BE913}.MinSizeRel|Any CPU.ActiveCfg = MinSizeRel|x64
		{B64924B0-5123-32A0-8AD2-F6B6068BE913}.MinSizeRel|x64.ActiveCfg = MinSizeRel|x64
		{B64924B0-5123-32A0-8AD2-F6B6068BE913}.MinSizeRel|x64.Build.0 = MinSizeRel|x64
		{B64924B0-5123-32A0-8AD2-F6B6068BE913}.MinSizeRel|x86.ActiveCfg = MinSizeRel|x64
		{B64924B0-5123-32A0-8AD2-F6B6068BE913}.Release|Any CPU.ActiveCfg = Release|x64
		{B64924B0-5123-32A0-8AD2-F6B6068BE913}.Release|x64.ActiveCfg = Release|x64
		{B64924B0-5123-32A0-8AD2-F6B6068BE913}.Release|x64.Build.0 = Release|x64
		{B64924B0-5123-32A0-8AD2-F6B6068BE913}.Release|x86.ActiveCfg = Release|x64
		{B64924B0-5123-32A0-8AD2-F6B6068BE913}.RelWithDebInfo|Any CPU.ActiveCfg = RelWithDebInfo|x64
		{B64924B0-5123-32A0-8AD2-F6B6068BE913}.RelWithDebInfo|x64.ActiveCfg = RelWithDebInfo|x64
		{B64924B0-5123-32A0-8AD2-F6B6068BE913}.RelWithDebInfo|x64.Build.0 = RelWithDebInfo|x64
		{B64924B0-5123-32A0-8AD2-F6B6068BE913}.RelWithDebInfo|x86.ActiveCfg = RelWithDebInfo|x64
		{B24B1DBB-8361-3DD6-BDEC-D39A27A8CFE7}.Debug|Any CPU.ActiveCfg = Debug|x64
		{B24B1DBB-8361-3DD6-BDEC-D39A27A8CFE7}.Debug|x64.ActiveCfg = Debug|x64
		{B24B1DBB-8361-3DD6-BDEC-D39A27A8CFE7}.Debug|x64.Build.0 = Debug|x64
		{B24B1DBB-8361-3DD6-BDEC-D39A27A8CFE7}.Debug|x86.ActiveCfg = Debug|x64
		{B24B1DBB-8361-3DD6-BDEC-D39A27A8CFE7}.MinSizeRel|Any CPU.ActiveCfg = MinSizeRel|x64
		{B24B1DBB-8361-3DD6-BDEC-D39A27A8CFE7}.MinSizeRel|x64.ActiveCfg = MinSizeRel|x64
		{B24B1DBB-8361-3DD6-BDEC-D39A27A8CFE7}.MinSizeRel|x64.Build.0 = MinSizeRel|x64
		{B24B1DBB-8361-3DD6-BDEC-D39A27A8CFE7}.MinSizeRel|x86.ActiveCfg = MinSizeRel|x64
		{B24B1DBB-8361-3DD6-BDEC-D39A27A8CFE7}.Release|Any CPU.ActiveCfg = Release|x64
		{B24B1DBB-8361-3DD6-BDEC-D39A27A8CFE7}.Release|x64.ActiveCfg = Release|x64
		{B24B1DBB-8361-3DD6-BDEC-D39A27A8CFE7}.Release|x64.Build.0 = Release|x64
		{B24B1DBB-8361-3DD6-BDEC-D39A27A8CFE7}.Release|x86.ActiveCfg = Release|x64
		{B24B1DBB-8361-3DD6-BDEC-D39A27A8CFE7}.RelWithDebInfo|Any CPU.ActiveCfg = RelWithDebInfo|x64
		{B24B1DBB-8361-3DD6-BDEC-D39A27A8CFE7}.RelWithDebInfo|x64.ActiveCfg = RelWithDebInfo|x64
		{B24B1DBB-8361-3DD6-BDEC-D39A27A8CFE7}.RelWithDebInfo|x64.Build.0 = RelWithDebInfo|x64
		{B24B1DBB-8361-3DD6-BDEC-D39A27A8CFE7}.RelWithDebInfo|x86.ActiveCfg = RelWithDebInfo|x64
		{79532ADD-FF92-3A51-B403-E1625856B2DB}.Debug|Any CPU.ActiveCfg = Debug|x64
		{79532ADD-FF92-3A51-B403-E1625856B2DB}.Debug|x64.ActiveCfg = Debug|x64
		{79532ADD-FF92-3A51-B403-E1625856B2DB}.Debug|x64.Build.0 = Debug|x64
		{79532ADD-FF92-3A51-B403-E1625856B2DB}.Debug|x86.ActiveCfg = Debug|x64
		{79532ADD-FF92-3A51-B403-E1625856B2DB}.MinSizeRel|Any CPU.ActiveCfg = MinSizeRel|x64
		{79532ADD-FF92-3A51-B403-E1625856B2DB}.MinSizeRel|x64.ActiveCfg = MinSizeRel|x64
		{79532ADD-FF92-3A51-B403-E1625856B2DB}.MinSizeRel|x64.Build.0 = MinSizeRel|x64
		{79532ADD-FF92-3A51-B403-E1625856B2DB}.MinSizeRel|x86.ActiveCfg = MinSizeRel|x64
		{79532ADD-FF92-3A51-B403-E1625856B2DB}.Release|Any CPU.ActiveCfg = Release|x64
		{79532ADD-FF92-3A51-B403-E1625856B2DB}.Release|x64.ActiveCfg = Release|x64
		{79532ADD-FF92-3A51-B403-E1625856B2DB}.Release|x64.Build.0 = Release|x64
		{79532ADD-FF92-3A51-B403-E1625856B2DB}.Release|x86.ActiveCfg = Release|x64
		{79532ADD-FF92-3A51-B403-E1625856B2DB}.RelWithDebInfo|Any CPU.ActiveCfg = RelWithDebInfo|x64
		{79532ADD-FF92-3A51-B403-E1625856B2DB}.RelWithDebInfo|x64.ActiveCfg = RelWithDebInfo|x64
		{79532ADD-FF92-3A51-B403-E1625856B2DB}.RelWithDebInfo|x64.Build.0 = RelWithDebInfo|x64
		{79532ADD-FF92-3A51-B403-E1625856B2DB}.RelWithDebInfo|x86.ActiveCfg = RelWithDebInfo|x64
		{0A986D22-0D5A-3B81-BB3D-BC2413DA4DB7}.Debug|Any CPU.ActiveCfg = Debug|x64
		{0A986D22-0D5A-3B81-BB3D-BC2413DA4DB7}.Debug|x64.ActiveCfg = Debug|x64
		{0A986D22-0D5A-3B81-BB3D-BC2413DA4DB7}.Debug|x64.Build.0 = Debug|x64
		{0A986D22-0D5A-3B81-BB3D-BC2413DA4DB7}.Debug|x86.ActiveCfg = Debug|x64
		{0A986D22-0D5A-3B81-BB3D-BC2413DA4DB7}.MinSizeRel|Any CPU.ActiveCfg = MinSizeRel|x64
		{0A986D22-0D5A-3B81-BB3D-BC2413DA4DB7}.MinSizeRel|x64.ActiveCfg = MinSizeRel|x64
		{0A986D22-0D5A-3B81-BB3D-BC2413DA4DB7}.MinSizeRel|x64.Build.0 = MinSizeRel|x64
		{0A986D22-0D5A-3B81-BB3D-BC2413DA4DB7}.MinSizeRel|x86.ActiveCfg = MinSizeRel|x64
		{0A986D22-0D5A-3B81-BB3D-BC2413DA4DB7}.Release|Any CPU.ActiveCfg = Release|x64
		{0A986D22-0D5A-3B81-BB3D-BC2413DA4DB7}.Release|x64.ActiveCfg = Release|x64
		{0A986D22-0D5A-3B81-BB3D-BC2413DA4DB7}.Release|x64.Build.0 = Release|x64
		{0A986D22-0D5A-3B81-BB3D-BC2413DA4DB7}.Release|x86.ActiveCfg = Release|x64
		{0A986D22-0D5A-3B81-BB3D-BC2413DA4DB7}.RelWithDebInfo|Any CPU.ActiveCfg = RelWithDebInfo|x64
		{0A986D22-0D5A-3B81-BB3D-BC2413DA4DB7}.RelWithDebInfo|x64.ActiveCfg = RelWithDebInfo|x64
		{0A986D22-0D5A-3B81-BB3D-BC2413DA4DB7}.RelWithDebInfo|x64.Build.0 = RelWithDebInfo|x64
		{0A986D22-0D5A-3B81-BB3D-BC2413DA4DB7}.RelWithDebInfo|x86.ActiveCfg = RelWithDebInfo|x64
		{F6796644-473C-3B79-B854-C7E495593AFB}.Debug|Any CPU.ActiveCfg = Debug|x64
		{F6796644-473C-3B79-B854-C7E495593AFB}.Debug|x64.ActiveCfg = Debug|x64
		{F6796644-473C-3B79-B854-C7E495593AFB}.Debug|x64.Build.0 = Debug|x64
		{F6796644-473C-3B79-B854-C7E495593AFB}.Debug|x86.ActiveCfg = Debug|x64
		{F6796644-473C-3B79-B854-C7E495593AFB}.MinSizeRel|Any CPU.ActiveCfg = MinSizeRel|x64
		{F6796644-473C-3B79-B854-C7E495593AFB}.MinSizeRel|x64.ActiveCfg = MinSizeRel|x64
		{F6796644-473C-3B79-B854-C7E495593AFB}.MinSizeRel|x64.Build.0 = MinSizeRel|x64
		{F6796644-473C-3B79-B854-C7E495593AFB}.MinSizeRel|x86.ActiveCfg = MinSizeRel|x64
		{F6796644-473C-3B79-B854-C7E495593AFB}.Release|Any CPU.ActiveCfg = Release|x64
		{F6796644-473C-3B79-B854-C7E495593AFB}.Release|x64.ActiveCfg = Release|x64
		{F6796644-473C-3B79-B854-C7E495593AFB}.Release|x64.Build.0 = Release|x64
		{F6796644-473C-3B79-B854-C7E495593AFB}.Release|x86.ActiveCfg = Release|x64
		{F6796644-473C-3B79-B854-C7E495593AFB}.RelWithDebInfo|Any CPU.ActiveCfg = RelWithDebInfo|x64
		{F6796644-473C-3B79-B854-C7E495593AFB}.RelWithDebInfo|x64.ActiveCfg = RelWithDebInfo|x64
		{F6796644-473C-3B79-B854-C7E495593AFB}.RelWithDebInfo|x64.Build.0 = RelWithDebInfo|x64
		{F6796644-473C-3B79-B854-C7E495593AFB}.RelWithDebInfo|x86.ActiveCfg = RelWithDebInfo|x64
		{FAEC83D4-9701-39DE-AADE-C689F35500F2}.Debug|Any CPU.ActiveCfg = Debug|x64
		{FAEC83D4-9701-39DE-AADE-C689F35500F2}.Debug|x64.ActiveCfg = Debug|x64
		{FAEC83D4-9701-39DE-AADE-C689F35500F2}.Debug|x64.Build.0 = Debug|x64
		{FAEC83D4-9701-39DE-AADE-C689F35500F2}.Debug|x86.ActiveCfg = Debug|x64
		{FAEC83D4-9701-39DE-AADE-C689F35500F2}.MinSizeRel|Any CPU.ActiveCfg = MinSizeRel|x64
		{FAEC83D4-9701-39DE-AADE-C689F35500F2}.MinSizeRel|x64.ActiveCfg = MinSizeRel|x64
		{FAEC83D4-9701-39DE-AADE-C689F35500F2}.MinSizeRel|x64.Build.0 = MinSizeRel|x64
		{FAEC83D4-9701-39DE-AADE-C689F35500F2}.MinSizeRel|x86.ActiveCfg = MinSizeRel|x64
		{FAEC83D4-9701-39DE-AADE-C689F35500F2}.Release|Any CPU.ActiveCfg = Release|x64
		{FAEC83D4-9701-39DE-AADE-C689F35500F2}.Release|x64.ActiveCfg = Release|x64
		{FAEC83D4-9701-39DE-AADE-C689F35500F2}.Release|x64.Build.0 = Release|x64
		{FAEC83D4-9701-39DE-AADE-C689F35500F2}.Release|x86.ActiveCfg = Release|x64
		{FAEC83D4-9701-39DE-AADE-C689F35500F2}.RelWithDebInfo|Any CPU.ActiveCfg = RelWithDebInfo|x64
		{FAEC83D4-9701-39DE-AADE-C689F35500F2}.RelWithDebInfo|x64.ActiveCfg = RelWithDebInfo|x64
		{FAEC83D4-9701-39DE-AADE-C689F35500F2}.RelWithDebInfo|x64.Build.0 = RelWithDebInfo|x64
		{FAEC83D4-9701-39DE-AADE-C689F35500F2}.RelWithDebInfo|x86.ActiveCfg = RelWithDebInfo|x64
		{D9F4E28D-B56D-3A16-82B0-550C58DD959A}.Debug|Any CPU.ActiveCfg = Debug|x64
		{D9F4E28D-B56D-3A16-82B0-550C58DD959A}.Debug|x64.ActiveCfg = Debug|x64
		{D9F4E28D-B56D-3A16-82B0-550C58DD959A}.Debug|x64.Build.0 = Debug|x64
		{D9F4E28D-B56D-3A16-82B0-550C58DD959A}.Debug|x86.ActiveCfg = Debug|x64
		{D9F4E28D-B56D-3A16-82B0-550C58DD959A}.MinSizeRel|Any CPU.ActiveCfg = MinSizeRel|x64
		{D9F4E28D-B56D-3A16-82B0-550C58DD959A}.MinSizeRel|x64.ActiveCfg = MinSizeRel|x64
		{D9F4E28D-B56D-3A16-82B0-550C58DD959A}.MinSizeRel|x64.Build.0 = MinSizeRel|x64
		{D9F4E28D-B56D-3A16-82B0-550C58DD959A}.MinSizeRel|x86.ActiveCfg = MinSizeRel|x64
		{D9F4E28D-B56D-3A16-82B0-550C58DD959A}.Release|Any CPU.ActiveCfg = Release|x64
		{D9F4E28D-B56D-3A16-82B0-550C58DD959A}.Release|x64.ActiveCfg = Release|x64
		{D9F4E28D-B56D-3A16-82B0-550C58DD959A}.Release|x64.Build.0 = Release|x64
		{D9F4E28D-B56D-3A16-82B0-550C58DD959A}.Release|x86.ActiveCfg = Release|x64
		{D9F4E28D-B56D-3A16-82B0-550C58DD959A}.RelWithDebInfo|Any CPU.ActiveCfg = RelWithDebInfo|x64
		{D9F4E28D-B56D-3A16-82B0-550C58DD959A}.RelWithDebInfo|x64.ActiveCfg = RelWithDebInfo|x64
		{D9F4E28D-B56D-3A16-82B0-550C58DD959A}.RelWithDebInfo|x64.Build.0 = RelWithDebInfo|x64
		{D9F4E28D-B56D-3A16-82B0-550C58DD959A}.RelWithDebInfo|x86.ActiveCfg = RelWithDebInfo|x64
		{3A733A6C-4469-3DE8-ADD0-A0C6DEB25158}.Debug|Any CPU.ActiveCfg = Debug|x64
		{3A733A6C-4469-3DE8-ADD0-A0C6DEB25158}.Debug|x64.ActiveCfg = Debug|x64
		{3A733A6C-4469-3DE8-ADD0-A0C6DEB25158}.Debug|x64.Build.0 = Debug|x64
		{3A733A6C-4469-3DE8-ADD0-A0C6DEB25158}.Debug|x86.ActiveCfg = Debug|x64
		{3A733A6C-4469-3DE8-ADD0-A0C6DEB25158}.MinSizeRel|Any CPU.ActiveCfg = MinSizeRel|x64
		{3A733A6C-4469-3DE8-ADD0-A0C6DEB25158}.MinSizeRel|x64.ActiveCfg = MinSizeRel|x64
		{3A733A6C-4469-3DE8-ADD0-A0C6DEB25158}.MinSizeRel|x64.Build.0 = MinSizeRel|x64
		{3A733A6C-4469-3DE8-ADD0-A0C6DEB25158}.MinSizeRel|x86.ActiveCfg = MinSizeRel|x64
		{3A733A6C-4469-3DE8-ADD0-A0C6DEB25158}.Release|Any CPU.ActiveCfg = Release|x64
		{3A733A6C-4469-3DE8-ADD0-A0C6DEB25158}.Release|x64.ActiveCfg = Release|x64
		{3A733A6C-4469-3DE8-ADD0-A0C6DEB25158}.Release|x64.Build.0 = Release|x64
		{3A733A6C-4469-3DE8-ADD0-A0C6DEB25158}.Release|x86.ActiveCfg = Release|x64
		{3A733A6C-4469-3DE8-ADD0-A0C6DEB25158}.RelWithDebInfo|Any CPU.ActiveCfg = RelWithDebInfo|x64
		{3A733A6C-4469-3DE8-ADD0-A0C6DEB25158}.RelWithDebInfo|x64.ActiveCfg = RelWithDebInfo|x64
		{3A733A6C-4469-3DE8-ADD0-A0C6DEB25158}.RelWithDebInfo|x64.Build.0 = RelWithDebInfo|x64
		{3A733A6C-4469-3DE8-ADD0-A0C6DEB25158}.RelWithDebInfo|x86.ActiveCfg = RelWithDebInfo|x64
		{62BE3723-9E3B-3F80-8434-054A8D276F59}.Debug|Any CPU.ActiveCfg = Debug|x64
		{62BE3723-9E3B-3F80-8434-054A8D276F59}.Debug|x64.ActiveCfg = Debug|x64
		{62BE3723-9E3B-3F80-8434-054A8D276F59}.Debug|x64.Build.0 = Debug|x64
		{62BE3723-9E3B-3F80-8434-054A8D276F59}.Debug|x86.ActiveCfg = Debug|x64
		{62BE3723-9E3B-3F80-8434-054A8D276F59}.MinSizeRel|Any CPU.ActiveCfg = MinSizeRel|x64
		{62BE3723-9E3B-3F80-8434-054A8D276F59}.MinSizeRel|x64.ActiveCfg = MinSizeRel|x64
		{62BE3723-9E3B-3F80-8434-054A8D276F59}.MinSizeRel|x64.Build.0 = MinSizeRel|x64
		{62BE3723-9E3B-3F80-8434-054A8D276F59}.MinSizeRel|x86.ActiveCfg = MinSizeRel|x64
		{62BE3723-9E3B-3F80-8434-054A8D276F59}.Release|Any CPU.ActiveCfg = Release|x64
		{62BE3723-9E3B-3F80-8434-054A8D276F59}.Release|x64.ActiveCfg = Release|x64
		{62BE3723-9E3B-3F80-8434-054A8D276F59}.Release|x64.Build.0 = Release|x64
		{62BE3723-9E3B-3F80-8434-054A8D276F59}.Release|x86.ActiveCfg = Release|x64
		{62BE3723-9E3B-3F80-8434-054A8D276F59}.RelWithDebInfo|Any CPU.ActiveCfg = RelWithDebInfo|x64
		{62BE3723-9E3B-3F80-8434-054A8D276F59}.RelWithDebInfo|x64.ActiveCfg = RelWithDebInfo|x64
		{62BE3723-9E3B-3F80-8434-054A8D276F59}.RelWithDebInfo|x64.Build.0 = RelWithDebInfo|x64
		{62BE3723-9E3B-3F80-8434-054A8D276F59}.RelWithDebInfo|x86.ActiveCfg = RelWithDebInfo|x64
		{34F37397-5F41-3F9D-B68E-2F719DF9D8E1}.Debug|Any CPU.ActiveCfg = Debug|x64
		{34F37397-5F41-3F9D-B68E-2F719DF9D8E1}.Debug|x64.ActiveCfg = Debug|x64
		{34F37397-5F41-3F9D-B68E-2F719DF9D8E1}.Debug|x64.Build.0 = Debug|x64
		{34F37397-5F41-3F9D-B68E-2F719DF9D8E1}.Debug|x86.ActiveCfg = Debug|x64
		{34F37397-5F41-3F9D-B68E-2F719DF9D8E1}.MinSizeRel|Any CPU.ActiveCfg = MinSizeRel|x64
		{34F37397-5F41-3F9D-B68E-2F719DF9D8E1}.MinSizeRel|x64.ActiveCfg = MinSizeRel|x64
		{34F37397-5F41-3F9D-B68E-2F719DF9D8E1}.MinSizeRel|x64.Build.0 = MinSizeRel|x64
		{34F37397-5F41-3F9D-B68E-2F719DF9D8E1}.MinSizeRel|x86.ActiveCfg = MinSizeRel|x64
		{34F37397-5F41-3F9D-B68E-2F719DF9D8E1}.Release|Any CPU.ActiveCfg = Release|x64
		{34F37397-5F41-3F9D-B68E-2F719DF9D8E1}.Release|x64.ActiveCfg = Release|x64
		{34F37397-5F41-3F9D-B68E-2F719DF9D8E1}.Release|x64.Build.0 = Release|x64
		{34F37397-5F41-3F9D-B68E-2F719DF9D8E1}.Release|x86.ActiveCfg = Release|x64
		{34F37397-5F41-3F9D-B68E-2F719DF9D8E1}.RelWithDebInfo|Any CPU.ActiveCfg = RelWithDebInfo|x64
		{34F37397-5F41-3F9D-B68E-2F719DF9D8E1}.RelWithDebInfo|x64.ActiveCfg = RelWithDebInfo|x64
		{34F37397-5F41-3F9D-B68E-2F719DF9D8E1}.RelWithDebInfo|x64.Build.0 = RelWithDebInfo|x64
		{34F37397-5F41-3F9D-B68E-2F719DF9D8E1}.RelWithDebInfo|x86.ActiveCfg = RelWithDebInfo|x64
		{72743F8E-84C9-3C63-9458-94F7E470034E}.Debug|Any CPU.ActiveCfg = Debug|x64
		{72743F8E-84C9-3C63-9458-94F7E470034E}.Debug|x64.ActiveCfg = Debug|x64
		{72743F8E-84C9-3C63-9458-94F7E470034E}.Debug|x64.Build.0 = Debug|x64
		{72743F8E-84C9-3C63-9458-94F7E470034E}.Debug|x86.ActiveCfg = Debug|x64
		{72743F8E-84C9-3C63-9458-94F7E470034E}.MinSizeRel|Any CPU.ActiveCfg = MinSizeRel|x64
		{72743F8E-84C9-3C63-9458-94F7E470034E}.MinSizeRel|x64.ActiveCfg = MinSizeRel|x64
		{72743F8E-84C9-3C63-9458-94F7E470034E}.MinSizeRel|x64.Build.0 = MinSizeRel|x64
		{72743F8E-84C9-3C63-9458-94F7E470034E}.MinSizeRel|x86.ActiveCfg = MinSizeRel|x64
		{72743F8E-84C9-3C63-9458-94F7E470034E}.Release|Any CPU.ActiveCfg = Release|x64
		{72743F8E-84C9-3C63-9458-94F7E470034E}.Release|x64.ActiveCfg = Release|x64
		{72743F8E-84C9-3C63-9458-94F7E470034E}.Release|x64.Build.0 = Release|x64
		{72743F8E-84C9-3C63-9458-94F7E470034E}.Release|x86.ActiveCfg = Release|x64
		{72743F8E-84C9-3C63-9458-94F7E470034E}.RelWithDebInfo|Any CPU.ActiveCfg = RelWithDebInfo|x64
		{72743F8E-84C9-3C63-9458-94F7E470034E}.RelWithDebInfo|x64.ActiveCfg = RelWithDebInfo|x64
		{72743F8E-84C9-3C63-9458-94F7E470034E}.RelWithDebInfo|x64.Build.0 = RelWithDebInfo|x64
		{72743F8E-84C9-3C63-9458-94F7E470034E}.RelWithDebInfo|x86.ActiveCfg = RelWithDebInfo|x64
		{8BD0A0AA-301C-3726-B5B8-B27A6B73D85C}.Debug|Any CPU.ActiveCfg = Debug|x64
		{8BD0A0AA-301C-3726-B5B8-B27A6B73D85C}.Debug|x64.ActiveCfg = Debug|x64
		{8BD0A0AA-301C-3726-B5B8-B27A6B73D85C}.Debug|x64.Build.0 = Debug|x64
		{8BD0A0AA-301C-3726-B5B8-B27A6B73D85C}.Debug|x86.ActiveCfg = Debug|x64
		{8BD0A0AA-301C-3726-B5B8-B27A6B73D85C}.MinSizeRel|Any CPU.ActiveCfg = MinSizeRel|x64
		{8BD0A0AA-301C-3726-B5B8-B27A6B73D85C}.MinSizeRel|x64.ActiveCfg = MinSizeRel|x64
		{8BD0A0AA-301C-3726-B5B8-B27A6B73D85C}.MinSizeRel|x64.Build.0 = MinSizeRel|x64
		{8BD0A0AA-301C-3726-B5B8-B27A6B73D85C}.MinSizeRel|x86.ActiveCfg = MinSizeRel|x64
		{8BD0A0AA-301C-3726-B5B8-B27A6B73D85C}.Release|Any CPU.ActiveCfg = Release|x64
		{8BD0A0AA-301C-3726-B5B8-B27A6B73D85C}.Release|x64.ActiveCfg = Release|x64
		{8BD0A0AA-301C-3726-B5B8-B27A6B73D85C}.Release|x64.Build.0 = Release|x64
		{8BD0A0AA-301C-3726-B5B8-B27A6B73D85C}.Release|x86.ActiveCfg = Release|x64
		{8BD0A0AA-301C-3726-B5B8-B27A6B73D85C}.RelWithDebInfo|Any CPU.ActiveCfg = RelWithDebInfo|x64
		{8BD0A0AA-301C-3726-B5B8-B27A6B73D85C}.RelWithDebInfo|x64.ActiveCfg = RelWithDebInfo|x64
		{8BD0A0AA-301C-3726-B5B8-B27A6B73D85C}.RelWithDebInfo|x64.Build.0 = RelWithDebInfo|x64
		{8BD0A0AA-301C-3726-B5B8-B27A6B73D85C}.RelWithDebInfo|x86.ActiveCfg = RelWithDebInfo|x64
		{DEA195E3-58EA-39CE-AAC9-69DFFD4334C9}.Debug|Any CPU.ActiveCfg = Debug|x64
		{DEA195E3-58EA-39CE-AAC9-69DFFD4334C9}.Debug|x64.ActiveCfg = Debug|x64
		{DEA195E3-58EA-39CE-AAC9-69DFFD4334C9}.Debug|x64.Build.0 = Debug|x64
		{DEA195E3-58EA-39CE-AAC9-69DFFD4334C9}.Debug|x86.ActiveCfg = Debug|x64
		{DEA195E3-58EA-39CE-AAC9-69DFFD4334C9}.MinSizeRel|Any CPU.ActiveCfg = MinSizeRel|x64
		{DEA195E3-58EA-39CE-AAC9-69DFFD4334C9}.MinSizeRel|x64.ActiveCfg = MinSizeRel|x64
		{DEA195E3-58EA-39CE-AAC9-69DFFD4334C9}.MinSizeRel|x64.Build.0 = MinSizeRel|x64
		{DEA195E3-58EA-39CE-AAC9-69DFFD4334C9}.MinSizeRel|x86.ActiveCfg = MinSizeRel|x64
		{DEA195E3-58EA-39CE-AAC9-69DFFD4334C9}.Release|Any CPU.ActiveCfg = Release|x64
		{DEA195E3-58EA-39CE-AAC9-69DFFD4334C9}.Release|x64.ActiveCfg = Release|x64
		{DEA195E3-58EA-39CE-AAC9-69DFFD4334C9}.Release|x64.Build.0 = Release|x64
		{DEA195E3-58EA-39CE-AAC9-69DFFD4334C9}.Release|x86.ActiveCfg = Release|x64
		{DEA195E3-58EA-39CE-AAC9-69DFFD4334C9}.RelWithDebInfo|Any CPU.ActiveCfg = RelWithDebInfo|x64
		{DEA195E3-58EA-39CE-AAC9-69DFFD4334C9}.RelWithDebInfo|x64.ActiveCfg = RelWithDebInfo|x64
		{DEA195E3-58EA-39CE-AAC9-69DFFD4334C9}.RelWithDebInfo|x64.Build.0 = RelWithDebInfo|x64
		{DEA195E3-58EA-39CE-AAC9-69DFFD4334C9}.RelWithDebInfo|x86.ActiveCfg = RelWithDebInfo|x64
		{73820396-0E28-3538-B473-9CCCF2F13B2B}.Debug|Any CPU.ActiveCfg = Debug|x64
		{73820396-0E28-3538-B473-9CCCF2F13B2B}.Debug|x64.ActiveCfg = Debug|x64
		{73820396-0E28-3538-B473-9CCCF2F13B2B}.Debug|x64.Build.0 = Debug|x64
		{73820396-0E28-3538-B473-9CCCF2F13B2B}.Debug|x86.ActiveCfg = Debug|x64
		{73820396-0E28-3538-B473-9CCCF2F13B2B}.MinSizeRel|Any CPU.ActiveCfg = MinSizeRel|x64
		{73820396-0E28-3538-B473-9CCCF2F13B2B}.MinSizeRel|x64.ActiveCfg = MinSizeRel|x64
		{73820396-0E28-3538-B473-9CCCF2F13B2B}.MinSizeRel|x64.Build.0 = MinSizeRel|x64
		{73820396-0E28-3538-B473-9CCCF2F13B2B}.MinSizeRel|x86.ActiveCfg = MinSizeRel|x64
		{73820396-0E28-3538-B473-9CCCF2F13B2B}.Release|Any CPU.ActiveCfg = Release|x64
		{73820396-0E28-3538-B473-9CCCF2F13B2B}.Release|x64.ActiveCfg = Release|x64
		{73820396-0E28-3538-B473-9CCCF2F13B2B}.Release|x64.Build.0 = Release|x64
		{73820396-0E28-3538-B473-9CCCF2F13B2B}.Release|x86.ActiveCfg = Release|x64
		{73820396-0E28-3538-B473-9CCCF2F13B2B}.RelWithDebInfo|Any CPU.ActiveCfg = RelWithDebInfo|x64
		{73820396-0E28-3538-B473-9CCCF2F13B2B}.RelWithDebInfo|x64.ActiveCfg = RelWithDebInfo|x64
		{73820396-0E28-3538-B473-9CCCF2F13B2B}.RelWithDebInfo|x64.Build.0 = RelWithDebInfo|x64
		{73820396-0E28-3538-B473-9CCCF2F13B2B}.RelWithDebInfo|x86.ActiveCfg = RelWithDebInfo|x64
		{5D9047FF-745F-3F40-97A2-2FB49BCC4AF1}.Debug|Any CPU.ActiveCfg = Debug|x64
		{5D9047FF-745F-3F40-97A2-2FB49BCC4AF1}.Debug|x64.ActiveCfg = Debug|x64
		{5D9047FF-745F-3F40-97A2-2FB49BCC4AF1}.Debug|x64.Build.0 = Debug|x64
		{5D9047FF-745F-3F40-97A2-2FB49BCC4AF1}.Debug|x86.ActiveCfg = Debug|x64
		{5D9047FF-745F-3F40-97A2-2FB49BCC4AF1}.MinSizeRel|Any CPU.ActiveCfg = MinSizeRel|x64
		{5D9047FF-745F-3F40-97A2-2FB49BCC4AF1}.MinSizeRel|x64.ActiveCfg = MinSizeRel|x64
		{5D9047FF-745F-3F40-97A2-2FB49BCC4AF1}.MinSizeRel|x64.Build.0 = MinSizeRel|x64
		{5D9047FF-745F-3F40-97A2-2FB49BCC4AF1}.MinSizeRel|x86.ActiveCfg = MinSizeRel|x64
		{5D9047FF-745F-3F40-97A2-2FB49BCC4AF1}.Release|Any CPU.ActiveCfg = Release|x64
		{5D9047FF-745F-3F40-97A2-2FB49BCC4AF1}.Release|x64.ActiveCfg = Release|x64
		{5D9047FF-745F-3F40-97A2-2FB49BCC4AF1}.Release|x64.Build.0 = Release|x64
		{5D9047FF-745F-3F40-97A2-2FB49BCC4AF1}.Release|x86.ActiveCfg = Release|x64
		{5D9047FF-745F-3F40-97A2-2FB49BCC4AF1}.RelWithDebInfo|Any CPU.ActiveCfg = RelWithDebInfo|x64
		{5D9047FF-745F-3F40-97A2-2FB49BCC4AF1}.RelWithDebInfo|x64.ActiveCfg = RelWithDebInfo|x64
		{5D9047FF-745F-3F40-97A2-2FB49BCC4AF1}.RelWithDebInfo|x64.Build.0 = RelWithDebInfo|x64
		{5D9047FF-745F-3F40-97A2-2FB49BCC4AF1}.RelWithDebInfo|x86.ActiveCfg = RelWithDebInfo|x64
		{D5366E71-AF66-40C4-9CEF-E2E19F7A1E25}.Debug|Any CPU.ActiveCfg = Debug|Any CPU
		{D5366E71-AF66-40C4-9CEF-E2E19F7A1E25}.Debug|Any CPU.Build.0 = Debug|Any CPU
		{D5366E71-AF66-40C4-9CEF-E2E19F7A1E25}.Debug|x64.ActiveCfg = Debug|Any CPU
		{D5366E71-AF66-40C4-9CEF-E2E19F7A1E25}.Debug|x64.Build.0 = Debug|Any CPU
		{D5366E71-AF66-40C4-9CEF-E2E19F7A1E25}.Debug|x86.ActiveCfg = Debug|Any CPU
		{D5366E71-AF66-40C4-9CEF-E2E19F7A1E25}.Debug|x86.Build.0 = Debug|Any CPU
		{D5366E71-AF66-40C4-9CEF-E2E19F7A1E25}.MinSizeRel|Any CPU.ActiveCfg = Release|Any CPU
		{D5366E71-AF66-40C4-9CEF-E2E19F7A1E25}.MinSizeRel|Any CPU.Build.0 = Release|Any CPU
		{D5366E71-AF66-40C4-9CEF-E2E19F7A1E25}.MinSizeRel|x64.ActiveCfg = Release|Any CPU
		{D5366E71-AF66-40C4-9CEF-E2E19F7A1E25}.MinSizeRel|x64.Build.0 = Release|Any CPU
		{D5366E71-AF66-40C4-9CEF-E2E19F7A1E25}.MinSizeRel|x86.ActiveCfg = Release|Any CPU
		{D5366E71-AF66-40C4-9CEF-E2E19F7A1E25}.MinSizeRel|x86.Build.0 = Release|Any CPU
		{D5366E71-AF66-40C4-9CEF-E2E19F7A1E25}.Release|Any CPU.ActiveCfg = Release|Any CPU
		{D5366E71-AF66-40C4-9CEF-E2E19F7A1E25}.Release|Any CPU.Build.0 = Release|Any CPU
		{D5366E71-AF66-40C4-9CEF-E2E19F7A1E25}.Release|x64.ActiveCfg = Release|Any CPU
		{D5366E71-AF66-40C4-9CEF-E2E19F7A1E25}.Release|x64.Build.0 = Release|Any CPU
		{D5366E71-AF66-40C4-9CEF-E2E19F7A1E25}.Release|x86.ActiveCfg = Release|Any CPU
		{D5366E71-AF66-40C4-9CEF-E2E19F7A1E25}.Release|x86.Build.0 = Release|Any CPU
		{D5366E71-AF66-40C4-9CEF-E2E19F7A1E25}.RelWithDebInfo|Any CPU.ActiveCfg = Release|Any CPU
		{D5366E71-AF66-40C4-9CEF-E2E19F7A1E25}.RelWithDebInfo|Any CPU.Build.0 = Release|Any CPU
		{D5366E71-AF66-40C4-9CEF-E2E19F7A1E25}.RelWithDebInfo|x64.ActiveCfg = Release|Any CPU
		{D5366E71-AF66-40C4-9CEF-E2E19F7A1E25}.RelWithDebInfo|x64.Build.0 = Release|Any CPU
		{D5366E71-AF66-40C4-9CEF-E2E19F7A1E25}.RelWithDebInfo|x86.ActiveCfg = Release|Any CPU
		{D5366E71-AF66-40C4-9CEF-E2E19F7A1E25}.RelWithDebInfo|x86.Build.0 = Release|Any CPU
		{DECA7CA7-3583-4E4B-996F-F78BBE0836BA}.Debug|Any CPU.ActiveCfg = Debug|Any CPU
		{DECA7CA7-3583-4E4B-996F-F78BBE0836BA}.Debug|Any CPU.Build.0 = Debug|Any CPU
		{DECA7CA7-3583-4E4B-996F-F78BBE0836BA}.Debug|x64.ActiveCfg = Debug|Any CPU
		{DECA7CA7-3583-4E4B-996F-F78BBE0836BA}.Debug|x64.Build.0 = Debug|Any CPU
		{DECA7CA7-3583-4E4B-996F-F78BBE0836BA}.Debug|x86.ActiveCfg = Debug|Any CPU
		{DECA7CA7-3583-4E4B-996F-F78BBE0836BA}.Debug|x86.Build.0 = Debug|Any CPU
		{DECA7CA7-3583-4E4B-996F-F78BBE0836BA}.MinSizeRel|Any CPU.ActiveCfg = Release|Any CPU
		{DECA7CA7-3583-4E4B-996F-F78BBE0836BA}.MinSizeRel|Any CPU.Build.0 = Release|Any CPU
		{DECA7CA7-3583-4E4B-996F-F78BBE0836BA}.MinSizeRel|x64.ActiveCfg = Release|Any CPU
		{DECA7CA7-3583-4E4B-996F-F78BBE0836BA}.MinSizeRel|x64.Build.0 = Release|Any CPU
		{DECA7CA7-3583-4E4B-996F-F78BBE0836BA}.MinSizeRel|x86.ActiveCfg = Release|Any CPU
		{DECA7CA7-3583-4E4B-996F-F78BBE0836BA}.MinSizeRel|x86.Build.0 = Release|Any CPU
		{DECA7CA7-3583-4E4B-996F-F78BBE0836BA}.Release|Any CPU.ActiveCfg = Release|Any CPU
		{DECA7CA7-3583-4E4B-996F-F78BBE0836BA}.Release|Any CPU.Build.0 = Release|Any CPU
		{DECA7CA7-3583-4E4B-996F-F78BBE0836BA}.Release|x64.ActiveCfg = Release|Any CPU
		{DECA7CA7-3583-4E4B-996F-F78BBE0836BA}.Release|x64.Build.0 = Release|Any CPU
		{DECA7CA7-3583-4E4B-996F-F78BBE0836BA}.Release|x86.ActiveCfg = Release|Any CPU
		{DECA7CA7-3583-4E4B-996F-F78BBE0836BA}.Release|x86.Build.0 = Release|Any CPU
		{DECA7CA7-3583-4E4B-996F-F78BBE0836BA}.RelWithDebInfo|Any CPU.ActiveCfg = Release|Any CPU
		{DECA7CA7-3583-4E4B-996F-F78BBE0836BA}.RelWithDebInfo|Any CPU.Build.0 = Release|Any CPU
		{DECA7CA7-3583-4E4B-996F-F78BBE0836BA}.RelWithDebInfo|x64.ActiveCfg = Release|Any CPU
		{DECA7CA7-3583-4E4B-996F-F78BBE0836BA}.RelWithDebInfo|x64.Build.0 = Release|Any CPU
		{DECA7CA7-3583-4E4B-996F-F78BBE0836BA}.RelWithDebInfo|x86.ActiveCfg = Release|Any CPU
		{DECA7CA7-3583-4E4B-996F-F78BBE0836BA}.RelWithDebInfo|x86.Build.0 = Release|Any CPU
	EndGlobalSection
	GlobalSection(SolutionProperties) = preSolution
		HideSolutionNode = FALSE
	EndGlobalSection
	GlobalSection(ExtensibilityGlobals) = postSolution
		SolutionGuid = {FE9B7F0C-747B-4738-A6DE-D631C74F3067}
	EndGlobalSection
EndGlobal
