
Microsoft Visual Studio Solution File, Format Version 12.00
# Visual Studio Version 16
VisualStudioVersion = 16.0.29403.142
MinimumVisualStudioVersion = 10.0.40219.1
Project("{8BC9CEB8-8B4A-11D0-8D11-00A0C91BC942}") = "MoravaEngine", "MoravaEngine\MoravaEngine.vcxproj", "{FABCD75E-496E-4408-B31C-D45E7D0DFC7A}"
	ProjectSection(ProjectDependencies) = postProject
		{9B0428B6-B9D3-4ED1-A1A0-E1A44FDE1F48} = {9B0428B6-B9D3-4ED1-A1A0-E1A44FDE1F48}
	EndProjectSection
EndProject
Project("{8BC9CEB8-8B4A-11D0-8D11-00A0C91BC942}") = "assimp", "vendor\cross-platform\assimp\code\assimp.vcxproj", "{6F4E19E3-5F04-362E-9D5F-975F7CAE80EA}"
EndProject
Project("{8BC9CEB8-8B4A-11D0-8D11-00A0C91BC942}") = "zlibstatic", "vendor\cross-platform\assimp\contrib\zlib\zlibstatic.vcxproj", "{1CC30D3E-AC56-33BE-A975-70E357E3336D}"
EndProject
Project("{8BC9CEB8-8B4A-11D0-8D11-00A0C91BC942}") = "IrrXML", "vendor\cross-platform\assimp\contrib\irrXML\IrrXML.vcxproj", "{B64924B0-5123-32A0-8AD2-F6B6068BE913}"
EndProject
Project("{8BC9CEB8-8B4A-11D0-8D11-00A0C91BC942}") = "BulletDynamics", "MoravaEngine\build\BulletDynamics.vcxproj", "{12039B04-5F3A-314C-AB5E-3C288FC55780}"
EndProject
Project("{8BC9CEB8-8B4A-11D0-8D11-00A0C91BC942}") = "BulletCollision", "MoravaEngine\build\BulletCollision.vcxproj", "{762DB3BC-314A-32A0-B4DA-73C29BD01E2E}"
EndProject
Project("{8BC9CEB8-8B4A-11D0-8D11-00A0C91BC942}") = "LinearMath", "MoravaEngine\build\LinearMath.vcxproj", "{DDD67A01-5D6E-3A88-94D1-32E1C4895EF1}"
EndProject
Project("{8BC9CEB8-8B4A-11D0-8D11-00A0C91BC942}") = "glfw", "vendor\cross-platform\glfw\src\glfw.vcxproj", "{B24B1DBB-8361-3DD6-BDEC-D39A27A8CFE7}"
EndProject
Project("{9A19103F-16F7-4668-BE54-9A1E7A4F7556}") = "HangmanScript", "MoravaEngine\Projects\HangmanScript\HangmanScript.csproj", "{9B0428B6-B9D3-4ED1-A1A0-E1A44FDE1F48}"
EndProject
Project("{8BC9CEB8-8B4A-11D0-8D11-00A0C91BC942}") = "SPIRV-Cross", "MoravaEngine\build\SPIRV-Cross.vcxproj", "{2B897151-D2C7-3F22-8621-6C9D277AD804}"
EndProject
Project("{8BC9CEB8-8B4A-11D0-8D11-00A0C91BC942}") = "spirv-cross-core", "MoravaEngine\build\spirv-cross-core.vcxproj", "{61EC5F9C-B87D-334E-9F8B-89881F38D290}"
EndProject
Project("{8BC9CEB8-8B4A-11D0-8D11-00A0C91BC942}") = "spirv-cross-cpp", "MoravaEngine\build\spirv-cross-cpp.vcxproj", "{F6481B21-1B73-3D35-884B-A124B24DF896}"
EndProject
Project("{8BC9CEB8-8B4A-11D0-8D11-00A0C91BC942}") = "spirv-cross-glsl", "MoravaEngine\build\spirv-cross-glsl.vcxproj", "{1651FB9E-1729-39BF-8C74-6BA1D2D1D0F3}"
EndProject
Project("{8BC9CEB8-8B4A-11D0-8D11-00A0C91BC942}") = "spirv-cross-hlsl", "MoravaEngine\build\spirv-cross-hlsl.vcxproj", "{8E364C87-39A5-3206-9EB0-52DDF760B4B2}"
EndProject
Project("{8BC9CEB8-8B4A-11D0-8D11-00A0C91BC942}") = "spirv-cross-msl", "MoravaEngine\build\spirv-cross-msl.vcxproj", "{73230A6D-187C-37C5-A32E-AF5FA748FAF2}"
EndProject
Project("{8BC9CEB8-8B4A-11D0-8D11-00A0C91BC942}") = "spirv-cross-reflect", "MoravaEngine\build\spirv-cross-reflect.vcxproj", "{D469E48A-73E1-3B4D-874E-412AD80C93B4}"
EndProject
Project("{8BC9CEB8-8B4A-11D0-8D11-00A0C91BC942}") = "spirv-cross-util", "MoravaEngine\build\spirv-cross-util.vcxproj", "{A01FC13C-E465-3214-8296-20D9EAF091DF}"
EndProject
Project("{8BC9CEB8-8B4A-11D0-8D11-00A0C91BC942}") = "box2d", "MoravaEngine\build\box2d.vcxproj", "{697AEF2E-30F2-34E4-83F4-3FBF5B4A98FB}"
EndProject
Project("{8BC9CEB8-8B4A-11D0-8D11-00A0C91BC942}") = "shaderc", "MoravaEngine\build\shaderc.vcxproj", "{5AC0D096-E4A9-3E8E-999F-56021DEDF9D0}"
EndProject
Project("{8BC9CEB8-8B4A-11D0-8D11-00A0C91BC942}") = "yaml-cpp", "MoravaEngine\build\yaml-cpp.vcxproj", "{728811D3-F020-3197-8154-1FD68E82CBBC}"
EndProject
Global
	GlobalSection(SolutionConfigurationPlatforms) = preSolution
		Debug|Any CPU = Debug|Any CPU
		Debug|ARM64 = Debug|ARM64
		Debug|x64 = Debug|x64
		Debug|x86 = Debug|x86
		Dist|Any CPU = Dist|Any CPU
		Dist|ARM64 = Dist|ARM64
		Dist|x64 = Dist|x64
		Dist|x86 = Dist|x86
		MinSizeRel|Any CPU = MinSizeRel|Any CPU
		MinSizeRel|ARM64 = MinSizeRel|ARM64
		MinSizeRel|x64 = MinSizeRel|x64
		MinSizeRel|x86 = MinSizeRel|x86
		Profile|Any CPU = Profile|Any CPU
		Profile|ARM64 = Profile|ARM64
		Profile|x64 = Profile|x64
		Profile|x86 = Profile|x86
		Release|Any CPU = Release|Any CPU
		Release|ARM64 = Release|ARM64
		Release|x64 = Release|x64
		Release|x86 = Release|x86
		RelWithDebInfo|Any CPU = RelWithDebInfo|Any CPU
		RelWithDebInfo|ARM64 = RelWithDebInfo|ARM64
		RelWithDebInfo|x64 = RelWithDebInfo|x64
		RelWithDebInfo|x86 = RelWithDebInfo|x86
	EndGlobalSection
	GlobalSection(ProjectConfigurationPlatforms) = postSolution
		{FABCD75E-496E-4408-B31C-D45E7D0DFC7A}.Debug|Any CPU.ActiveCfg = Debug|x64
		{FABCD75E-496E-4408-B31C-D45E7D0DFC7A}.Debug|ARM64.ActiveCfg = Debug|x64
		{FABCD75E-496E-4408-B31C-D45E7D0DFC7A}.Debug|x64.ActiveCfg = Debug|x64
		{FABCD75E-496E-4408-B31C-D45E7D0DFC7A}.Debug|x64.Build.0 = Debug|x64
		{FABCD75E-496E-4408-B31C-D45E7D0DFC7A}.Debug|x86.ActiveCfg = Debug|x64
		{FABCD75E-496E-4408-B31C-D45E7D0DFC7A}.Dist|Any CPU.ActiveCfg = Release|x64
		{FABCD75E-496E-4408-B31C-D45E7D0DFC7A}.Dist|Any CPU.Build.0 = Release|x64
		{FABCD75E-496E-4408-B31C-D45E7D0DFC7A}.Dist|ARM64.ActiveCfg = Release|x64
		{FABCD75E-496E-4408-B31C-D45E7D0DFC7A}.Dist|ARM64.Build.0 = Release|x64
		{FABCD75E-496E-4408-B31C-D45E7D0DFC7A}.Dist|x64.ActiveCfg = Debug|x64
		{FABCD75E-496E-4408-B31C-D45E7D0DFC7A}.Dist|x64.Build.0 = Debug|x64
		{FABCD75E-496E-4408-B31C-D45E7D0DFC7A}.Dist|x86.ActiveCfg = Release|x64
		{FABCD75E-496E-4408-B31C-D45E7D0DFC7A}.Dist|x86.Build.0 = Release|x64
		{FABCD75E-496E-4408-B31C-D45E7D0DFC7A}.MinSizeRel|Any CPU.ActiveCfg = Release|x64
		{FABCD75E-496E-4408-B31C-D45E7D0DFC7A}.MinSizeRel|Any CPU.Build.0 = Release|x64
		{FABCD75E-496E-4408-B31C-D45E7D0DFC7A}.MinSizeRel|ARM64.ActiveCfg = Release|x64
		{FABCD75E-496E-4408-B31C-D45E7D0DFC7A}.MinSizeRel|ARM64.Build.0 = Release|x64
		{FABCD75E-496E-4408-B31C-D45E7D0DFC7A}.MinSizeRel|x64.ActiveCfg = Release|x64
		{FABCD75E-496E-4408-B31C-D45E7D0DFC7A}.MinSizeRel|x64.Build.0 = Release|x64
		{FABCD75E-496E-4408-B31C-D45E7D0DFC7A}.MinSizeRel|x86.ActiveCfg = Release|x64
		{FABCD75E-496E-4408-B31C-D45E7D0DFC7A}.MinSizeRel|x86.Build.0 = Release|x64
		{FABCD75E-496E-4408-B31C-D45E7D0DFC7A}.Profile|Any CPU.ActiveCfg = Release|x64
		{FABCD75E-496E-4408-B31C-D45E7D0DFC7A}.Profile|Any CPU.Build.0 = Release|x64
		{FABCD75E-496E-4408-B31C-D45E7D0DFC7A}.Profile|ARM64.ActiveCfg = Release|x64
		{FABCD75E-496E-4408-B31C-D45E7D0DFC7A}.Profile|ARM64.Build.0 = Release|x64
		{FABCD75E-496E-4408-B31C-D45E7D0DFC7A}.Profile|x64.ActiveCfg = Release|x64
		{FABCD75E-496E-4408-B31C-D45E7D0DFC7A}.Profile|x64.Build.0 = Release|x64
		{FABCD75E-496E-4408-B31C-D45E7D0DFC7A}.Profile|x86.ActiveCfg = Release|x64
		{FABCD75E-496E-4408-B31C-D45E7D0DFC7A}.Profile|x86.Build.0 = Release|x64
		{FABCD75E-496E-4408-B31C-D45E7D0DFC7A}.Release|Any CPU.ActiveCfg = Release|x64
		{FABCD75E-496E-4408-B31C-D45E7D0DFC7A}.Release|ARM64.ActiveCfg = Release|x64
		{FABCD75E-496E-4408-B31C-D45E7D0DFC7A}.Release|x64.ActiveCfg = Release|x64
		{FABCD75E-496E-4408-B31C-D45E7D0DFC7A}.Release|x64.Build.0 = Release|x64
		{FABCD75E-496E-4408-B31C-D45E7D0DFC7A}.Release|x86.ActiveCfg = Release|x64
		{FABCD75E-496E-4408-B31C-D45E7D0DFC7A}.RelWithDebInfo|Any CPU.ActiveCfg = Release|x64
		{FABCD75E-496E-4408-B31C-D45E7D0DFC7A}.RelWithDebInfo|Any CPU.Build.0 = Release|x64
		{FABCD75E-496E-4408-B31C-D45E7D0DFC7A}.RelWithDebInfo|ARM64.ActiveCfg = Release|x64
		{FABCD75E-496E-4408-B31C-D45E7D0DFC7A}.RelWithDebInfo|ARM64.Build.0 = Release|x64
		{FABCD75E-496E-4408-B31C-D45E7D0DFC7A}.RelWithDebInfo|x64.ActiveCfg = Release|x64
		{FABCD75E-496E-4408-B31C-D45E7D0DFC7A}.RelWithDebInfo|x64.Build.0 = Release|x64
		{FABCD75E-496E-4408-B31C-D45E7D0DFC7A}.RelWithDebInfo|x86.ActiveCfg = Release|x64
		{FABCD75E-496E-4408-B31C-D45E7D0DFC7A}.RelWithDebInfo|x86.Build.0 = Release|x64
		{6F4E19E3-5F04-362E-9D5F-975F7CAE80EA}.Debug|Any CPU.ActiveCfg = Debug|x64
		{6F4E19E3-5F04-362E-9D5F-975F7CAE80EA}.Debug|ARM64.ActiveCfg = Debug|x64
		{6F4E19E3-5F04-362E-9D5F-975F7CAE80EA}.Debug|x64.ActiveCfg = Debug|x64
		{6F4E19E3-5F04-362E-9D5F-975F7CAE80EA}.Debug|x64.Build.0 = Debug|x64
		{6F4E19E3-5F04-362E-9D5F-975F7CAE80EA}.Debug|x86.ActiveCfg = Debug|x64
		{6F4E19E3-5F04-362E-9D5F-975F7CAE80EA}.Dist|Any CPU.ActiveCfg = RelWithDebInfo|x64
		{6F4E19E3-5F04-362E-9D5F-975F7CAE80EA}.Dist|Any CPU.Build.0 = RelWithDebInfo|x64
		{6F4E19E3-5F04-362E-9D5F-975F7CAE80EA}.Dist|ARM64.ActiveCfg = Release|x64
		{6F4E19E3-5F04-362E-9D5F-975F7CAE80EA}.Dist|ARM64.Build.0 = Release|x64
		{6F4E19E3-5F04-362E-9D5F-975F7CAE80EA}.Dist|x64.ActiveCfg = Debug|x64
		{6F4E19E3-5F04-362E-9D5F-975F7CAE80EA}.Dist|x64.Build.0 = Debug|x64
		{6F4E19E3-5F04-362E-9D5F-975F7CAE80EA}.Dist|x86.ActiveCfg = Release|x64
		{6F4E19E3-5F04-362E-9D5F-975F7CAE80EA}.Dist|x86.Build.0 = Release|x64
		{6F4E19E3-5F04-362E-9D5F-975F7CAE80EA}.MinSizeRel|Any CPU.ActiveCfg = MinSizeRel|x64
		{6F4E19E3-5F04-362E-9D5F-975F7CAE80EA}.MinSizeRel|ARM64.ActiveCfg = MinSizeRel|x64
		{6F4E19E3-5F04-362E-9D5F-975F7CAE80EA}.MinSizeRel|x64.ActiveCfg = MinSizeRel|x64
		{6F4E19E3-5F04-362E-9D5F-975F7CAE80EA}.MinSizeRel|x64.Build.0 = MinSizeRel|x64
		{6F4E19E3-5F04-362E-9D5F-975F7CAE80EA}.MinSizeRel|x86.ActiveCfg = MinSizeRel|x64
		{6F4E19E3-5F04-362E-9D5F-975F7CAE80EA}.Profile|Any CPU.ActiveCfg = Release|x64
		{6F4E19E3-5F04-362E-9D5F-975F7CAE80EA}.Profile|Any CPU.Build.0 = Release|x64
		{6F4E19E3-5F04-362E-9D5F-975F7CAE80EA}.Profile|ARM64.ActiveCfg = Release|x64
		{6F4E19E3-5F04-362E-9D5F-975F7CAE80EA}.Profile|ARM64.Build.0 = Release|x64
		{6F4E19E3-5F04-362E-9D5F-975F7CAE80EA}.Profile|x64.ActiveCfg = Release|x64
		{6F4E19E3-5F04-362E-9D5F-975F7CAE80EA}.Profile|x64.Build.0 = Release|x64
		{6F4E19E3-5F04-362E-9D5F-975F7CAE80EA}.Profile|x86.ActiveCfg = Release|x64
		{6F4E19E3-5F04-362E-9D5F-975F7CAE80EA}.Profile|x86.Build.0 = Release|x64
		{6F4E19E3-5F04-362E-9D5F-975F7CAE80EA}.Release|Any CPU.ActiveCfg = Release|x64
		{6F4E19E3-5F04-362E-9D5F-975F7CAE80EA}.Release|ARM64.ActiveCfg = Release|x64
		{6F4E19E3-5F04-362E-9D5F-975F7CAE80EA}.Release|x64.ActiveCfg = Release|x64
		{6F4E19E3-5F04-362E-9D5F-975F7CAE80EA}.Release|x64.Build.0 = Release|x64
		{6F4E19E3-5F04-362E-9D5F-975F7CAE80EA}.Release|x86.ActiveCfg = Release|x64
		{6F4E19E3-5F04-362E-9D5F-975F7CAE80EA}.RelWithDebInfo|Any CPU.ActiveCfg = RelWithDebInfo|x64
		{6F4E19E3-5F04-362E-9D5F-975F7CAE80EA}.RelWithDebInfo|ARM64.ActiveCfg = RelWithDebInfo|x64
		{6F4E19E3-5F04-362E-9D5F-975F7CAE80EA}.RelWithDebInfo|x64.ActiveCfg = RelWithDebInfo|x64
		{6F4E19E3-5F04-362E-9D5F-975F7CAE80EA}.RelWithDebInfo|x64.Build.0 = RelWithDebInfo|x64
		{6F4E19E3-5F04-362E-9D5F-975F7CAE80EA}.RelWithDebInfo|x86.ActiveCfg = RelWithDebInfo|x64
		{1CC30D3E-AC56-33BE-A975-70E357E3336D}.Debug|Any CPU.ActiveCfg = Debug|x64
		{1CC30D3E-AC56-33BE-A975-70E357E3336D}.Debug|ARM64.ActiveCfg = Debug|x64
		{1CC30D3E-AC56-33BE-A975-70E357E3336D}.Debug|x64.ActiveCfg = Debug|x64
		{1CC30D3E-AC56-33BE-A975-70E357E3336D}.Debug|x64.Build.0 = Debug|x64
		{1CC30D3E-AC56-33BE-A975-70E357E3336D}.Debug|x86.ActiveCfg = Debug|x64
		{1CC30D3E-AC56-33BE-A975-70E357E3336D}.Dist|Any CPU.ActiveCfg = RelWithDebInfo|x64
		{1CC30D3E-AC56-33BE-A975-70E357E3336D}.Dist|Any CPU.Build.0 = RelWithDebInfo|x64
		{1CC30D3E-AC56-33BE-A975-70E357E3336D}.Dist|ARM64.ActiveCfg = Release|x64
		{1CC30D3E-AC56-33BE-A975-70E357E3336D}.Dist|ARM64.Build.0 = Release|x64
		{1CC30D3E-AC56-33BE-A975-70E357E3336D}.Dist|x64.ActiveCfg = Debug|x64
		{1CC30D3E-AC56-33BE-A975-70E357E3336D}.Dist|x64.Build.0 = Debug|x64
		{1CC30D3E-AC56-33BE-A975-70E357E3336D}.Dist|x86.ActiveCfg = Release|x64
		{1CC30D3E-AC56-33BE-A975-70E357E3336D}.Dist|x86.Build.0 = Release|x64
		{1CC30D3E-AC56-33BE-A975-70E357E3336D}.MinSizeRel|Any CPU.ActiveCfg = MinSizeRel|x64
		{1CC30D3E-AC56-33BE-A975-70E357E3336D}.MinSizeRel|ARM64.ActiveCfg = MinSizeRel|x64
		{1CC30D3E-AC56-33BE-A975-70E357E3336D}.MinSizeRel|x64.ActiveCfg = MinSizeRel|x64
		{1CC30D3E-AC56-33BE-A975-70E357E3336D}.MinSizeRel|x64.Build.0 = MinSizeRel|x64
		{1CC30D3E-AC56-33BE-A975-70E357E3336D}.MinSizeRel|x86.ActiveCfg = MinSizeRel|x64
		{1CC30D3E-AC56-33BE-A975-70E357E3336D}.Profile|Any CPU.ActiveCfg = Release|x64
		{1CC30D3E-AC56-33BE-A975-70E357E3336D}.Profile|Any CPU.Build.0 = Release|x64
		{1CC30D3E-AC56-33BE-A975-70E357E3336D}.Profile|ARM64.ActiveCfg = Release|x64
		{1CC30D3E-AC56-33BE-A975-70E357E3336D}.Profile|ARM64.Build.0 = Release|x64
		{1CC30D3E-AC56-33BE-A975-70E357E3336D}.Profile|x64.ActiveCfg = Release|x64
		{1CC30D3E-AC56-33BE-A975-70E357E3336D}.Profile|x64.Build.0 = Release|x64
		{1CC30D3E-AC56-33BE-A975-70E357E3336D}.Profile|x86.ActiveCfg = Release|x64
		{1CC30D3E-AC56-33BE-A975-70E357E3336D}.Profile|x86.Build.0 = Release|x64
		{1CC30D3E-AC56-33BE-A975-70E357E3336D}.Release|Any CPU.ActiveCfg = Release|x64
		{1CC30D3E-AC56-33BE-A975-70E357E3336D}.Release|ARM64.ActiveCfg = Release|x64
		{1CC30D3E-AC56-33BE-A975-70E357E3336D}.Release|x64.ActiveCfg = Release|x64
		{1CC30D3E-AC56-33BE-A975-70E357E3336D}.Release|x64.Build.0 = Release|x64
		{1CC30D3E-AC56-33BE-A975-70E357E3336D}.Release|x86.ActiveCfg = Release|x64
		{1CC30D3E-AC56-33BE-A975-70E357E3336D}.RelWithDebInfo|Any CPU.ActiveCfg = RelWithDebInfo|x64
		{1CC30D3E-AC56-33BE-A975-70E357E3336D}.RelWithDebInfo|ARM64.ActiveCfg = RelWithDebInfo|x64
		{1CC30D3E-AC56-33BE-A975-70E357E3336D}.RelWithDebInfo|x64.ActiveCfg = RelWithDebInfo|x64
		{1CC30D3E-AC56-33BE-A975-70E357E3336D}.RelWithDebInfo|x64.Build.0 = RelWithDebInfo|x64
		{1CC30D3E-AC56-33BE-A975-70E357E3336D}.RelWithDebInfo|x86.ActiveCfg = RelWithDebInfo|x64
		{B64924B0-5123-32A0-8AD2-F6B6068BE913}.Debug|Any CPU.ActiveCfg = Debug|x64
		{B64924B0-5123-32A0-8AD2-F6B6068BE913}.Debug|ARM64.ActiveCfg = Debug|x64
		{B64924B0-5123-32A0-8AD2-F6B6068BE913}.Debug|x64.ActiveCfg = Debug|x64
		{B64924B0-5123-32A0-8AD2-F6B6068BE913}.Debug|x64.Build.0 = Debug|x64
		{B64924B0-5123-32A0-8AD2-F6B6068BE913}.Debug|x86.ActiveCfg = Debug|x64
		{B64924B0-5123-32A0-8AD2-F6B6068BE913}.Dist|Any CPU.ActiveCfg = RelWithDebInfo|x64
		{B64924B0-5123-32A0-8AD2-F6B6068BE913}.Dist|Any CPU.Build.0 = RelWithDebInfo|x64
		{B64924B0-5123-32A0-8AD2-F6B6068BE913}.Dist|ARM64.ActiveCfg = Release|x64
		{B64924B0-5123-32A0-8AD2-F6B6068BE913}.Dist|ARM64.Build.0 = Release|x64
		{B64924B0-5123-32A0-8AD2-F6B6068BE913}.Dist|x64.ActiveCfg = Debug|x64
		{B64924B0-5123-32A0-8AD2-F6B6068BE913}.Dist|x64.Build.0 = Debug|x64
		{B64924B0-5123-32A0-8AD2-F6B6068BE913}.Dist|x86.ActiveCfg = Release|x64
		{B64924B0-5123-32A0-8AD2-F6B6068BE913}.Dist|x86.Build.0 = Release|x64
		{B64924B0-5123-32A0-8AD2-F6B6068BE913}.MinSizeRel|Any CPU.ActiveCfg = MinSizeRel|x64
		{B64924B0-5123-32A0-8AD2-F6B6068BE913}.MinSizeRel|ARM64.ActiveCfg = MinSizeRel|x64
		{B64924B0-5123-32A0-8AD2-F6B6068BE913}.MinSizeRel|x64.ActiveCfg = MinSizeRel|x64
		{B64924B0-5123-32A0-8AD2-F6B6068BE913}.MinSizeRel|x64.Build.0 = MinSizeRel|x64
		{B64924B0-5123-32A0-8AD2-F6B6068BE913}.MinSizeRel|x86.ActiveCfg = MinSizeRel|x64
		{B64924B0-5123-32A0-8AD2-F6B6068BE913}.Profile|Any CPU.ActiveCfg = Release|x64
		{B64924B0-5123-32A0-8AD2-F6B6068BE913}.Profile|Any CPU.Build.0 = Release|x64
		{B64924B0-5123-32A0-8AD2-F6B6068BE913}.Profile|ARM64.ActiveCfg = Release|x64
		{B64924B0-5123-32A0-8AD2-F6B6068BE913}.Profile|ARM64.Build.0 = Release|x64
		{B64924B0-5123-32A0-8AD2-F6B6068BE913}.Profile|x64.ActiveCfg = Release|x64
		{B64924B0-5123-32A0-8AD2-F6B6068BE913}.Profile|x64.Build.0 = Release|x64
		{B64924B0-5123-32A0-8AD2-F6B6068BE913}.Profile|x86.ActiveCfg = Release|x64
		{B64924B0-5123-32A0-8AD2-F6B6068BE913}.Profile|x86.Build.0 = Release|x64
		{B64924B0-5123-32A0-8AD2-F6B6068BE913}.Release|Any CPU.ActiveCfg = Release|x64
		{B64924B0-5123-32A0-8AD2-F6B6068BE913}.Release|ARM64.ActiveCfg = Release|x64
		{B64924B0-5123-32A0-8AD2-F6B6068BE913}.Release|x64.ActiveCfg = Release|x64
		{B64924B0-5123-32A0-8AD2-F6B6068BE913}.Release|x64.Build.0 = Release|x64
		{B64924B0-5123-32A0-8AD2-F6B6068BE913}.Release|x86.ActiveCfg = Release|x64
		{B64924B0-5123-32A0-8AD2-F6B6068BE913}.RelWithDebInfo|Any CPU.ActiveCfg = RelWithDebInfo|x64
		{B64924B0-5123-32A0-8AD2-F6B6068BE913}.RelWithDebInfo|ARM64.ActiveCfg = RelWithDebInfo|x64
		{B64924B0-5123-32A0-8AD2-F6B6068BE913}.RelWithDebInfo|x64.ActiveCfg = RelWithDebInfo|x64
		{B64924B0-5123-32A0-8AD2-F6B6068BE913}.RelWithDebInfo|x64.Build.0 = RelWithDebInfo|x64
		{B64924B0-5123-32A0-8AD2-F6B6068BE913}.RelWithDebInfo|x86.ActiveCfg = RelWithDebInfo|x64
		{12039B04-5F3A-314C-AB5E-3C288FC55780}.Debug|Any CPU.ActiveCfg = Debug|x64
		{12039B04-5F3A-314C-AB5E-3C288FC55780}.Debug|ARM64.ActiveCfg = Debug|x64
		{12039B04-5F3A-314C-AB5E-3C288FC55780}.Debug|x64.ActiveCfg = Debug|x64
		{12039B04-5F3A-314C-AB5E-3C288FC55780}.Debug|x64.Build.0 = Debug|x64
		{12039B04-5F3A-314C-AB5E-3C288FC55780}.Debug|x86.ActiveCfg = Debug|x64
		{12039B04-5F3A-314C-AB5E-3C288FC55780}.Dist|Any CPU.ActiveCfg = RelWithDebInfo|x64
		{12039B04-5F3A-314C-AB5E-3C288FC55780}.Dist|Any CPU.Build.0 = RelWithDebInfo|x64
		{12039B04-5F3A-314C-AB5E-3C288FC55780}.Dist|ARM64.ActiveCfg = Release|x64
		{12039B04-5F3A-314C-AB5E-3C288FC55780}.Dist|ARM64.Build.0 = Release|x64
		{12039B04-5F3A-314C-AB5E-3C288FC55780}.Dist|x64.ActiveCfg = Debug|x64
		{12039B04-5F3A-314C-AB5E-3C288FC55780}.Dist|x64.Build.0 = Debug|x64
		{12039B04-5F3A-314C-AB5E-3C288FC55780}.Dist|x86.ActiveCfg = Release|x64
		{12039B04-5F3A-314C-AB5E-3C288FC55780}.Dist|x86.Build.0 = Release|x64
		{12039B04-5F3A-314C-AB5E-3C288FC55780}.MinSizeRel|Any CPU.ActiveCfg = MinSizeRel|x64
		{12039B04-5F3A-314C-AB5E-3C288FC55780}.MinSizeRel|ARM64.ActiveCfg = MinSizeRel|x64
		{12039B04-5F3A-314C-AB5E-3C288FC55780}.MinSizeRel|x64.ActiveCfg = MinSizeRel|x64
		{12039B04-5F3A-314C-AB5E-3C288FC55780}.MinSizeRel|x64.Build.0 = MinSizeRel|x64
		{12039B04-5F3A-314C-AB5E-3C288FC55780}.MinSizeRel|x86.ActiveCfg = MinSizeRel|x64
		{12039B04-5F3A-314C-AB5E-3C288FC55780}.Profile|Any CPU.ActiveCfg = Release|x64
		{12039B04-5F3A-314C-AB5E-3C288FC55780}.Profile|Any CPU.Build.0 = Release|x64
		{12039B04-5F3A-314C-AB5E-3C288FC55780}.Profile|ARM64.ActiveCfg = Release|x64
		{12039B04-5F3A-314C-AB5E-3C288FC55780}.Profile|ARM64.Build.0 = Release|x64
		{12039B04-5F3A-314C-AB5E-3C288FC55780}.Profile|x64.ActiveCfg = Release|x64
		{12039B04-5F3A-314C-AB5E-3C288FC55780}.Profile|x64.Build.0 = Release|x64
		{12039B04-5F3A-314C-AB5E-3C288FC55780}.Profile|x86.ActiveCfg = Release|x64
		{12039B04-5F3A-314C-AB5E-3C288FC55780}.Profile|x86.Build.0 = Release|x64
		{12039B04-5F3A-314C-AB5E-3C288FC55780}.Release|Any CPU.ActiveCfg = Release|x64
		{12039B04-5F3A-314C-AB5E-3C288FC55780}.Release|ARM64.ActiveCfg = Release|x64
		{12039B04-5F3A-314C-AB5E-3C288FC55780}.Release|x64.ActiveCfg = Release|x64
		{12039B04-5F3A-314C-AB5E-3C288FC55780}.Release|x64.Build.0 = Release|x64
		{12039B04-5F3A-314C-AB5E-3C288FC55780}.Release|x86.ActiveCfg = Release|x64
		{12039B04-5F3A-314C-AB5E-3C288FC55780}.RelWithDebInfo|Any CPU.ActiveCfg = RelWithDebInfo|x64
		{12039B04-5F3A-314C-AB5E-3C288FC55780}.RelWithDebInfo|ARM64.ActiveCfg = RelWithDebInfo|x64
		{12039B04-5F3A-314C-AB5E-3C288FC55780}.RelWithDebInfo|x64.ActiveCfg = RelWithDebInfo|x64
		{12039B04-5F3A-314C-AB5E-3C288FC55780}.RelWithDebInfo|x64.Build.0 = RelWithDebInfo|x64
		{12039B04-5F3A-314C-AB5E-3C288FC55780}.RelWithDebInfo|x86.ActiveCfg = RelWithDebInfo|x64
		{762DB3BC-314A-32A0-B4DA-73C29BD01E2E}.Debug|Any CPU.ActiveCfg = Debug|x64
		{762DB3BC-314A-32A0-B4DA-73C29BD01E2E}.Debug|ARM64.ActiveCfg = Debug|x64
		{762DB3BC-314A-32A0-B4DA-73C29BD01E2E}.Debug|x64.ActiveCfg = Debug|x64
		{762DB3BC-314A-32A0-B4DA-73C29BD01E2E}.Debug|x64.Build.0 = Debug|x64
		{762DB3BC-314A-32A0-B4DA-73C29BD01E2E}.Debug|x86.ActiveCfg = Debug|x64
		{762DB3BC-314A-32A0-B4DA-73C29BD01E2E}.Dist|Any CPU.ActiveCfg = RelWithDebInfo|x64
		{762DB3BC-314A-32A0-B4DA-73C29BD01E2E}.Dist|Any CPU.Build.0 = RelWithDebInfo|x64
		{762DB3BC-314A-32A0-B4DA-73C29BD01E2E}.Dist|ARM64.ActiveCfg = Release|x64
		{762DB3BC-314A-32A0-B4DA-73C29BD01E2E}.Dist|ARM64.Build.0 = Release|x64
		{762DB3BC-314A-32A0-B4DA-73C29BD01E2E}.Dist|x64.ActiveCfg = Debug|x64
		{762DB3BC-314A-32A0-B4DA-73C29BD01E2E}.Dist|x64.Build.0 = Debug|x64
		{762DB3BC-314A-32A0-B4DA-73C29BD01E2E}.Dist|x86.ActiveCfg = Release|x64
		{762DB3BC-314A-32A0-B4DA-73C29BD01E2E}.Dist|x86.Build.0 = Release|x64
		{762DB3BC-314A-32A0-B4DA-73C29BD01E2E}.MinSizeRel|Any CPU.ActiveCfg = MinSizeRel|x64
		{762DB3BC-314A-32A0-B4DA-73C29BD01E2E}.MinSizeRel|ARM64.ActiveCfg = MinSizeRel|x64
		{762DB3BC-314A-32A0-B4DA-73C29BD01E2E}.MinSizeRel|x64.ActiveCfg = MinSizeRel|x64
		{762DB3BC-314A-32A0-B4DA-73C29BD01E2E}.MinSizeRel|x64.Build.0 = MinSizeRel|x64
		{762DB3BC-314A-32A0-B4DA-73C29BD01E2E}.MinSizeRel|x86.ActiveCfg = MinSizeRel|x64
		{762DB3BC-314A-32A0-B4DA-73C29BD01E2E}.Profile|Any CPU.ActiveCfg = Release|x64
		{762DB3BC-314A-32A0-B4DA-73C29BD01E2E}.Profile|Any CPU.Build.0 = Release|x64
		{762DB3BC-314A-32A0-B4DA-73C29BD01E2E}.Profile|ARM64.ActiveCfg = Release|x64
		{762DB3BC-314A-32A0-B4DA-73C29BD01E2E}.Profile|ARM64.Build.0 = Release|x64
		{762DB3BC-314A-32A0-B4DA-73C29BD01E2E}.Profile|x64.ActiveCfg = Release|x64
		{762DB3BC-314A-32A0-B4DA-73C29BD01E2E}.Profile|x64.Build.0 = Release|x64
		{762DB3BC-314A-32A0-B4DA-73C29BD01E2E}.Profile|x86.ActiveCfg = Release|x64
		{762DB3BC-314A-32A0-B4DA-73C29BD01E2E}.Profile|x86.Build.0 = Release|x64
		{762DB3BC-314A-32A0-B4DA-73C29BD01E2E}.Release|Any CPU.ActiveCfg = Release|x64
		{762DB3BC-314A-32A0-B4DA-73C29BD01E2E}.Release|ARM64.ActiveCfg = Release|x64
		{762DB3BC-314A-32A0-B4DA-73C29BD01E2E}.Release|x64.ActiveCfg = Release|x64
		{762DB3BC-314A-32A0-B4DA-73C29BD01E2E}.Release|x64.Build.0 = Release|x64
		{762DB3BC-314A-32A0-B4DA-73C29BD01E2E}.Release|x86.ActiveCfg = Release|x64
		{762DB3BC-314A-32A0-B4DA-73C29BD01E2E}.RelWithDebInfo|Any CPU.ActiveCfg = RelWithDebInfo|x64
		{762DB3BC-314A-32A0-B4DA-73C29BD01E2E}.RelWithDebInfo|ARM64.ActiveCfg = RelWithDebInfo|x64
		{762DB3BC-314A-32A0-B4DA-73C29BD01E2E}.RelWithDebInfo|x64.ActiveCfg = RelWithDebInfo|x64
		{762DB3BC-314A-32A0-B4DA-73C29BD01E2E}.RelWithDebInfo|x64.Build.0 = RelWithDebInfo|x64
		{762DB3BC-314A-32A0-B4DA-73C29BD01E2E}.RelWithDebInfo|x86.ActiveCfg = RelWithDebInfo|x64
		{DDD67A01-5D6E-3A88-94D1-32E1C4895EF1}.Debug|Any CPU.ActiveCfg = Debug|x64
		{DDD67A01-5D6E-3A88-94D1-32E1C4895EF1}.Debug|ARM64.ActiveCfg = Debug|x64
		{DDD67A01-5D6E-3A88-94D1-32E1C4895EF1}.Debug|x64.ActiveCfg = Debug|x64
		{DDD67A01-5D6E-3A88-94D1-32E1C4895EF1}.Debug|x64.Build.0 = Debug|x64
		{DDD67A01-5D6E-3A88-94D1-32E1C4895EF1}.Debug|x86.ActiveCfg = Debug|x64
		{DDD67A01-5D6E-3A88-94D1-32E1C4895EF1}.Dist|Any CPU.ActiveCfg = RelWithDebInfo|x64
		{DDD67A01-5D6E-3A88-94D1-32E1C4895EF1}.Dist|Any CPU.Build.0 = RelWithDebInfo|x64
		{DDD67A01-5D6E-3A88-94D1-32E1C4895EF1}.Dist|ARM64.ActiveCfg = Release|x64
		{DDD67A01-5D6E-3A88-94D1-32E1C4895EF1}.Dist|ARM64.Build.0 = Release|x64
		{DDD67A01-5D6E-3A88-94D1-32E1C4895EF1}.Dist|x64.ActiveCfg = Debug|x64
		{DDD67A01-5D6E-3A88-94D1-32E1C4895EF1}.Dist|x64.Build.0 = Debug|x64
		{DDD67A01-5D6E-3A88-94D1-32E1C4895EF1}.Dist|x86.ActiveCfg = Release|x64
		{DDD67A01-5D6E-3A88-94D1-32E1C4895EF1}.Dist|x86.Build.0 = Release|x64
		{DDD67A01-5D6E-3A88-94D1-32E1C4895EF1}.MinSizeRel|Any CPU.ActiveCfg = MinSizeRel|x64
		{DDD67A01-5D6E-3A88-94D1-32E1C4895EF1}.MinSizeRel|ARM64.ActiveCfg = MinSizeRel|x64
		{DDD67A01-5D6E-3A88-94D1-32E1C4895EF1}.MinSizeRel|x64.ActiveCfg = MinSizeRel|x64
		{DDD67A01-5D6E-3A88-94D1-32E1C4895EF1}.MinSizeRel|x64.Build.0 = MinSizeRel|x64
		{DDD67A01-5D6E-3A88-94D1-32E1C4895EF1}.MinSizeRel|x86.ActiveCfg = MinSizeRel|x64
		{DDD67A01-5D6E-3A88-94D1-32E1C4895EF1}.Profile|Any CPU.ActiveCfg = Release|x64
		{DDD67A01-5D6E-3A88-94D1-32E1C4895EF1}.Profile|Any CPU.Build.0 = Release|x64
		{DDD67A01-5D6E-3A88-94D1-32E1C4895EF1}.Profile|ARM64.ActiveCfg = Release|x64
		{DDD67A01-5D6E-3A88-94D1-32E1C4895EF1}.Profile|ARM64.Build.0 = Release|x64
		{DDD67A01-5D6E-3A88-94D1-32E1C4895EF1}.Profile|x64.ActiveCfg = Release|x64
		{DDD67A01-5D6E-3A88-94D1-32E1C4895EF1}.Profile|x64.Build.0 = Release|x64
		{DDD67A01-5D6E-3A88-94D1-32E1C4895EF1}.Profile|x86.ActiveCfg = Release|x64
		{DDD67A01-5D6E-3A88-94D1-32E1C4895EF1}.Profile|x86.Build.0 = Release|x64
		{DDD67A01-5D6E-3A88-94D1-32E1C4895EF1}.Release|Any CPU.ActiveCfg = Release|x64
		{DDD67A01-5D6E-3A88-94D1-32E1C4895EF1}.Release|ARM64.ActiveCfg = Release|x64
		{DDD67A01-5D6E-3A88-94D1-32E1C4895EF1}.Release|x64.ActiveCfg = Release|x64
		{DDD67A01-5D6E-3A88-94D1-32E1C4895EF1}.Release|x64.Build.0 = Release|x64
		{DDD67A01-5D6E-3A88-94D1-32E1C4895EF1}.Release|x86.ActiveCfg = Release|x64
		{DDD67A01-5D6E-3A88-94D1-32E1C4895EF1}.RelWithDebInfo|Any CPU.ActiveCfg = RelWithDebInfo|x64
		{DDD67A01-5D6E-3A88-94D1-32E1C4895EF1}.RelWithDebInfo|ARM64.ActiveCfg = RelWithDebInfo|x64
		{DDD67A01-5D6E-3A88-94D1-32E1C4895EF1}.RelWithDebInfo|x64.ActiveCfg = RelWithDebInfo|x64
		{DDD67A01-5D6E-3A88-94D1-32E1C4895EF1}.RelWithDebInfo|x64.Build.0 = RelWithDebInfo|x64
		{DDD67A01-5D6E-3A88-94D1-32E1C4895EF1}.RelWithDebInfo|x86.ActiveCfg = RelWithDebInfo|x64
		{B24B1DBB-8361-3DD6-BDEC-D39A27A8CFE7}.Debug|Any CPU.ActiveCfg = Debug|x64
		{B24B1DBB-8361-3DD6-BDEC-D39A27A8CFE7}.Debug|ARM64.ActiveCfg = Debug|x64
		{B24B1DBB-8361-3DD6-BDEC-D39A27A8CFE7}.Debug|x64.ActiveCfg = Debug|x64
		{B24B1DBB-8361-3DD6-BDEC-D39A27A8CFE7}.Debug|x64.Build.0 = Debug|x64
		{B24B1DBB-8361-3DD6-BDEC-D39A27A8CFE7}.Debug|x86.ActiveCfg = Debug|x64
		{B24B1DBB-8361-3DD6-BDEC-D39A27A8CFE7}.Dist|Any CPU.ActiveCfg = RelWithDebInfo|x64
		{B24B1DBB-8361-3DD6-BDEC-D39A27A8CFE7}.Dist|Any CPU.Build.0 = RelWithDebInfo|x64
		{B24B1DBB-8361-3DD6-BDEC-D39A27A8CFE7}.Dist|ARM64.ActiveCfg = Release|x64
		{B24B1DBB-8361-3DD6-BDEC-D39A27A8CFE7}.Dist|ARM64.Build.0 = Release|x64
		{B24B1DBB-8361-3DD6-BDEC-D39A27A8CFE7}.Dist|x64.ActiveCfg = Debug|x64
		{B24B1DBB-8361-3DD6-BDEC-D39A27A8CFE7}.Dist|x64.Build.0 = Debug|x64
		{B24B1DBB-8361-3DD6-BDEC-D39A27A8CFE7}.Dist|x86.ActiveCfg = Release|x64
		{B24B1DBB-8361-3DD6-BDEC-D39A27A8CFE7}.Dist|x86.Build.0 = Release|x64
		{B24B1DBB-8361-3DD6-BDEC-D39A27A8CFE7}.MinSizeRel|Any CPU.ActiveCfg = MinSizeRel|x64
		{B24B1DBB-8361-3DD6-BDEC-D39A27A8CFE7}.MinSizeRel|ARM64.ActiveCfg = MinSizeRel|x64
		{B24B1DBB-8361-3DD6-BDEC-D39A27A8CFE7}.MinSizeRel|x64.ActiveCfg = MinSizeRel|x64
		{B24B1DBB-8361-3DD6-BDEC-D39A27A8CFE7}.MinSizeRel|x64.Build.0 = MinSizeRel|x64
		{B24B1DBB-8361-3DD6-BDEC-D39A27A8CFE7}.MinSizeRel|x86.ActiveCfg = MinSizeRel|x64
		{B24B1DBB-8361-3DD6-BDEC-D39A27A8CFE7}.Profile|Any CPU.ActiveCfg = Release|x64
		{B24B1DBB-8361-3DD6-BDEC-D39A27A8CFE7}.Profile|Any CPU.Build.0 = Release|x64
		{B24B1DBB-8361-3DD6-BDEC-D39A27A8CFE7}.Profile|ARM64.ActiveCfg = Release|x64
		{B24B1DBB-8361-3DD6-BDEC-D39A27A8CFE7}.Profile|ARM64.Build.0 = Release|x64
		{B24B1DBB-8361-3DD6-BDEC-D39A27A8CFE7}.Profile|x64.ActiveCfg = Release|x64
		{B24B1DBB-8361-3DD6-BDEC-D39A27A8CFE7}.Profile|x64.Build.0 = Release|x64
		{B24B1DBB-8361-3DD6-BDEC-D39A27A8CFE7}.Profile|x86.ActiveCfg = Release|x64
		{B24B1DBB-8361-3DD6-BDEC-D39A27A8CFE7}.Profile|x86.Build.0 = Release|x64
		{B24B1DBB-8361-3DD6-BDEC-D39A27A8CFE7}.Release|Any CPU.ActiveCfg = Release|x64
		{B24B1DBB-8361-3DD6-BDEC-D39A27A8CFE7}.Release|ARM64.ActiveCfg = Release|x64
		{B24B1DBB-8361-3DD6-BDEC-D39A27A8CFE7}.Release|x64.ActiveCfg = Release|x64
		{B24B1DBB-8361-3DD6-BDEC-D39A27A8CFE7}.Release|x64.Build.0 = Release|x64
		{B24B1DBB-8361-3DD6-BDEC-D39A27A8CFE7}.Release|x86.ActiveCfg = Release|x64
		{B24B1DBB-8361-3DD6-BDEC-D39A27A8CFE7}.RelWithDebInfo|Any CPU.ActiveCfg = RelWithDebInfo|x64
		{B24B1DBB-8361-3DD6-BDEC-D39A27A8CFE7}.RelWithDebInfo|ARM64.ActiveCfg = RelWithDebInfo|x64
		{B24B1DBB-8361-3DD6-BDEC-D39A27A8CFE7}.RelWithDebInfo|x64.ActiveCfg = RelWithDebInfo|x64
		{B24B1DBB-8361-3DD6-BDEC-D39A27A8CFE7}.RelWithDebInfo|x64.Build.0 = RelWithDebInfo|x64
		{B24B1DBB-8361-3DD6-BDEC-D39A27A8CFE7}.RelWithDebInfo|x86.ActiveCfg = RelWithDebInfo|x64
		{9B0428B6-B9D3-4ED1-A1A0-E1A44FDE1F48}.Debug|Any CPU.ActiveCfg = Debug|Any CPU
		{9B0428B6-B9D3-4ED1-A1A0-E1A44FDE1F48}.Debug|Any CPU.Build.0 = Debug|Any CPU
		{9B0428B6-B9D3-4ED1-A1A0-E1A44FDE1F48}.Debug|ARM64.ActiveCfg = Debug|Any CPU
		{9B0428B6-B9D3-4ED1-A1A0-E1A44FDE1F48}.Debug|ARM64.Build.0 = Debug|Any CPU
		{9B0428B6-B9D3-4ED1-A1A0-E1A44FDE1F48}.Debug|x64.ActiveCfg = Debug|Any CPU
		{9B0428B6-B9D3-4ED1-A1A0-E1A44FDE1F48}.Debug|x64.Build.0 = Debug|Any CPU
		{9B0428B6-B9D3-4ED1-A1A0-E1A44FDE1F48}.Debug|x86.ActiveCfg = Debug|Any CPU
		{9B0428B6-B9D3-4ED1-A1A0-E1A44FDE1F48}.Debug|x86.Build.0 = Debug|Any CPU
		{9B0428B6-B9D3-4ED1-A1A0-E1A44FDE1F48}.Dist|Any CPU.ActiveCfg = Debug|Any CPU
		{9B0428B6-B9D3-4ED1-A1A0-E1A44FDE1F48}.Dist|Any CPU.Build.0 = Debug|Any CPU
		{9B0428B6-B9D3-4ED1-A1A0-E1A44FDE1F48}.Dist|ARM64.ActiveCfg = Debug|Any CPU
		{9B0428B6-B9D3-4ED1-A1A0-E1A44FDE1F48}.Dist|ARM64.Build.0 = Debug|Any CPU
		{9B0428B6-B9D3-4ED1-A1A0-E1A44FDE1F48}.Dist|x64.ActiveCfg = Debug|Any CPU
		{9B0428B6-B9D3-4ED1-A1A0-E1A44FDE1F48}.Dist|x64.Build.0 = Debug|Any CPU
		{9B0428B6-B9D3-4ED1-A1A0-E1A44FDE1F48}.Dist|x86.ActiveCfg = Debug|Any CPU
		{9B0428B6-B9D3-4ED1-A1A0-E1A44FDE1F48}.Dist|x86.Build.0 = Debug|Any CPU
		{9B0428B6-B9D3-4ED1-A1A0-E1A44FDE1F48}.MinSizeRel|Any CPU.ActiveCfg = Release|Any CPU
		{9B0428B6-B9D3-4ED1-A1A0-E1A44FDE1F48}.MinSizeRel|Any CPU.Build.0 = Release|Any CPU
		{9B0428B6-B9D3-4ED1-A1A0-E1A44FDE1F48}.MinSizeRel|ARM64.ActiveCfg = Release|Any CPU
		{9B0428B6-B9D3-4ED1-A1A0-E1A44FDE1F48}.MinSizeRel|ARM64.Build.0 = Release|Any CPU
		{9B0428B6-B9D3-4ED1-A1A0-E1A44FDE1F48}.MinSizeRel|x64.ActiveCfg = Release|Any CPU
		{9B0428B6-B9D3-4ED1-A1A0-E1A44FDE1F48}.MinSizeRel|x64.Build.0 = Release|Any CPU
		{9B0428B6-B9D3-4ED1-A1A0-E1A44FDE1F48}.MinSizeRel|x86.ActiveCfg = Release|Any CPU
		{9B0428B6-B9D3-4ED1-A1A0-E1A44FDE1F48}.MinSizeRel|x86.Build.0 = Release|Any CPU
		{9B0428B6-B9D3-4ED1-A1A0-E1A44FDE1F48}.Profile|Any CPU.ActiveCfg = Release|Any CPU
		{9B0428B6-B9D3-4ED1-A1A0-E1A44FDE1F48}.Profile|Any CPU.Build.0 = Release|Any CPU
		{9B0428B6-B9D3-4ED1-A1A0-E1A44FDE1F48}.Profile|ARM64.ActiveCfg = Release|Any CPU
		{9B0428B6-B9D3-4ED1-A1A0-E1A44FDE1F48}.Profile|ARM64.Build.0 = Release|Any CPU
		{9B0428B6-B9D3-4ED1-A1A0-E1A44FDE1F48}.Profile|x64.ActiveCfg = Release|Any CPU
		{9B0428B6-B9D3-4ED1-A1A0-E1A44FDE1F48}.Profile|x64.Build.0 = Release|Any CPU
		{9B0428B6-B9D3-4ED1-A1A0-E1A44FDE1F48}.Profile|x86.ActiveCfg = Release|Any CPU
		{9B0428B6-B9D3-4ED1-A1A0-E1A44FDE1F48}.Profile|x86.Build.0 = Release|Any CPU
		{9B0428B6-B9D3-4ED1-A1A0-E1A44FDE1F48}.Release|Any CPU.ActiveCfg = Release|Any CPU
		{9B0428B6-B9D3-4ED1-A1A0-E1A44FDE1F48}.Release|Any CPU.Build.0 = Release|Any CPU
		{9B0428B6-B9D3-4ED1-A1A0-E1A44FDE1F48}.Release|ARM64.ActiveCfg = Release|Any CPU
		{9B0428B6-B9D3-4ED1-A1A0-E1A44FDE1F48}.Release|ARM64.Build.0 = Release|Any CPU
		{9B0428B6-B9D3-4ED1-A1A0-E1A44FDE1F48}.Release|x64.ActiveCfg = Release|Any CPU
		{9B0428B6-B9D3-4ED1-A1A0-E1A44FDE1F48}.Release|x64.Build.0 = Release|Any CPU
		{9B0428B6-B9D3-4ED1-A1A0-E1A44FDE1F48}.Release|x86.ActiveCfg = Release|Any CPU
		{9B0428B6-B9D3-4ED1-A1A0-E1A44FDE1F48}.Release|x86.Build.0 = Release|Any CPU
		{9B0428B6-B9D3-4ED1-A1A0-E1A44FDE1F48}.RelWithDebInfo|Any CPU.ActiveCfg = Release|Any CPU
		{9B0428B6-B9D3-4ED1-A1A0-E1A44FDE1F48}.RelWithDebInfo|Any CPU.Build.0 = Release|Any CPU
		{9B0428B6-B9D3-4ED1-A1A0-E1A44FDE1F48}.RelWithDebInfo|ARM64.ActiveCfg = Release|Any CPU
		{9B0428B6-B9D3-4ED1-A1A0-E1A44FDE1F48}.RelWithDebInfo|ARM64.Build.0 = Release|Any CPU
		{9B0428B6-B9D3-4ED1-A1A0-E1A44FDE1F48}.RelWithDebInfo|x64.ActiveCfg = Release|Any CPU
		{9B0428B6-B9D3-4ED1-A1A0-E1A44FDE1F48}.RelWithDebInfo|x64.Build.0 = Release|Any CPU
		{9B0428B6-B9D3-4ED1-A1A0-E1A44FDE1F48}.RelWithDebInfo|x86.ActiveCfg = Release|Any CPU
		{9B0428B6-B9D3-4ED1-A1A0-E1A44FDE1F48}.RelWithDebInfo|x86.Build.0 = Release|Any CPU
		{2B897151-D2C7-3F22-8621-6C9D277AD804}.Debug|Any CPU.ActiveCfg = Debug|x64
		{2B897151-D2C7-3F22-8621-6C9D277AD804}.Debug|ARM64.ActiveCfg = Debug|x64
		{2B897151-D2C7-3F22-8621-6C9D277AD804}.Debug|x64.ActiveCfg = Debug|x64
		{2B897151-D2C7-3F22-8621-6C9D277AD804}.Debug|x64.Build.0 = Debug|x64
		{2B897151-D2C7-3F22-8621-6C9D277AD804}.Debug|x86.ActiveCfg = Debug|x64
		{2B897151-D2C7-3F22-8621-6C9D277AD804}.Dist|Any CPU.ActiveCfg = RelWithDebInfo|x64
		{2B897151-D2C7-3F22-8621-6C9D277AD804}.Dist|Any CPU.Build.0 = RelWithDebInfo|x64
		{2B897151-D2C7-3F22-8621-6C9D277AD804}.Dist|ARM64.ActiveCfg = Release|x64
		{2B897151-D2C7-3F22-8621-6C9D277AD804}.Dist|ARM64.Build.0 = Release|x64
		{2B897151-D2C7-3F22-8621-6C9D277AD804}.Dist|x64.ActiveCfg = Debug|x64
		{2B897151-D2C7-3F22-8621-6C9D277AD804}.Dist|x64.Build.0 = Debug|x64
		{2B897151-D2C7-3F22-8621-6C9D277AD804}.Dist|x86.ActiveCfg = Release|x64
		{2B897151-D2C7-3F22-8621-6C9D277AD804}.Dist|x86.Build.0 = Release|x64
		{2B897151-D2C7-3F22-8621-6C9D277AD804}.MinSizeRel|Any CPU.ActiveCfg = MinSizeRel|x64
		{2B897151-D2C7-3F22-8621-6C9D277AD804}.MinSizeRel|ARM64.ActiveCfg = MinSizeRel|x64
		{2B897151-D2C7-3F22-8621-6C9D277AD804}.MinSizeRel|x64.ActiveCfg = MinSizeRel|x64
		{2B897151-D2C7-3F22-8621-6C9D277AD804}.MinSizeRel|x64.Build.0 = MinSizeRel|x64
		{2B897151-D2C7-3F22-8621-6C9D277AD804}.MinSizeRel|x86.ActiveCfg = MinSizeRel|x64
		{2B897151-D2C7-3F22-8621-6C9D277AD804}.Profile|Any CPU.ActiveCfg = Release|x64
		{2B897151-D2C7-3F22-8621-6C9D277AD804}.Profile|Any CPU.Build.0 = Release|x64
		{2B897151-D2C7-3F22-8621-6C9D277AD804}.Profile|ARM64.ActiveCfg = Release|x64
		{2B897151-D2C7-3F22-8621-6C9D277AD804}.Profile|ARM64.Build.0 = Release|x64
		{2B897151-D2C7-3F22-8621-6C9D277AD804}.Profile|x64.ActiveCfg = Release|x64
		{2B897151-D2C7-3F22-8621-6C9D277AD804}.Profile|x64.Build.0 = Release|x64
		{2B897151-D2C7-3F22-8621-6C9D277AD804}.Profile|x86.ActiveCfg = Release|x64
		{2B897151-D2C7-3F22-8621-6C9D277AD804}.Profile|x86.Build.0 = Release|x64
		{2B897151-D2C7-3F22-8621-6C9D277AD804}.Release|Any CPU.ActiveCfg = Release|x64
		{2B897151-D2C7-3F22-8621-6C9D277AD804}.Release|ARM64.ActiveCfg = Release|x64
		{2B897151-D2C7-3F22-8621-6C9D277AD804}.Release|x64.ActiveCfg = Release|x64
		{2B897151-D2C7-3F22-8621-6C9D277AD804}.Release|x64.Build.0 = Release|x64
		{2B897151-D2C7-3F22-8621-6C9D277AD804}.Release|x86.ActiveCfg = Release|x64
		{2B897151-D2C7-3F22-8621-6C9D277AD804}.RelWithDebInfo|Any CPU.ActiveCfg = RelWithDebInfo|x64
		{2B897151-D2C7-3F22-8621-6C9D277AD804}.RelWithDebInfo|ARM64.ActiveCfg = RelWithDebInfo|x64
		{2B897151-D2C7-3F22-8621-6C9D277AD804}.RelWithDebInfo|x64.ActiveCfg = RelWithDebInfo|x64
		{2B897151-D2C7-3F22-8621-6C9D277AD804}.RelWithDebInfo|x64.Build.0 = RelWithDebInfo|x64
		{2B897151-D2C7-3F22-8621-6C9D277AD804}.RelWithDebInfo|x86.ActiveCfg = RelWithDebInfo|x64
		{61EC5F9C-B87D-334E-9F8B-89881F38D290}.Debug|Any CPU.ActiveCfg = Debug|x64
		{61EC5F9C-B87D-334E-9F8B-89881F38D290}.Debug|ARM64.ActiveCfg = Debug|x64
		{61EC5F9C-B87D-334E-9F8B-89881F38D290}.Debug|x64.ActiveCfg = Debug|x64
		{61EC5F9C-B87D-334E-9F8B-89881F38D290}.Debug|x64.Build.0 = Debug|x64
		{61EC5F9C-B87D-334E-9F8B-89881F38D290}.Debug|x86.ActiveCfg = Debug|x64
		{61EC5F9C-B87D-334E-9F8B-89881F38D290}.Dist|Any CPU.ActiveCfg = RelWithDebInfo|x64
		{61EC5F9C-B87D-334E-9F8B-89881F38D290}.Dist|Any CPU.Build.0 = RelWithDebInfo|x64
		{61EC5F9C-B87D-334E-9F8B-89881F38D290}.Dist|ARM64.ActiveCfg = Release|x64
		{61EC5F9C-B87D-334E-9F8B-89881F38D290}.Dist|ARM64.Build.0 = Release|x64
		{61EC5F9C-B87D-334E-9F8B-89881F38D290}.Dist|x64.ActiveCfg = Debug|x64
		{61EC5F9C-B87D-334E-9F8B-89881F38D290}.Dist|x64.Build.0 = Debug|x64
		{61EC5F9C-B87D-334E-9F8B-89881F38D290}.Dist|x86.ActiveCfg = Release|x64
		{61EC5F9C-B87D-334E-9F8B-89881F38D290}.Dist|x86.Build.0 = Release|x64
		{61EC5F9C-B87D-334E-9F8B-89881F38D290}.MinSizeRel|Any CPU.ActiveCfg = MinSizeRel|x64
		{61EC5F9C-B87D-334E-9F8B-89881F38D290}.MinSizeRel|ARM64.ActiveCfg = MinSizeRel|x64
		{61EC5F9C-B87D-334E-9F8B-89881F38D290}.MinSizeRel|x64.ActiveCfg = MinSizeRel|x64
		{61EC5F9C-B87D-334E-9F8B-89881F38D290}.MinSizeRel|x64.Build.0 = MinSizeRel|x64
		{61EC5F9C-B87D-334E-9F8B-89881F38D290}.MinSizeRel|x86.ActiveCfg = MinSizeRel|x64
		{61EC5F9C-B87D-334E-9F8B-89881F38D290}.Profile|Any CPU.ActiveCfg = Release|x64
		{61EC5F9C-B87D-334E-9F8B-89881F38D290}.Profile|Any CPU.Build.0 = Release|x64
		{61EC5F9C-B87D-334E-9F8B-89881F38D290}.Profile|ARM64.ActiveCfg = Release|x64
		{61EC5F9C-B87D-334E-9F8B-89881F38D290}.Profile|ARM64.Build.0 = Release|x64
		{61EC5F9C-B87D-334E-9F8B-89881F38D290}.Profile|x64.ActiveCfg = Release|x64
		{61EC5F9C-B87D-334E-9F8B-89881F38D290}.Profile|x64.Build.0 = Release|x64
		{61EC5F9C-B87D-334E-9F8B-89881F38D290}.Profile|x86.ActiveCfg = Release|x64
		{61EC5F9C-B87D-334E-9F8B-89881F38D290}.Profile|x86.Build.0 = Release|x64
		{61EC5F9C-B87D-334E-9F8B-89881F38D290}.Release|Any CPU.ActiveCfg = Release|x64
		{61EC5F9C-B87D-334E-9F8B-89881F38D290}.Release|ARM64.ActiveCfg = Release|x64
		{61EC5F9C-B87D-334E-9F8B-89881F38D290}.Release|x64.ActiveCfg = Release|x64
		{61EC5F9C-B87D-334E-9F8B-89881F38D290}.Release|x64.Build.0 = Release|x64
		{61EC5F9C-B87D-334E-9F8B-89881F38D290}.Release|x86.ActiveCfg = Release|x64
		{61EC5F9C-B87D-334E-9F8B-89881F38D290}.RelWithDebInfo|Any CPU.ActiveCfg = RelWithDebInfo|x64
		{61EC5F9C-B87D-334E-9F8B-89881F38D290}.RelWithDebInfo|ARM64.ActiveCfg = RelWithDebInfo|x64
		{61EC5F9C-B87D-334E-9F8B-89881F38D290}.RelWithDebInfo|x64.ActiveCfg = RelWithDebInfo|x64
		{61EC5F9C-B87D-334E-9F8B-89881F38D290}.RelWithDebInfo|x64.Build.0 = RelWithDebInfo|x64
		{61EC5F9C-B87D-334E-9F8B-89881F38D290}.RelWithDebInfo|x86.ActiveCfg = RelWithDebInfo|x64
		{F6481B21-1B73-3D35-884B-A124B24DF896}.Debug|Any CPU.ActiveCfg = Debug|x64
		{F6481B21-1B73-3D35-884B-A124B24DF896}.Debug|ARM64.ActiveCfg = Debug|x64
		{F6481B21-1B73-3D35-884B-A124B24DF896}.Debug|x64.ActiveCfg = Debug|x64
		{F6481B21-1B73-3D35-884B-A124B24DF896}.Debug|x64.Build.0 = Debug|x64
		{F6481B21-1B73-3D35-884B-A124B24DF896}.Debug|x86.ActiveCfg = Debug|x64
		{F6481B21-1B73-3D35-884B-A124B24DF896}.Dist|Any CPU.ActiveCfg = RelWithDebInfo|x64
		{F6481B21-1B73-3D35-884B-A124B24DF896}.Dist|Any CPU.Build.0 = RelWithDebInfo|x64
		{F6481B21-1B73-3D35-884B-A124B24DF896}.Dist|ARM64.ActiveCfg = Release|x64
		{F6481B21-1B73-3D35-884B-A124B24DF896}.Dist|ARM64.Build.0 = Release|x64
		{F6481B21-1B73-3D35-884B-A124B24DF896}.Dist|x64.ActiveCfg = Debug|x64
		{F6481B21-1B73-3D35-884B-A124B24DF896}.Dist|x64.Build.0 = Debug|x64
		{F6481B21-1B73-3D35-884B-A124B24DF896}.Dist|x86.ActiveCfg = Release|x64
		{F6481B21-1B73-3D35-884B-A124B24DF896}.Dist|x86.Build.0 = Release|x64
		{F6481B21-1B73-3D35-884B-A124B24DF896}.MinSizeRel|Any CPU.ActiveCfg = MinSizeRel|x64
		{F6481B21-1B73-3D35-884B-A124B24DF896}.MinSizeRel|ARM64.ActiveCfg = MinSizeRel|x64
		{F6481B21-1B73-3D35-884B-A124B24DF896}.MinSizeRel|x64.ActiveCfg = MinSizeRel|x64
		{F6481B21-1B73-3D35-884B-A124B24DF896}.MinSizeRel|x64.Build.0 = MinSizeRel|x64
		{F6481B21-1B73-3D35-884B-A124B24DF896}.MinSizeRel|x86.ActiveCfg = MinSizeRel|x64
		{F6481B21-1B73-3D35-884B-A124B24DF896}.Profile|Any CPU.ActiveCfg = Release|x64
		{F6481B21-1B73-3D35-884B-A124B24DF896}.Profile|Any CPU.Build.0 = Release|x64
		{F6481B21-1B73-3D35-884B-A124B24DF896}.Profile|ARM64.ActiveCfg = Release|x64
		{F6481B21-1B73-3D35-884B-A124B24DF896}.Profile|ARM64.Build.0 = Release|x64
		{F6481B21-1B73-3D35-884B-A124B24DF896}.Profile|x64.ActiveCfg = Release|x64
		{F6481B21-1B73-3D35-884B-A124B24DF896}.Profile|x64.Build.0 = Release|x64
		{F6481B21-1B73-3D35-884B-A124B24DF896}.Profile|x86.ActiveCfg = Release|x64
		{F6481B21-1B73-3D35-884B-A124B24DF896}.Profile|x86.Build.0 = Release|x64
		{F6481B21-1B73-3D35-884B-A124B24DF896}.Release|Any CPU.ActiveCfg = Release|x64
		{F6481B21-1B73-3D35-884B-A124B24DF896}.Release|ARM64.ActiveCfg = Release|x64
		{F6481B21-1B73-3D35-884B-A124B24DF896}.Release|x64.ActiveCfg = Release|x64
		{F6481B21-1B73-3D35-884B-A124B24DF896}.Release|x64.Build.0 = Release|x64
		{F6481B21-1B73-3D35-884B-A124B24DF896}.Release|x86.ActiveCfg = Release|x64
		{F6481B21-1B73-3D35-884B-A124B24DF896}.RelWithDebInfo|Any CPU.ActiveCfg = RelWithDebInfo|x64
		{F6481B21-1B73-3D35-884B-A124B24DF896}.RelWithDebInfo|ARM64.ActiveCfg = RelWithDebInfo|x64
		{F6481B21-1B73-3D35-884B-A124B24DF896}.RelWithDebInfo|x64.ActiveCfg = RelWithDebInfo|x64
		{F6481B21-1B73-3D35-884B-A124B24DF896}.RelWithDebInfo|x64.Build.0 = RelWithDebInfo|x64
		{F6481B21-1B73-3D35-884B-A124B24DF896}.RelWithDebInfo|x86.ActiveCfg = RelWithDebInfo|x64
		{1651FB9E-1729-39BF-8C74-6BA1D2D1D0F3}.Debug|Any CPU.ActiveCfg = Debug|x64
		{1651FB9E-1729-39BF-8C74-6BA1D2D1D0F3}.Debug|ARM64.ActiveCfg = Debug|x64
		{1651FB9E-1729-39BF-8C74-6BA1D2D1D0F3}.Debug|x64.ActiveCfg = Debug|x64
		{1651FB9E-1729-39BF-8C74-6BA1D2D1D0F3}.Debug|x64.Build.0 = Debug|x64
		{1651FB9E-1729-39BF-8C74-6BA1D2D1D0F3}.Debug|x86.ActiveCfg = Debug|x64
		{1651FB9E-1729-39BF-8C74-6BA1D2D1D0F3}.Dist|Any CPU.ActiveCfg = RelWithDebInfo|x64
		{1651FB9E-1729-39BF-8C74-6BA1D2D1D0F3}.Dist|Any CPU.Build.0 = RelWithDebInfo|x64
		{1651FB9E-1729-39BF-8C74-6BA1D2D1D0F3}.Dist|ARM64.ActiveCfg = Release|x64
		{1651FB9E-1729-39BF-8C74-6BA1D2D1D0F3}.Dist|ARM64.Build.0 = Release|x64
		{1651FB9E-1729-39BF-8C74-6BA1D2D1D0F3}.Dist|x64.ActiveCfg = Debug|x64
		{1651FB9E-1729-39BF-8C74-6BA1D2D1D0F3}.Dist|x64.Build.0 = Debug|x64
		{1651FB9E-1729-39BF-8C74-6BA1D2D1D0F3}.Dist|x86.ActiveCfg = Release|x64
		{1651FB9E-1729-39BF-8C74-6BA1D2D1D0F3}.Dist|x86.Build.0 = Release|x64
		{1651FB9E-1729-39BF-8C74-6BA1D2D1D0F3}.MinSizeRel|Any CPU.ActiveCfg = MinSizeRel|x64
		{1651FB9E-1729-39BF-8C74-6BA1D2D1D0F3}.MinSizeRel|ARM64.ActiveCfg = MinSizeRel|x64
		{1651FB9E-1729-39BF-8C74-6BA1D2D1D0F3}.MinSizeRel|x64.ActiveCfg = MinSizeRel|x64
		{1651FB9E-1729-39BF-8C74-6BA1D2D1D0F3}.MinSizeRel|x64.Build.0 = MinSizeRel|x64
		{1651FB9E-1729-39BF-8C74-6BA1D2D1D0F3}.MinSizeRel|x86.ActiveCfg = MinSizeRel|x64
		{1651FB9E-1729-39BF-8C74-6BA1D2D1D0F3}.Profile|Any CPU.ActiveCfg = Release|x64
		{1651FB9E-1729-39BF-8C74-6BA1D2D1D0F3}.Profile|Any CPU.Build.0 = Release|x64
		{1651FB9E-1729-39BF-8C74-6BA1D2D1D0F3}.Profile|ARM64.ActiveCfg = Release|x64
		{1651FB9E-1729-39BF-8C74-6BA1D2D1D0F3}.Profile|ARM64.Build.0 = Release|x64
		{1651FB9E-1729-39BF-8C74-6BA1D2D1D0F3}.Profile|x64.ActiveCfg = Release|x64
		{1651FB9E-1729-39BF-8C74-6BA1D2D1D0F3}.Profile|x64.Build.0 = Release|x64
		{1651FB9E-1729-39BF-8C74-6BA1D2D1D0F3}.Profile|x86.ActiveCfg = Release|x64
		{1651FB9E-1729-39BF-8C74-6BA1D2D1D0F3}.Profile|x86.Build.0 = Release|x64
		{1651FB9E-1729-39BF-8C74-6BA1D2D1D0F3}.Release|Any CPU.ActiveCfg = Release|x64
		{1651FB9E-1729-39BF-8C74-6BA1D2D1D0F3}.Release|ARM64.ActiveCfg = Release|x64
		{1651FB9E-1729-39BF-8C74-6BA1D2D1D0F3}.Release|x64.ActiveCfg = Release|x64
		{1651FB9E-1729-39BF-8C74-6BA1D2D1D0F3}.Release|x64.Build.0 = Release|x64
		{1651FB9E-1729-39BF-8C74-6BA1D2D1D0F3}.Release|x86.ActiveCfg = Release|x64
		{1651FB9E-1729-39BF-8C74-6BA1D2D1D0F3}.RelWithDebInfo|Any CPU.ActiveCfg = RelWithDebInfo|x64
		{1651FB9E-1729-39BF-8C74-6BA1D2D1D0F3}.RelWithDebInfo|ARM64.ActiveCfg = RelWithDebInfo|x64
		{1651FB9E-1729-39BF-8C74-6BA1D2D1D0F3}.RelWithDebInfo|x64.ActiveCfg = RelWithDebInfo|x64
		{1651FB9E-1729-39BF-8C74-6BA1D2D1D0F3}.RelWithDebInfo|x64.Build.0 = RelWithDebInfo|x64
		{1651FB9E-1729-39BF-8C74-6BA1D2D1D0F3}.RelWithDebInfo|x86.ActiveCfg = RelWithDebInfo|x64
		{8E364C87-39A5-3206-9EB0-52DDF760B4B2}.Debug|Any CPU.ActiveCfg = Debug|x64
		{8E364C87-39A5-3206-9EB0-52DDF760B4B2}.Debug|ARM64.ActiveCfg = Debug|x64
		{8E364C87-39A5-3206-9EB0-52DDF760B4B2}.Debug|x64.ActiveCfg = Debug|x64
		{8E364C87-39A5-3206-9EB0-52DDF760B4B2}.Debug|x64.Build.0 = Debug|x64
		{8E364C87-39A5-3206-9EB0-52DDF760B4B2}.Debug|x86.ActiveCfg = Debug|x64
		{8E364C87-39A5-3206-9EB0-52DDF760B4B2}.Dist|Any CPU.ActiveCfg = RelWithDebInfo|x64
		{8E364C87-39A5-3206-9EB0-52DDF760B4B2}.Dist|Any CPU.Build.0 = RelWithDebInfo|x64
		{8E364C87-39A5-3206-9EB0-52DDF760B4B2}.Dist|ARM64.ActiveCfg = Release|x64
		{8E364C87-39A5-3206-9EB0-52DDF760B4B2}.Dist|ARM64.Build.0 = Release|x64
		{8E364C87-39A5-3206-9EB0-52DDF760B4B2}.Dist|x64.ActiveCfg = Debug|x64
		{8E364C87-39A5-3206-9EB0-52DDF760B4B2}.Dist|x64.Build.0 = Debug|x64
		{8E364C87-39A5-3206-9EB0-52DDF760B4B2}.Dist|x86.ActiveCfg = Release|x64
		{8E364C87-39A5-3206-9EB0-52DDF760B4B2}.Dist|x86.Build.0 = Release|x64
		{8E364C87-39A5-3206-9EB0-52DDF760B4B2}.MinSizeRel|Any CPU.ActiveCfg = MinSizeRel|x64
		{8E364C87-39A5-3206-9EB0-52DDF760B4B2}.MinSizeRel|ARM64.ActiveCfg = MinSizeRel|x64
		{8E364C87-39A5-3206-9EB0-52DDF760B4B2}.MinSizeRel|x64.ActiveCfg = MinSizeRel|x64
		{8E364C87-39A5-3206-9EB0-52DDF760B4B2}.MinSizeRel|x64.Build.0 = MinSizeRel|x64
		{8E364C87-39A5-3206-9EB0-52DDF760B4B2}.MinSizeRel|x86.ActiveCfg = MinSizeRel|x64
		{8E364C87-39A5-3206-9EB0-52DDF760B4B2}.Profile|Any CPU.ActiveCfg = Release|x64
		{8E364C87-39A5-3206-9EB0-52DDF760B4B2}.Profile|Any CPU.Build.0 = Release|x64
		{8E364C87-39A5-3206-9EB0-52DDF760B4B2}.Profile|ARM64.ActiveCfg = Release|x64
		{8E364C87-39A5-3206-9EB0-52DDF760B4B2}.Profile|ARM64.Build.0 = Release|x64
		{8E364C87-39A5-3206-9EB0-52DDF760B4B2}.Profile|x64.ActiveCfg = Release|x64
		{8E364C87-39A5-3206-9EB0-52DDF760B4B2}.Profile|x64.Build.0 = Release|x64
		{8E364C87-39A5-3206-9EB0-52DDF760B4B2}.Profile|x86.ActiveCfg = Release|x64
		{8E364C87-39A5-3206-9EB0-52DDF760B4B2}.Profile|x86.Build.0 = Release|x64
		{8E364C87-39A5-3206-9EB0-52DDF760B4B2}.Release|Any CPU.ActiveCfg = Release|x64
		{8E364C87-39A5-3206-9EB0-52DDF760B4B2}.Release|ARM64.ActiveCfg = Release|x64
		{8E364C87-39A5-3206-9EB0-52DDF760B4B2}.Release|x64.ActiveCfg = Release|x64
		{8E364C87-39A5-3206-9EB0-52DDF760B4B2}.Release|x64.Build.0 = Release|x64
		{8E364C87-39A5-3206-9EB0-52DDF760B4B2}.Release|x86.ActiveCfg = Release|x64
		{8E364C87-39A5-3206-9EB0-52DDF760B4B2}.RelWithDebInfo|Any CPU.ActiveCfg = RelWithDebInfo|x64
		{8E364C87-39A5-3206-9EB0-52DDF760B4B2}.RelWithDebInfo|ARM64.ActiveCfg = RelWithDebInfo|x64
		{8E364C87-39A5-3206-9EB0-52DDF760B4B2}.RelWithDebInfo|x64.ActiveCfg = RelWithDebInfo|x64
		{8E364C87-39A5-3206-9EB0-52DDF760B4B2}.RelWithDebInfo|x64.Build.0 = RelWithDebInfo|x64
		{8E364C87-39A5-3206-9EB0-52DDF760B4B2}.RelWithDebInfo|x86.ActiveCfg = RelWithDebInfo|x64
		{73230A6D-187C-37C5-A32E-AF5FA748FAF2}.Debug|Any CPU.ActiveCfg = Debug|x64
		{73230A6D-187C-37C5-A32E-AF5FA748FAF2}.Debug|ARM64.ActiveCfg = Debug|x64
		{73230A6D-187C-37C5-A32E-AF5FA748FAF2}.Debug|x64.ActiveCfg = Debug|x64
		{73230A6D-187C-37C5-A32E-AF5FA748FAF2}.Debug|x64.Build.0 = Debug|x64
		{73230A6D-187C-37C5-A32E-AF5FA748FAF2}.Debug|x86.ActiveCfg = Debug|x64
		{73230A6D-187C-37C5-A32E-AF5FA748FAF2}.Dist|Any CPU.ActiveCfg = RelWithDebInfo|x64
		{73230A6D-187C-37C5-A32E-AF5FA748FAF2}.Dist|Any CPU.Build.0 = RelWithDebInfo|x64
		{73230A6D-187C-37C5-A32E-AF5FA748FAF2}.Dist|ARM64.ActiveCfg = Release|x64
		{73230A6D-187C-37C5-A32E-AF5FA748FAF2}.Dist|ARM64.Build.0 = Release|x64
		{73230A6D-187C-37C5-A32E-AF5FA748FAF2}.Dist|x64.ActiveCfg = Debug|x64
		{73230A6D-187C-37C5-A32E-AF5FA748FAF2}.Dist|x64.Build.0 = Debug|x64
		{73230A6D-187C-37C5-A32E-AF5FA748FAF2}.Dist|x86.ActiveCfg = Release|x64
		{73230A6D-187C-37C5-A32E-AF5FA748FAF2}.Dist|x86.Build.0 = Release|x64
		{73230A6D-187C-37C5-A32E-AF5FA748FAF2}.MinSizeRel|Any CPU.ActiveCfg = MinSizeRel|x64
		{73230A6D-187C-37C5-A32E-AF5FA748FAF2}.MinSizeRel|ARM64.ActiveCfg = MinSizeRel|x64
		{73230A6D-187C-37C5-A32E-AF5FA748FAF2}.MinSizeRel|x64.ActiveCfg = MinSizeRel|x64
		{73230A6D-187C-37C5-A32E-AF5FA748FAF2}.MinSizeRel|x64.Build.0 = MinSizeRel|x64
		{73230A6D-187C-37C5-A32E-AF5FA748FAF2}.MinSizeRel|x86.ActiveCfg = MinSizeRel|x64
		{73230A6D-187C-37C5-A32E-AF5FA748FAF2}.Profile|Any CPU.ActiveCfg = Release|x64
		{73230A6D-187C-37C5-A32E-AF5FA748FAF2}.Profile|Any CPU.Build.0 = Release|x64
		{73230A6D-187C-37C5-A32E-AF5FA748FAF2}.Profile|ARM64.ActiveCfg = Release|x64
		{73230A6D-187C-37C5-A32E-AF5FA748FAF2}.Profile|ARM64.Build.0 = Release|x64
		{73230A6D-187C-37C5-A32E-AF5FA748FAF2}.Profile|x64.ActiveCfg = Release|x64
		{73230A6D-187C-37C5-A32E-AF5FA748FAF2}.Profile|x64.Build.0 = Release|x64
		{73230A6D-187C-37C5-A32E-AF5FA748FAF2}.Profile|x86.ActiveCfg = Release|x64
		{73230A6D-187C-37C5-A32E-AF5FA748FAF2}.Profile|x86.Build.0 = Release|x64
		{73230A6D-187C-37C5-A32E-AF5FA748FAF2}.Release|Any CPU.ActiveCfg = Release|x64
		{73230A6D-187C-37C5-A32E-AF5FA748FAF2}.Release|ARM64.ActiveCfg = Release|x64
		{73230A6D-187C-37C5-A32E-AF5FA748FAF2}.Release|x64.ActiveCfg = Release|x64
		{73230A6D-187C-37C5-A32E-AF5FA748FAF2}.Release|x64.Build.0 = Release|x64
		{73230A6D-187C-37C5-A32E-AF5FA748FAF2}.Release|x86.ActiveCfg = Release|x64
		{73230A6D-187C-37C5-A32E-AF5FA748FAF2}.RelWithDebInfo|Any CPU.ActiveCfg = RelWithDebInfo|x64
		{73230A6D-187C-37C5-A32E-AF5FA748FAF2}.RelWithDebInfo|ARM64.ActiveCfg = RelWithDebInfo|x64
		{73230A6D-187C-37C5-A32E-AF5FA748FAF2}.RelWithDebInfo|x64.ActiveCfg = RelWithDebInfo|x64
		{73230A6D-187C-37C5-A32E-AF5FA748FAF2}.RelWithDebInfo|x64.Build.0 = RelWithDebInfo|x64
		{73230A6D-187C-37C5-A32E-AF5FA748FAF2}.RelWithDebInfo|x86.ActiveCfg = RelWithDebInfo|x64
		{D469E48A-73E1-3B4D-874E-412AD80C93B4}.Debug|Any CPU.ActiveCfg = Debug|x64
		{D469E48A-73E1-3B4D-874E-412AD80C93B4}.Debug|ARM64.ActiveCfg = Debug|x64
		{D469E48A-73E1-3B4D-874E-412AD80C93B4}.Debug|x64.ActiveCfg = Debug|x64
		{D469E48A-73E1-3B4D-874E-412AD80C93B4}.Debug|x64.Build.0 = Debug|x64
		{D469E48A-73E1-3B4D-874E-412AD80C93B4}.Debug|x86.ActiveCfg = Debug|x64
		{D469E48A-73E1-3B4D-874E-412AD80C93B4}.Dist|Any CPU.ActiveCfg = RelWithDebInfo|x64
		{D469E48A-73E1-3B4D-874E-412AD80C93B4}.Dist|Any CPU.Build.0 = RelWithDebInfo|x64
		{D469E48A-73E1-3B4D-874E-412AD80C93B4}.Dist|ARM64.ActiveCfg = Release|x64
		{D469E48A-73E1-3B4D-874E-412AD80C93B4}.Dist|ARM64.Build.0 = Release|x64
		{D469E48A-73E1-3B4D-874E-412AD80C93B4}.Dist|x64.ActiveCfg = Debug|x64
		{D469E48A-73E1-3B4D-874E-412AD80C93B4}.Dist|x64.Build.0 = Debug|x64
		{D469E48A-73E1-3B4D-874E-412AD80C93B4}.Dist|x86.ActiveCfg = Release|x64
		{D469E48A-73E1-3B4D-874E-412AD80C93B4}.Dist|x86.Build.0 = Release|x64
		{D469E48A-73E1-3B4D-874E-412AD80C93B4}.MinSizeRel|Any CPU.ActiveCfg = MinSizeRel|x64
		{D469E48A-73E1-3B4D-874E-412AD80C93B4}.MinSizeRel|ARM64.ActiveCfg = MinSizeRel|x64
		{D469E48A-73E1-3B4D-874E-412AD80C93B4}.MinSizeRel|x64.ActiveCfg = MinSizeRel|x64
		{D469E48A-73E1-3B4D-874E-412AD80C93B4}.MinSizeRel|x64.Build.0 = MinSizeRel|x64
		{D469E48A-73E1-3B4D-874E-412AD80C93B4}.MinSizeRel|x86.ActiveCfg = MinSizeRel|x64
		{D469E48A-73E1-3B4D-874E-412AD80C93B4}.Profile|Any CPU.ActiveCfg = Release|x64
		{D469E48A-73E1-3B4D-874E-412AD80C93B4}.Profile|Any CPU.Build.0 = Release|x64
		{D469E48A-73E1-3B4D-874E-412AD80C93B4}.Profile|ARM64.ActiveCfg = Release|x64
		{D469E48A-73E1-3B4D-874E-412AD80C93B4}.Profile|ARM64.Build.0 = Release|x64
		{D469E48A-73E1-3B4D-874E-412AD80C93B4}.Profile|x64.ActiveCfg = Release|x64
		{D469E48A-73E1-3B4D-874E-412AD80C93B4}.Profile|x64.Build.0 = Release|x64
		{D469E48A-73E1-3B4D-874E-412AD80C93B4}.Profile|x86.ActiveCfg = Release|x64
		{D469E48A-73E1-3B4D-874E-412AD80C93B4}.Profile|x86.Build.0 = Release|x64
		{D469E48A-73E1-3B4D-874E-412AD80C93B4}.Release|Any CPU.ActiveCfg = Release|x64
		{D469E48A-73E1-3B4D-874E-412AD80C93B4}.Release|ARM64.ActiveCfg = Release|x64
		{D469E48A-73E1-3B4D-874E-412AD80C93B4}.Release|x64.ActiveCfg = Release|x64
		{D469E48A-73E1-3B4D-874E-412AD80C93B4}.Release|x64.Build.0 = Release|x64
		{D469E48A-73E1-3B4D-874E-412AD80C93B4}.Release|x86.ActiveCfg = Release|x64
		{D469E48A-73E1-3B4D-874E-412AD80C93B4}.RelWithDebInfo|Any CPU.ActiveCfg = RelWithDebInfo|x64
		{D469E48A-73E1-3B4D-874E-412AD80C93B4}.RelWithDebInfo|ARM64.ActiveCfg = RelWithDebInfo|x64
		{D469E48A-73E1-3B4D-874E-412AD80C93B4}.RelWithDebInfo|x64.ActiveCfg = RelWithDebInfo|x64
		{D469E48A-73E1-3B4D-874E-412AD80C93B4}.RelWithDebInfo|x64.Build.0 = RelWithDebInfo|x64
		{D469E48A-73E1-3B4D-874E-412AD80C93B4}.RelWithDebInfo|x86.ActiveCfg = RelWithDebInfo|x64
		{A01FC13C-E465-3214-8296-20D9EAF091DF}.Debug|Any CPU.ActiveCfg = Debug|x64
		{A01FC13C-E465-3214-8296-20D9EAF091DF}.Debug|ARM64.ActiveCfg = Debug|x64
		{A01FC13C-E465-3214-8296-20D9EAF091DF}.Debug|x64.ActiveCfg = Debug|x64
		{A01FC13C-E465-3214-8296-20D9EAF091DF}.Debug|x64.Build.0 = Debug|x64
		{A01FC13C-E465-3214-8296-20D9EAF091DF}.Debug|x86.ActiveCfg = Debug|x64
		{A01FC13C-E465-3214-8296-20D9EAF091DF}.Dist|Any CPU.ActiveCfg = RelWithDebInfo|x64
		{A01FC13C-E465-3214-8296-20D9EAF091DF}.Dist|Any CPU.Build.0 = RelWithDebInfo|x64
		{A01FC13C-E465-3214-8296-20D9EAF091DF}.Dist|ARM64.ActiveCfg = Release|x64
		{A01FC13C-E465-3214-8296-20D9EAF091DF}.Dist|ARM64.Build.0 = Release|x64
		{A01FC13C-E465-3214-8296-20D9EAF091DF}.Dist|x64.ActiveCfg = Debug|x64
		{A01FC13C-E465-3214-8296-20D9EAF091DF}.Dist|x64.Build.0 = Debug|x64
		{A01FC13C-E465-3214-8296-20D9EAF091DF}.Dist|x86.ActiveCfg = Release|x64
		{A01FC13C-E465-3214-8296-20D9EAF091DF}.Dist|x86.Build.0 = Release|x64
		{A01FC13C-E465-3214-8296-20D9EAF091DF}.MinSizeRel|Any CPU.ActiveCfg = MinSizeRel|x64
		{A01FC13C-E465-3214-8296-20D9EAF091DF}.MinSizeRel|ARM64.ActiveCfg = MinSizeRel|x64
		{A01FC13C-E465-3214-8296-20D9EAF091DF}.MinSizeRel|x64.ActiveCfg = MinSizeRel|x64
		{A01FC13C-E465-3214-8296-20D9EAF091DF}.MinSizeRel|x64.Build.0 = MinSizeRel|x64
		{A01FC13C-E465-3214-8296-20D9EAF091DF}.MinSizeRel|x86.ActiveCfg = MinSizeRel|x64
		{A01FC13C-E465-3214-8296-20D9EAF091DF}.Profile|Any CPU.ActiveCfg = Release|x64
		{A01FC13C-E465-3214-8296-20D9EAF091DF}.Profile|Any CPU.Build.0 = Release|x64
		{A01FC13C-E465-3214-8296-20D9EAF091DF}.Profile|ARM64.ActiveCfg = Release|x64
		{A01FC13C-E465-3214-8296-20D9EAF091DF}.Profile|ARM64.Build.0 = Release|x64
		{A01FC13C-E465-3214-8296-20D9EAF091DF}.Profile|x64.ActiveCfg = Release|x64
		{A01FC13C-E465-3214-8296-20D9EAF091DF}.Profile|x64.Build.0 = Release|x64
		{A01FC13C-E465-3214-8296-20D9EAF091DF}.Profile|x86.ActiveCfg = Release|x64
		{A01FC13C-E465-3214-8296-20D9EAF091DF}.Profile|x86.Build.0 = Release|x64
		{A01FC13C-E465-3214-8296-20D9EAF091DF}.Release|Any CPU.ActiveCfg = Release|x64
		{A01FC13C-E465-3214-8296-20D9EAF091DF}.Release|ARM64.ActiveCfg = Release|x64
		{A01FC13C-E465-3214-8296-20D9EAF091DF}.Release|x64.ActiveCfg = Release|x64
		{A01FC13C-E465-3214-8296-20D9EAF091DF}.Release|x64.Build.0 = Release|x64
		{A01FC13C-E465-3214-8296-20D9EAF091DF}.Release|x86.ActiveCfg = Release|x64
		{A01FC13C-E465-3214-8296-20D9EAF091DF}.RelWithDebInfo|Any CPU.ActiveCfg = RelWithDebInfo|x64
		{A01FC13C-E465-3214-8296-20D9EAF091DF}.RelWithDebInfo|ARM64.ActiveCfg = RelWithDebInfo|x64
		{A01FC13C-E465-3214-8296-20D9EAF091DF}.RelWithDebInfo|x64.ActiveCfg = RelWithDebInfo|x64
		{A01FC13C-E465-3214-8296-20D9EAF091DF}.RelWithDebInfo|x64.Build.0 = RelWithDebInfo|x64
		{A01FC13C-E465-3214-8296-20D9EAF091DF}.RelWithDebInfo|x86.ActiveCfg = RelWithDebInfo|x64
		{697AEF2E-30F2-34E4-83F4-3FBF5B4A98FB}.Debug|Any CPU.ActiveCfg = Debug|x64
		{697AEF2E-30F2-34E4-83F4-3FBF5B4A98FB}.Debug|ARM64.ActiveCfg = Debug|x64
		{697AEF2E-30F2-34E4-83F4-3FBF5B4A98FB}.Debug|x64.ActiveCfg = Debug|x64
		{697AEF2E-30F2-34E4-83F4-3FBF5B4A98FB}.Debug|x64.Build.0 = Debug|x64
		{697AEF2E-30F2-34E4-83F4-3FBF5B4A98FB}.Debug|x86.ActiveCfg = Debug|x64
		{697AEF2E-30F2-34E4-83F4-3FBF5B4A98FB}.Dist|Any CPU.ActiveCfg = MinSizeRel|x64
		{697AEF2E-30F2-34E4-83F4-3FBF5B4A98FB}.Dist|Any CPU.Build.0 = MinSizeRel|x64
		{697AEF2E-30F2-34E4-83F4-3FBF5B4A98FB}.Dist|ARM64.ActiveCfg = RelWithDebInfo|x64
		{697AEF2E-30F2-34E4-83F4-3FBF5B4A98FB}.Dist|ARM64.Build.0 = RelWithDebInfo|x64
		{697AEF2E-30F2-34E4-83F4-3FBF5B4A98FB}.Dist|x64.ActiveCfg = Debug|x64
		{697AEF2E-30F2-34E4-83F4-3FBF5B4A98FB}.Dist|x64.Build.0 = Debug|x64
		{697AEF2E-30F2-34E4-83F4-3FBF5B4A98FB}.Dist|x86.ActiveCfg = RelWithDebInfo|x64
		{697AEF2E-30F2-34E4-83F4-3FBF5B4A98FB}.Dist|x86.Build.0 = RelWithDebInfo|x64
		{697AEF2E-30F2-34E4-83F4-3FBF5B4A98FB}.MinSizeRel|Any CPU.ActiveCfg = MinSizeRel|x64
		{697AEF2E-30F2-34E4-83F4-3FBF5B4A98FB}.MinSizeRel|ARM64.ActiveCfg = MinSizeRel|x64
		{697AEF2E-30F2-34E4-83F4-3FBF5B4A98FB}.MinSizeRel|x64.ActiveCfg = MinSizeRel|x64
		{697AEF2E-30F2-34E4-83F4-3FBF5B4A98FB}.MinSizeRel|x64.Build.0 = MinSizeRel|x64
		{697AEF2E-30F2-34E4-83F4-3FBF5B4A98FB}.MinSizeRel|x86.ActiveCfg = MinSizeRel|x64
		{697AEF2E-30F2-34E4-83F4-3FBF5B4A98FB}.Profile|Any CPU.ActiveCfg = RelWithDebInfo|x64
		{697AEF2E-30F2-34E4-83F4-3FBF5B4A98FB}.Profile|Any CPU.Build.0 = RelWithDebInfo|x64
		{697AEF2E-30F2-34E4-83F4-3FBF5B4A98FB}.Profile|ARM64.ActiveCfg = RelWithDebInfo|x64
		{697AEF2E-30F2-34E4-83F4-3FBF5B4A98FB}.Profile|ARM64.Build.0 = RelWithDebInfo|x64
		{697AEF2E-30F2-34E4-83F4-3FBF5B4A98FB}.Profile|x64.ActiveCfg = RelWithDebInfo|x64
		{697AEF2E-30F2-34E4-83F4-3FBF5B4A98FB}.Profile|x64.Build.0 = RelWithDebInfo|x64
		{697AEF2E-30F2-34E4-83F4-3FBF5B4A98FB}.Profile|x86.ActiveCfg = RelWithDebInfo|x64
		{697AEF2E-30F2-34E4-83F4-3FBF5B4A98FB}.Profile|x86.Build.0 = RelWithDebInfo|x64
		{697AEF2E-30F2-34E4-83F4-3FBF5B4A98FB}.Release|Any CPU.ActiveCfg = Release|x64
		{697AEF2E-30F2-34E4-83F4-3FBF5B4A98FB}.Release|ARM64.ActiveCfg = Release|x64
		{697AEF2E-30F2-34E4-83F4-3FBF5B4A98FB}.Release|x64.ActiveCfg = Release|x64
		{697AEF2E-30F2-34E4-83F4-3FBF5B4A98FB}.Release|x64.Build.0 = Release|x64
		{697AEF2E-30F2-34E4-83F4-3FBF5B4A98FB}.Release|x86.ActiveCfg = Release|x64
		{697AEF2E-30F2-34E4-83F4-3FBF5B4A98FB}.RelWithDebInfo|Any CPU.ActiveCfg = RelWithDebInfo|x64
		{697AEF2E-30F2-34E4-83F4-3FBF5B4A98FB}.RelWithDebInfo|ARM64.ActiveCfg = RelWithDebInfo|x64
		{697AEF2E-30F2-34E4-83F4-3FBF5B4A98FB}.RelWithDebInfo|x64.ActiveCfg = RelWithDebInfo|x64
		{697AEF2E-30F2-34E4-83F4-3FBF5B4A98FB}.RelWithDebInfo|x64.Build.0 = RelWithDebInfo|x64
		{697AEF2E-30F2-34E4-83F4-3FBF5B4A98FB}.RelWithDebInfo|x86.ActiveCfg = RelWithDebInfo|x64
		{5AC0D096-E4A9-3E8E-999F-56021DEDF9D0}.Debug|Any CPU.ActiveCfg = Debug|x64
		{5AC0D096-E4A9-3E8E-999F-56021DEDF9D0}.Debug|ARM64.ActiveCfg = Debug|x64
		{5AC0D096-E4A9-3E8E-999F-56021DEDF9D0}.Debug|x64.ActiveCfg = Debug|x64
		{5AC0D096-E4A9-3E8E-999F-56021DEDF9D0}.Debug|x64.Build.0 = Debug|x64
		{5AC0D096-E4A9-3E8E-999F-56021DEDF9D0}.Debug|x86.ActiveCfg = Debug|x64
		{5AC0D096-E4A9-3E8E-999F-56021DEDF9D0}.Dist|Any CPU.ActiveCfg = MinSizeRel|x64
		{5AC0D096-E4A9-3E8E-999F-56021DEDF9D0}.Dist|Any CPU.Build.0 = MinSizeRel|x64
		{5AC0D096-E4A9-3E8E-999F-56021DEDF9D0}.Dist|ARM64.ActiveCfg = RelWithDebInfo|x64
		{5AC0D096-E4A9-3E8E-999F-56021DEDF9D0}.Dist|ARM64.Build.0 = RelWithDebInfo|x64
		{5AC0D096-E4A9-3E8E-999F-56021DEDF9D0}.Dist|x64.ActiveCfg = Debug|x64
		{5AC0D096-E4A9-3E8E-999F-56021DEDF9D0}.Dist|x64.Build.0 = Debug|x64
		{5AC0D096-E4A9-3E8E-999F-56021DEDF9D0}.Dist|x86.ActiveCfg = RelWithDebInfo|x64
		{5AC0D096-E4A9-3E8E-999F-56021DEDF9D0}.Dist|x86.Build.0 = RelWithDebInfo|x64
		{5AC0D096-E4A9-3E8E-999F-56021DEDF9D0}.MinSizeRel|Any CPU.ActiveCfg = MinSizeRel|x64
		{5AC0D096-E4A9-3E8E-999F-56021DEDF9D0}.MinSizeRel|ARM64.ActiveCfg = MinSizeRel|x64
		{5AC0D096-E4A9-3E8E-999F-56021DEDF9D0}.MinSizeRel|x64.ActiveCfg = MinSizeRel|x64
		{5AC0D096-E4A9-3E8E-999F-56021DEDF9D0}.MinSizeRel|x64.Build.0 = MinSizeRel|x64
		{5AC0D096-E4A9-3E8E-999F-56021DEDF9D0}.MinSizeRel|x86.ActiveCfg = MinSizeRel|x64
		{5AC0D096-E4A9-3E8E-999F-56021DEDF9D0}.Profile|Any CPU.ActiveCfg = RelWithDebInfo|x64
		{5AC0D096-E4A9-3E8E-999F-56021DEDF9D0}.Profile|Any CPU.Build.0 = RelWithDebInfo|x64
		{5AC0D096-E4A9-3E8E-999F-56021DEDF9D0}.Profile|ARM64.ActiveCfg = RelWithDebInfo|x64
		{5AC0D096-E4A9-3E8E-999F-56021DEDF9D0}.Profile|ARM64.Build.0 = RelWithDebInfo|x64
		{5AC0D096-E4A9-3E8E-999F-56021DEDF9D0}.Profile|x64.ActiveCfg = RelWithDebInfo|x64
		{5AC0D096-E4A9-3E8E-999F-56021DEDF9D0}.Profile|x64.Build.0 = RelWithDebInfo|x64
		{5AC0D096-E4A9-3E8E-999F-56021DEDF9D0}.Profile|x86.ActiveCfg = RelWithDebInfo|x64
		{5AC0D096-E4A9-3E8E-999F-56021DEDF9D0}.Profile|x86.Build.0 = RelWithDebInfo|x64
		{5AC0D096-E4A9-3E8E-999F-56021DEDF9D0}.Release|Any CPU.ActiveCfg = Release|x64
		{5AC0D096-E4A9-3E8E-999F-56021DEDF9D0}.Release|ARM64.ActiveCfg = Release|x64
		{5AC0D096-E4A9-3E8E-999F-56021DEDF9D0}.Release|x64.ActiveCfg = Release|x64
		{5AC0D096-E4A9-3E8E-999F-56021DEDF9D0}.Release|x64.Build.0 = Release|x64
		{5AC0D096-E4A9-3E8E-999F-56021DEDF9D0}.Release|x86.ActiveCfg = Release|x64
		{5AC0D096-E4A9-3E8E-999F-56021DEDF9D0}.RelWithDebInfo|Any CPU.ActiveCfg = RelWithDebInfo|x64
		{5AC0D096-E4A9-3E8E-999F-56021DEDF9D0}.RelWithDebInfo|ARM64.ActiveCfg = RelWithDebInfo|x64
		{5AC0D096-E4A9-3E8E-999F-56021DEDF9D0}.RelWithDebInfo|x64.ActiveCfg = RelWithDebInfo|x64
		{5AC0D096-E4A9-3E8E-999F-56021DEDF9D0}.RelWithDebInfo|x64.Build.0 = RelWithDebInfo|x64
		{5AC0D096-E4A9-3E8E-999F-56021DEDF9D0}.RelWithDebInfo|x86.ActiveCfg = RelWithDebInfo|x64
		{728811D3-F020-3197-8154-1FD68E82CBBC}.Debug|Any CPU.ActiveCfg = Debug|x64
		{728811D3-F020-3197-8154-1FD68E82CBBC}.Debug|ARM64.ActiveCfg = Debug|x64
		{728811D3-F020-3197-8154-1FD68E82CBBC}.Debug|x64.ActiveCfg = Debug|x64
		{728811D3-F020-3197-8154-1FD68E82CBBC}.Debug|x64.Build.0 = Debug|x64
		{728811D3-F020-3197-8154-1FD68E82CBBC}.Debug|x86.ActiveCfg = Debug|x64
		{728811D3-F020-3197-8154-1FD68E82CBBC}.Dist|Any CPU.ActiveCfg = MinSizeRel|x64
		{728811D3-F020-3197-8154-1FD68E82CBBC}.Dist|Any CPU.Build.0 = MinSizeRel|x64
		{728811D3-F020-3197-8154-1FD68E82CBBC}.Dist|ARM64.ActiveCfg = MinSizeRel|x64
		{728811D3-F020-3197-8154-1FD68E82CBBC}.Dist|ARM64.Build.0 = MinSizeRel|x64
		{728811D3-F020-3197-8154-1FD68E82CBBC}.Dist|x64.ActiveCfg = Debug|x64
		{728811D3-F020-3197-8154-1FD68E82CBBC}.Dist|x64.Build.0 = Debug|x64
		{728811D3-F020-3197-8154-1FD68E82CBBC}.Dist|x86.ActiveCfg = MinSizeRel|x64
		{728811D3-F020-3197-8154-1FD68E82CBBC}.Dist|x86.Build.0 = MinSizeRel|x64
		{728811D3-F020-3197-8154-1FD68E82CBBC}.MinSizeRel|Any CPU.ActiveCfg = MinSizeRel|x64
		{728811D3-F020-3197-8154-1FD68E82CBBC}.MinSizeRel|ARM64.ActiveCfg = MinSizeRel|x64
		{728811D3-F020-3197-8154-1FD68E82CBBC}.MinSizeRel|x64.ActiveCfg = MinSizeRel|x64
		{728811D3-F020-3197-8154-1FD68E82CBBC}.MinSizeRel|x64.Build.0 = MinSizeRel|x64
		{728811D3-F020-3197-8154-1FD68E82CBBC}.MinSizeRel|x86.ActiveCfg = MinSizeRel|x64
		{728811D3-F020-3197-8154-1FD68E82CBBC}.Profile|Any CPU.ActiveCfg = MinSizeRel|x64
		{728811D3-F020-3197-8154-1FD68E82CBBC}.Profile|Any CPU.Build.0 = MinSizeRel|x64
		{728811D3-F020-3197-8154-1FD68E82CBBC}.Profile|ARM64.ActiveCfg = MinSizeRel|x64
		{728811D3-F020-3197-8154-1FD68E82CBBC}.Profile|ARM64.Build.0 = MinSizeRel|x64
		{728811D3-F020-3197-8154-1FD68E82CBBC}.Profile|x64.ActiveCfg = MinSizeRel|x64
		{728811D3-F020-3197-8154-1FD68E82CBBC}.Profile|x64.Build.0 = MinSizeRel|x64
		{728811D3-F020-3197-8154-1FD68E82CBBC}.Profile|x86.ActiveCfg = MinSizeRel|x64
		{728811D3-F020-3197-8154-1FD68E82CBBC}.Profile|x86.Build.0 = MinSizeRel|x64
		{728811D3-F020-3197-8154-1FD68E82CBBC}.Release|Any CPU.ActiveCfg = Release|x64
		{728811D3-F020-3197-8154-1FD68E82CBBC}.Release|ARM64.ActiveCfg = Release|x64
		{728811D3-F020-3197-8154-1FD68E82CBBC}.Release|x64.ActiveCfg = Release|x64
		{728811D3-F020-3197-8154-1FD68E82CBBC}.Release|x64.Build.0 = Release|x64
		{728811D3-F020-3197-8154-1FD68E82CBBC}.Release|x86.ActiveCfg = Release|x64
		{728811D3-F020-3197-8154-1FD68E82CBBC}.RelWithDebInfo|Any CPU.ActiveCfg = RelWithDebInfo|x64
		{728811D3-F020-3197-8154-1FD68E82CBBC}.RelWithDebInfo|ARM64.ActiveCfg = RelWithDebInfo|x64
		{728811D3-F020-3197-8154-1FD68E82CBBC}.RelWithDebInfo|x64.ActiveCfg = RelWithDebInfo|x64
		{728811D3-F020-3197-8154-1FD68E82CBBC}.RelWithDebInfo|x64.Build.0 = RelWithDebInfo|x64
		{728811D3-F020-3197-8154-1FD68E82CBBC}.RelWithDebInfo|x86.ActiveCfg = RelWithDebInfo|x64
	EndGlobalSection
	GlobalSection(SolutionProperties) = preSolution
		HideSolutionNode = FALSE
	EndGlobalSection
	GlobalSection(ExtensibilityGlobals) = postSolution
		SolutionGuid = {FE9B7F0C-747B-4738-A6DE-D631C74F3067}
	EndGlobalSection
EndGlobal
