
Microsoft Visual Studio Solution File, Format Version 12.00
# Visual Studio Version 16
VisualStudioVersion = 16.0.29403.142
MinimumVisualStudioVersion = 10.0.40219.1
Project("{8BC9CEB8-8B4A-11D0-8D11-00A0C91BC942}") = "MoravaEngine", "MoravaEngine\MoravaEngine.vcxproj", "{FABCD75E-496E-4408-B31C-D45E7D0DFC7A}"
	ProjectSection(ProjectDependencies) = postProject
		{9B0428B6-B9D3-4ED1-A1A0-E1A44FDE1F48} = {9B0428B6-B9D3-4ED1-A1A0-E1A44FDE1F48}
	EndProjectSection
EndProject
Project("{8BC9CEB8-8B4A-11D0-8D11-00A0C91BC942}") = "assimp", "vendor\cross-platform\assimp\code\assimp.vcxproj", "{6F4E19E3-5F04-362E-9D5F-975F7CAE80EA}"
EndProject
Project("{8BC9CEB8-8B4A-11D0-8D11-00A0C91BC942}") = "zlibstatic", "vendor\cross-platform\assimp\contrib\zlib\zlibstatic.vcxproj", "{1CC30D3E-AC56-33BE-A975-70E357E3336D}"
EndProject
Project("{8BC9CEB8-8B4A-11D0-8D11-00A0C91BC942}") = "IrrXML", "vendor\cross-platform\assimp\contrib\irrXML\IrrXML.vcxproj", "{B64924B0-5123-32A0-8AD2-F6B6068BE913}"
EndProject
Project("{8BC9CEB8-8B4A-11D0-8D11-00A0C91BC942}") = "BulletDynamics", "MoravaEngine\build\BulletDynamics.vcxproj", "{79532ADD-FF92-3A51-B403-E1625856B2DB}"
EndProject
Project("{8BC9CEB8-8B4A-11D0-8D11-00A0C91BC942}") = "BulletCollision", "MoravaEngine\build\BulletCollision.vcxproj", "{0A986D22-0D5A-3B81-BB3D-BC2413DA4DB7}"
EndProject
Project("{8BC9CEB8-8B4A-11D0-8D11-00A0C91BC942}") = "LinearMath", "MoravaEngine\build\LinearMath.vcxproj", "{F6796644-473C-3B79-B854-C7E495593AFB}"
EndProject
Project("{8BC9CEB8-8B4A-11D0-8D11-00A0C91BC942}") = "glfw", "vendor\cross-platform\glfw\src\glfw.vcxproj", "{B24B1DBB-8361-3DD6-BDEC-D39A27A8CFE7}"
EndProject
Project("{8BC9CEB8-8B4A-11D0-8D11-00A0C91BC942}") = "yaml-cpp static", "vendor\cross-platform\yaml-cpp\build\yaml-cpp.vcxproj", "{82819AC3-0B8F-393C-ADFD-17DD55B73921}"
EndProject
Project("{FAE04EC0-301F-11D3-BF4B-00C04F79EFBC}") = "ExampleApp", "MoravaEngine\src\Hazel\ExampleApp\ExampleApp.csproj", "{16E236FD-AB4C-36D0-A733-E5EE8CA79A07}"
EndProject
Project("{FAE04EC0-301F-11D3-BF4B-00C04F79EFBC}") = "Hazel-ScriptCore", "MoravaEngine\src\Hazel\Hazel-ScriptCore\Hazel-ScriptCore.csproj", "{653224F4-3CBB-361F-A9C7-00B4CE929220}"
EndProject
Project("{8BC9CEB8-8B4A-11D0-8D11-00A0C91BC942}") = "DirectXTex", "vendor\DirectXTex\build\DirectXTex.vcxproj", "{90651CDB-1DE1-3FF4-84AC-0BC5EBA23FD6}"
EndProject
Project("{9A19103F-16F7-4668-BE54-9A1E7A4F7556}") = "HangmanScript", "MoravaEngine\Projects\HangmanScript\HangmanScript.csproj", "{9B0428B6-B9D3-4ED1-A1A0-E1A44FDE1F48}"
EndProject
Project("{8BC9CEB8-8B4A-11D0-8D11-00A0C91BC942}") = "SPIRV-Cross", "MoravaEngine\build\SPIRV-Cross.vcxproj", "{197A4DEB-F22E-3374-9D28-54DC6F0F76F4}"
EndProject
Project("{8BC9CEB8-8B4A-11D0-8D11-00A0C91BC942}") = "spirv-cross-core", "MoravaEngine\build\spirv-cross-core.vcxproj", "{E5E107AF-994A-3AE0-8DE8-52AA2051EFA4}"
EndProject
Project("{8BC9CEB8-8B4A-11D0-8D11-00A0C91BC942}") = "spirv-cross-cpp", "MoravaEngine\build\spirv-cross-cpp.vcxproj", "{A7A8FA16-A554-3F6A-9F73-1B04F96B3103}"
EndProject
Project("{8BC9CEB8-8B4A-11D0-8D11-00A0C91BC942}") = "spirv-cross-glsl", "MoravaEngine\build\spirv-cross-glsl.vcxproj", "{89F79BF0-2A0C-3EE8-9E07-6C01F06297BF}"
EndProject
Project("{8BC9CEB8-8B4A-11D0-8D11-00A0C91BC942}") = "spirv-cross-hlsl", "MoravaEngine\build\spirv-cross-hlsl.vcxproj", "{458117F5-2BB3-35CE-BB6B-208FE64A0649}"
EndProject
Project("{8BC9CEB8-8B4A-11D0-8D11-00A0C91BC942}") = "spirv-cross-msl", "MoravaEngine\build\spirv-cross-msl.vcxproj", "{A63AF408-B30C-328B-81EC-09243C294771}"
EndProject
Project("{8BC9CEB8-8B4A-11D0-8D11-00A0C91BC942}") = "spirv-cross-reflect", "MoravaEngine\build\spirv-cross-reflect.vcxproj", "{07779930-954E-35B2-A4AD-E0754E0F1A3A}"
EndProject
Project("{8BC9CEB8-8B4A-11D0-8D11-00A0C91BC942}") = "spirv-cross-util", "MoravaEngine\build\spirv-cross-util.vcxproj", "{FE685653-5AC3-369C-B600-2A32B2F415BE}"
EndProject
Global
	GlobalSection(SolutionConfigurationPlatforms) = preSolution
		Debug|Any CPU = Debug|Any CPU
		Debug|x64 = Debug|x64
		Dist|Any CPU = Dist|Any CPU
		Dist|x64 = Dist|x64
		MinSizeRel|Any CPU = MinSizeRel|Any CPU
		MinSizeRel|x64 = MinSizeRel|x64
		Release|Any CPU = Release|Any CPU
		Release|x64 = Release|x64
		RelWithDebInfo|Any CPU = RelWithDebInfo|Any CPU
		RelWithDebInfo|x64 = RelWithDebInfo|x64
	EndGlobalSection
	GlobalSection(ProjectConfigurationPlatforms) = postSolution
		{FABCD75E-496E-4408-B31C-D45E7D0DFC7A}.Debug|Any CPU.ActiveCfg = Debug|x64
		{FABCD75E-496E-4408-B31C-D45E7D0DFC7A}.Debug|x64.ActiveCfg = Debug|x64
		{FABCD75E-496E-4408-B31C-D45E7D0DFC7A}.Debug|x64.Build.0 = Debug|x64
		{FABCD75E-496E-4408-B31C-D45E7D0DFC7A}.Dist|Any CPU.ActiveCfg = Release|x64
		{FABCD75E-496E-4408-B31C-D45E7D0DFC7A}.Dist|Any CPU.Build.0 = Release|x64
		{FABCD75E-496E-4408-B31C-D45E7D0DFC7A}.Dist|x64.ActiveCfg = Debug|x64
		{FABCD75E-496E-4408-B31C-D45E7D0DFC7A}.Dist|x64.Build.0 = Debug|x64
		{FABCD75E-496E-4408-B31C-D45E7D0DFC7A}.MinSizeRel|Any CPU.ActiveCfg = Release|x64
		{FABCD75E-496E-4408-B31C-D45E7D0DFC7A}.MinSizeRel|Any CPU.Build.0 = Release|x64
		{FABCD75E-496E-4408-B31C-D45E7D0DFC7A}.MinSizeRel|x64.ActiveCfg = Release|x64
		{FABCD75E-496E-4408-B31C-D45E7D0DFC7A}.MinSizeRel|x64.Build.0 = Release|x64
		{FABCD75E-496E-4408-B31C-D45E7D0DFC7A}.Release|Any CPU.ActiveCfg = Release|x64
		{FABCD75E-496E-4408-B31C-D45E7D0DFC7A}.Release|x64.ActiveCfg = Release|x64
		{FABCD75E-496E-4408-B31C-D45E7D0DFC7A}.Release|x64.Build.0 = Release|x64
		{FABCD75E-496E-4408-B31C-D45E7D0DFC7A}.RelWithDebInfo|Any CPU.ActiveCfg = Release|x64
		{FABCD75E-496E-4408-B31C-D45E7D0DFC7A}.RelWithDebInfo|Any CPU.Build.0 = Release|x64
		{FABCD75E-496E-4408-B31C-D45E7D0DFC7A}.RelWithDebInfo|x64.ActiveCfg = Release|x64
		{FABCD75E-496E-4408-B31C-D45E7D0DFC7A}.RelWithDebInfo|x64.Build.0 = Release|x64
		{6F4E19E3-5F04-362E-9D5F-975F7CAE80EA}.Debug|Any CPU.ActiveCfg = Debug|x64
		{6F4E19E3-5F04-362E-9D5F-975F7CAE80EA}.Debug|x64.ActiveCfg = Debug|x64
		{6F4E19E3-5F04-362E-9D5F-975F7CAE80EA}.Debug|x64.Build.0 = Debug|x64
		{6F4E19E3-5F04-362E-9D5F-975F7CAE80EA}.Dist|Any CPU.ActiveCfg = RelWithDebInfo|x64
		{6F4E19E3-5F04-362E-9D5F-975F7CAE80EA}.Dist|Any CPU.Build.0 = RelWithDebInfo|x64
		{6F4E19E3-5F04-362E-9D5F-975F7CAE80EA}.Dist|x64.ActiveCfg = Debug|x64
		{6F4E19E3-5F04-362E-9D5F-975F7CAE80EA}.Dist|x64.Build.0 = Debug|x64
		{6F4E19E3-5F04-362E-9D5F-975F7CAE80EA}.MinSizeRel|Any CPU.ActiveCfg = MinSizeRel|x64
		{6F4E19E3-5F04-362E-9D5F-975F7CAE80EA}.MinSizeRel|x64.ActiveCfg = MinSizeRel|x64
		{6F4E19E3-5F04-362E-9D5F-975F7CAE80EA}.MinSizeRel|x64.Build.0 = MinSizeRel|x64
		{6F4E19E3-5F04-362E-9D5F-975F7CAE80EA}.Release|Any CPU.ActiveCfg = Release|x64
		{6F4E19E3-5F04-362E-9D5F-975F7CAE80EA}.Release|x64.ActiveCfg = Release|x64
		{6F4E19E3-5F04-362E-9D5F-975F7CAE80EA}.Release|x64.Build.0 = Release|x64
		{6F4E19E3-5F04-362E-9D5F-975F7CAE80EA}.RelWithDebInfo|Any CPU.ActiveCfg = RelWithDebInfo|x64
		{6F4E19E3-5F04-362E-9D5F-975F7CAE80EA}.RelWithDebInfo|x64.ActiveCfg = RelWithDebInfo|x64
		{6F4E19E3-5F04-362E-9D5F-975F7CAE80EA}.RelWithDebInfo|x64.Build.0 = RelWithDebInfo|x64
		{1CC30D3E-AC56-33BE-A975-70E357E3336D}.Debug|Any CPU.ActiveCfg = Debug|x64
		{1CC30D3E-AC56-33BE-A975-70E357E3336D}.Debug|x64.ActiveCfg = Debug|x64
		{1CC30D3E-AC56-33BE-A975-70E357E3336D}.Debug|x64.Build.0 = Debug|x64
		{1CC30D3E-AC56-33BE-A975-70E357E3336D}.Dist|Any CPU.ActiveCfg = RelWithDebInfo|x64
		{1CC30D3E-AC56-33BE-A975-70E357E3336D}.Dist|Any CPU.Build.0 = RelWithDebInfo|x64
		{1CC30D3E-AC56-33BE-A975-70E357E3336D}.Dist|x64.ActiveCfg = Debug|x64
		{1CC30D3E-AC56-33BE-A975-70E357E3336D}.Dist|x64.Build.0 = Debug|x64
		{1CC30D3E-AC56-33BE-A975-70E357E3336D}.MinSizeRel|Any CPU.ActiveCfg = MinSizeRel|x64
		{1CC30D3E-AC56-33BE-A975-70E357E3336D}.MinSizeRel|x64.ActiveCfg = MinSizeRel|x64
		{1CC30D3E-AC56-33BE-A975-70E357E3336D}.MinSizeRel|x64.Build.0 = MinSizeRel|x64
		{1CC30D3E-AC56-33BE-A975-70E357E3336D}.Release|Any CPU.ActiveCfg = Release|x64
		{1CC30D3E-AC56-33BE-A975-70E357E3336D}.Release|x64.ActiveCfg = Release|x64
		{1CC30D3E-AC56-33BE-A975-70E357E3336D}.Release|x64.Build.0 = Release|x64
		{1CC30D3E-AC56-33BE-A975-70E357E3336D}.RelWithDebInfo|Any CPU.ActiveCfg = RelWithDebInfo|x64
		{1CC30D3E-AC56-33BE-A975-70E357E3336D}.RelWithDebInfo|x64.ActiveCfg = RelWithDebInfo|x64
		{1CC30D3E-AC56-33BE-A975-70E357E3336D}.RelWithDebInfo|x64.Build.0 = RelWithDebInfo|x64
		{B64924B0-5123-32A0-8AD2-F6B6068BE913}.Debug|Any CPU.ActiveCfg = Debug|x64
		{B64924B0-5123-32A0-8AD2-F6B6068BE913}.Debug|x64.ActiveCfg = Debug|x64
		{B64924B0-5123-32A0-8AD2-F6B6068BE913}.Debug|x64.Build.0 = Debug|x64
		{B64924B0-5123-32A0-8AD2-F6B6068BE913}.Dist|Any CPU.ActiveCfg = RelWithDebInfo|x64
		{B64924B0-5123-32A0-8AD2-F6B6068BE913}.Dist|Any CPU.Build.0 = RelWithDebInfo|x64
		{B64924B0-5123-32A0-8AD2-F6B6068BE913}.Dist|x64.ActiveCfg = Debug|x64
		{B64924B0-5123-32A0-8AD2-F6B6068BE913}.Dist|x64.Build.0 = Debug|x64
		{B64924B0-5123-32A0-8AD2-F6B6068BE913}.MinSizeRel|Any CPU.ActiveCfg = MinSizeRel|x64
		{B64924B0-5123-32A0-8AD2-F6B6068BE913}.MinSizeRel|x64.ActiveCfg = MinSizeRel|x64
		{B64924B0-5123-32A0-8AD2-F6B6068BE913}.MinSizeRel|x64.Build.0 = MinSizeRel|x64
		{B64924B0-5123-32A0-8AD2-F6B6068BE913}.Release|Any CPU.ActiveCfg = Release|x64
		{B64924B0-5123-32A0-8AD2-F6B6068BE913}.Release|x64.ActiveCfg = Release|x64
		{B64924B0-5123-32A0-8AD2-F6B6068BE913}.Release|x64.Build.0 = Release|x64
		{B64924B0-5123-32A0-8AD2-F6B6068BE913}.RelWithDebInfo|Any CPU.ActiveCfg = RelWithDebInfo|x64
		{B64924B0-5123-32A0-8AD2-F6B6068BE913}.RelWithDebInfo|x64.ActiveCfg = RelWithDebInfo|x64
		{B64924B0-5123-32A0-8AD2-F6B6068BE913}.RelWithDebInfo|x64.Build.0 = RelWithDebInfo|x64
		{79532ADD-FF92-3A51-B403-E1625856B2DB}.Debug|Any CPU.ActiveCfg = Debug|x64
		{79532ADD-FF92-3A51-B403-E1625856B2DB}.Debug|x64.ActiveCfg = Debug|x64
		{79532ADD-FF92-3A51-B403-E1625856B2DB}.Debug|x64.Build.0 = Debug|x64
		{79532ADD-FF92-3A51-B403-E1625856B2DB}.Dist|Any CPU.ActiveCfg = RelWithDebInfo|x64
		{79532ADD-FF92-3A51-B403-E1625856B2DB}.Dist|Any CPU.Build.0 = RelWithDebInfo|x64
		{79532ADD-FF92-3A51-B403-E1625856B2DB}.Dist|x64.ActiveCfg = Debug|x64
		{79532ADD-FF92-3A51-B403-E1625856B2DB}.Dist|x64.Build.0 = Debug|x64
		{79532ADD-FF92-3A51-B403-E1625856B2DB}.MinSizeRel|Any CPU.ActiveCfg = MinSizeRel|x64
		{79532ADD-FF92-3A51-B403-E1625856B2DB}.MinSizeRel|x64.ActiveCfg = MinSizeRel|x64
		{79532ADD-FF92-3A51-B403-E1625856B2DB}.MinSizeRel|x64.Build.0 = MinSizeRel|x64
		{79532ADD-FF92-3A51-B403-E1625856B2DB}.Release|Any CPU.ActiveCfg = Release|x64
		{79532ADD-FF92-3A51-B403-E1625856B2DB}.Release|x64.ActiveCfg = Release|x64
		{79532ADD-FF92-3A51-B403-E1625856B2DB}.Release|x64.Build.0 = Release|x64
		{79532ADD-FF92-3A51-B403-E1625856B2DB}.RelWithDebInfo|Any CPU.ActiveCfg = RelWithDebInfo|x64
		{79532ADD-FF92-3A51-B403-E1625856B2DB}.RelWithDebInfo|x64.ActiveCfg = RelWithDebInfo|x64
		{79532ADD-FF92-3A51-B403-E1625856B2DB}.RelWithDebInfo|x64.Build.0 = RelWithDebInfo|x64
		{0A986D22-0D5A-3B81-BB3D-BC2413DA4DB7}.Debug|Any CPU.ActiveCfg = Debug|x64
		{0A986D22-0D5A-3B81-BB3D-BC2413DA4DB7}.Debug|x64.ActiveCfg = Debug|x64
		{0A986D22-0D5A-3B81-BB3D-BC2413DA4DB7}.Debug|x64.Build.0 = Debug|x64
		{0A986D22-0D5A-3B81-BB3D-BC2413DA4DB7}.Dist|Any CPU.ActiveCfg = RelWithDebInfo|x64
		{0A986D22-0D5A-3B81-BB3D-BC2413DA4DB7}.Dist|Any CPU.Build.0 = RelWithDebInfo|x64
		{0A986D22-0D5A-3B81-BB3D-BC2413DA4DB7}.Dist|x64.ActiveCfg = Debug|x64
		{0A986D22-0D5A-3B81-BB3D-BC2413DA4DB7}.Dist|x64.Build.0 = Debug|x64
		{0A986D22-0D5A-3B81-BB3D-BC2413DA4DB7}.MinSizeRel|Any CPU.ActiveCfg = MinSizeRel|x64
		{0A986D22-0D5A-3B81-BB3D-BC2413DA4DB7}.MinSizeRel|x64.ActiveCfg = MinSizeRel|x64
		{0A986D22-0D5A-3B81-BB3D-BC2413DA4DB7}.MinSizeRel|x64.Build.0 = MinSizeRel|x64
		{0A986D22-0D5A-3B81-BB3D-BC2413DA4DB7}.Release|Any CPU.ActiveCfg = Release|x64
		{0A986D22-0D5A-3B81-BB3D-BC2413DA4DB7}.Release|x64.ActiveCfg = Release|x64
		{0A986D22-0D5A-3B81-BB3D-BC2413DA4DB7}.Release|x64.Build.0 = Release|x64
		{0A986D22-0D5A-3B81-BB3D-BC2413DA4DB7}.RelWithDebInfo|Any CPU.ActiveCfg = RelWithDebInfo|x64
		{0A986D22-0D5A-3B81-BB3D-BC2413DA4DB7}.RelWithDebInfo|x64.ActiveCfg = RelWithDebInfo|x64
		{0A986D22-0D5A-3B81-BB3D-BC2413DA4DB7}.RelWithDebInfo|x64.Build.0 = RelWithDebInfo|x64
		{F6796644-473C-3B79-B854-C7E495593AFB}.Debug|Any CPU.ActiveCfg = Debug|x64
		{F6796644-473C-3B79-B854-C7E495593AFB}.Debug|x64.ActiveCfg = Debug|x64
		{F6796644-473C-3B79-B854-C7E495593AFB}.Debug|x64.Build.0 = Debug|x64
		{F6796644-473C-3B79-B854-C7E495593AFB}.Dist|Any CPU.ActiveCfg = RelWithDebInfo|x64
		{F6796644-473C-3B79-B854-C7E495593AFB}.Dist|Any CPU.Build.0 = RelWithDebInfo|x64
		{F6796644-473C-3B79-B854-C7E495593AFB}.Dist|x64.ActiveCfg = Debug|x64
		{F6796644-473C-3B79-B854-C7E495593AFB}.Dist|x64.Build.0 = Debug|x64
		{F6796644-473C-3B79-B854-C7E495593AFB}.MinSizeRel|Any CPU.ActiveCfg = MinSizeRel|x64
		{F6796644-473C-3B79-B854-C7E495593AFB}.MinSizeRel|x64.ActiveCfg = MinSizeRel|x64
		{F6796644-473C-3B79-B854-C7E495593AFB}.MinSizeRel|x64.Build.0 = MinSizeRel|x64
		{F6796644-473C-3B79-B854-C7E495593AFB}.Release|Any CPU.ActiveCfg = Release|x64
		{F6796644-473C-3B79-B854-C7E495593AFB}.Release|x64.ActiveCfg = Release|x64
		{F6796644-473C-3B79-B854-C7E495593AFB}.Release|x64.Build.0 = Release|x64
		{F6796644-473C-3B79-B854-C7E495593AFB}.RelWithDebInfo|Any CPU.ActiveCfg = RelWithDebInfo|x64
		{F6796644-473C-3B79-B854-C7E495593AFB}.RelWithDebInfo|x64.ActiveCfg = RelWithDebInfo|x64
		{F6796644-473C-3B79-B854-C7E495593AFB}.RelWithDebInfo|x64.Build.0 = RelWithDebInfo|x64
		{B24B1DBB-8361-3DD6-BDEC-D39A27A8CFE7}.Debug|Any CPU.ActiveCfg = Debug|x64
		{B24B1DBB-8361-3DD6-BDEC-D39A27A8CFE7}.Debug|x64.ActiveCfg = Debug|x64
		{B24B1DBB-8361-3DD6-BDEC-D39A27A8CFE7}.Debug|x64.Build.0 = Debug|x64
		{B24B1DBB-8361-3DD6-BDEC-D39A27A8CFE7}.Dist|Any CPU.ActiveCfg = RelWithDebInfo|x64
		{B24B1DBB-8361-3DD6-BDEC-D39A27A8CFE7}.Dist|Any CPU.Build.0 = RelWithDebInfo|x64
		{B24B1DBB-8361-3DD6-BDEC-D39A27A8CFE7}.Dist|x64.ActiveCfg = Debug|x64
		{B24B1DBB-8361-3DD6-BDEC-D39A27A8CFE7}.Dist|x64.Build.0 = Debug|x64
		{B24B1DBB-8361-3DD6-BDEC-D39A27A8CFE7}.MinSizeRel|Any CPU.ActiveCfg = MinSizeRel|x64
		{B24B1DBB-8361-3DD6-BDEC-D39A27A8CFE7}.MinSizeRel|x64.ActiveCfg = MinSizeRel|x64
		{B24B1DBB-8361-3DD6-BDEC-D39A27A8CFE7}.MinSizeRel|x64.Build.0 = MinSizeRel|x64
		{B24B1DBB-8361-3DD6-BDEC-D39A27A8CFE7}.Release|Any CPU.ActiveCfg = Release|x64
		{B24B1DBB-8361-3DD6-BDEC-D39A27A8CFE7}.Release|x64.ActiveCfg = Release|x64
		{B24B1DBB-8361-3DD6-BDEC-D39A27A8CFE7}.Release|x64.Build.0 = Release|x64
		{B24B1DBB-8361-3DD6-BDEC-D39A27A8CFE7}.RelWithDebInfo|Any CPU.ActiveCfg = RelWithDebInfo|x64
		{B24B1DBB-8361-3DD6-BDEC-D39A27A8CFE7}.RelWithDebInfo|x64.ActiveCfg = RelWithDebInfo|x64
		{B24B1DBB-8361-3DD6-BDEC-D39A27A8CFE7}.RelWithDebInfo|x64.Build.0 = RelWithDebInfo|x64
		{82819AC3-0B8F-393C-ADFD-17DD55B73921}.Debug|Any CPU.ActiveCfg = Debug|x64
		{82819AC3-0B8F-393C-ADFD-17DD55B73921}.Debug|x64.ActiveCfg = Debug|x64
		{82819AC3-0B8F-393C-ADFD-17DD55B73921}.Debug|x64.Build.0 = Debug|x64
		{82819AC3-0B8F-393C-ADFD-17DD55B73921}.Dist|Any CPU.ActiveCfg = RelWithDebInfo|x64
		{82819AC3-0B8F-393C-ADFD-17DD55B73921}.Dist|Any CPU.Build.0 = RelWithDebInfo|x64
		{82819AC3-0B8F-393C-ADFD-17DD55B73921}.Dist|x64.ActiveCfg = Debug|x64
		{82819AC3-0B8F-393C-ADFD-17DD55B73921}.Dist|x64.Build.0 = Debug|x64
		{82819AC3-0B8F-393C-ADFD-17DD55B73921}.MinSizeRel|Any CPU.ActiveCfg = MinSizeRel|x64
		{82819AC3-0B8F-393C-ADFD-17DD55B73921}.MinSizeRel|x64.ActiveCfg = MinSizeRel|x64
		{82819AC3-0B8F-393C-ADFD-17DD55B73921}.MinSizeRel|x64.Build.0 = MinSizeRel|x64
		{82819AC3-0B8F-393C-ADFD-17DD55B73921}.Release|Any CPU.ActiveCfg = Release|x64
		{82819AC3-0B8F-393C-ADFD-17DD55B73921}.Release|x64.ActiveCfg = Release|x64
		{82819AC3-0B8F-393C-ADFD-17DD55B73921}.Release|x64.Build.0 = Release|x64
		{82819AC3-0B8F-393C-ADFD-17DD55B73921}.RelWithDebInfo|Any CPU.ActiveCfg = RelWithDebInfo|x64
		{82819AC3-0B8F-393C-ADFD-17DD55B73921}.RelWithDebInfo|x64.ActiveCfg = RelWithDebInfo|x64
		{82819AC3-0B8F-393C-ADFD-17DD55B73921}.RelWithDebInfo|x64.Build.0 = RelWithDebInfo|x64
		{16E236FD-AB4C-36D0-A733-E5EE8CA79A07}.Debug|Any CPU.ActiveCfg = Debug|x64
		{16E236FD-AB4C-36D0-A733-E5EE8CA79A07}.Debug|x64.ActiveCfg = Debug|x64
		{16E236FD-AB4C-36D0-A733-E5EE8CA79A07}.Debug|x64.Build.0 = Debug|x64
		{16E236FD-AB4C-36D0-A733-E5EE8CA79A07}.Dist|Any CPU.ActiveCfg = RelWithDebInfo|x64
		{16E236FD-AB4C-36D0-A733-E5EE8CA79A07}.Dist|Any CPU.Build.0 = RelWithDebInfo|x64
		{16E236FD-AB4C-36D0-A733-E5EE8CA79A07}.Dist|x64.ActiveCfg = Debug|x64
		{16E236FD-AB4C-36D0-A733-E5EE8CA79A07}.Dist|x64.Build.0 = Debug|x64
		{16E236FD-AB4C-36D0-A733-E5EE8CA79A07}.MinSizeRel|Any CPU.ActiveCfg = MinSizeRel|x64
		{16E236FD-AB4C-36D0-A733-E5EE8CA79A07}.MinSizeRel|x64.ActiveCfg = MinSizeRel|x64
		{16E236FD-AB4C-36D0-A733-E5EE8CA79A07}.MinSizeRel|x64.Build.0 = MinSizeRel|x64
		{16E236FD-AB4C-36D0-A733-E5EE8CA79A07}.Release|Any CPU.ActiveCfg = Release|x64
		{16E236FD-AB4C-36D0-A733-E5EE8CA79A07}.Release|x64.ActiveCfg = Release|x64
		{16E236FD-AB4C-36D0-A733-E5EE8CA79A07}.Release|x64.Build.0 = Release|x64
		{16E236FD-AB4C-36D0-A733-E5EE8CA79A07}.RelWithDebInfo|Any CPU.ActiveCfg = RelWithDebInfo|x64
		{16E236FD-AB4C-36D0-A733-E5EE8CA79A07}.RelWithDebInfo|x64.ActiveCfg = RelWithDebInfo|x64
		{16E236FD-AB4C-36D0-A733-E5EE8CA79A07}.RelWithDebInfo|x64.Build.0 = RelWithDebInfo|x64
		{653224F4-3CBB-361F-A9C7-00B4CE929220}.Debug|Any CPU.ActiveCfg = Debug|x64
		{653224F4-3CBB-361F-A9C7-00B4CE929220}.Debug|x64.ActiveCfg = Debug|x64
		{653224F4-3CBB-361F-A9C7-00B4CE929220}.Debug|x64.Build.0 = Debug|x64
		{653224F4-3CBB-361F-A9C7-00B4CE929220}.Dist|Any CPU.ActiveCfg = Dist|x64
		{653224F4-3CBB-361F-A9C7-00B4CE929220}.Dist|x64.ActiveCfg = Dist|x64
		{653224F4-3CBB-361F-A9C7-00B4CE929220}.Dist|x64.Build.0 = Dist|x64
		{653224F4-3CBB-361F-A9C7-00B4CE929220}.MinSizeRel|Any CPU.ActiveCfg = Release|x64
		{653224F4-3CBB-361F-A9C7-00B4CE929220}.MinSizeRel|Any CPU.Build.0 = Release|x64
		{653224F4-3CBB-361F-A9C7-00B4CE929220}.MinSizeRel|x64.ActiveCfg = Debug|x64
		{653224F4-3CBB-361F-A9C7-00B4CE929220}.MinSizeRel|x64.Build.0 = Debug|x64
		{653224F4-3CBB-361F-A9C7-00B4CE929220}.Release|Any CPU.ActiveCfg = Release|x64
		{653224F4-3CBB-361F-A9C7-00B4CE929220}.Release|x64.ActiveCfg = Release|x64
		{653224F4-3CBB-361F-A9C7-00B4CE929220}.Release|x64.Build.0 = Release|x64
		{653224F4-3CBB-361F-A9C7-00B4CE929220}.RelWithDebInfo|Any CPU.ActiveCfg = Release|x64
		{653224F4-3CBB-361F-A9C7-00B4CE929220}.RelWithDebInfo|Any CPU.Build.0 = Release|x64
		{653224F4-3CBB-361F-A9C7-00B4CE929220}.RelWithDebInfo|x64.ActiveCfg = Release|x64
		{653224F4-3CBB-361F-A9C7-00B4CE929220}.RelWithDebInfo|x64.Build.0 = Release|x64
		{90651CDB-1DE1-3FF4-84AC-0BC5EBA23FD6}.Debug|Any CPU.ActiveCfg = Debug|x64
		{90651CDB-1DE1-3FF4-84AC-0BC5EBA23FD6}.Debug|x64.ActiveCfg = Debug|x64
		{90651CDB-1DE1-3FF4-84AC-0BC5EBA23FD6}.Debug|x64.Build.0 = Debug|x64
		{90651CDB-1DE1-3FF4-84AC-0BC5EBA23FD6}.Dist|Any CPU.ActiveCfg = RelWithDebInfo|x64
		{90651CDB-1DE1-3FF4-84AC-0BC5EBA23FD6}.Dist|Any CPU.Build.0 = RelWithDebInfo|x64
		{90651CDB-1DE1-3FF4-84AC-0BC5EBA23FD6}.Dist|x64.ActiveCfg = Debug|x64
		{90651CDB-1DE1-3FF4-84AC-0BC5EBA23FD6}.Dist|x64.Build.0 = Debug|x64
		{90651CDB-1DE1-3FF4-84AC-0BC5EBA23FD6}.MinSizeRel|Any CPU.ActiveCfg = MinSizeRel|x64
		{90651CDB-1DE1-3FF4-84AC-0BC5EBA23FD6}.MinSizeRel|x64.ActiveCfg = MinSizeRel|x64
		{90651CDB-1DE1-3FF4-84AC-0BC5EBA23FD6}.MinSizeRel|x64.Build.0 = MinSizeRel|x64
		{90651CDB-1DE1-3FF4-84AC-0BC5EBA23FD6}.Release|Any CPU.ActiveCfg = Release|x64
		{90651CDB-1DE1-3FF4-84AC-0BC5EBA23FD6}.Release|x64.ActiveCfg = Release|x64
		{90651CDB-1DE1-3FF4-84AC-0BC5EBA23FD6}.Release|x64.Build.0 = Release|x64
		{90651CDB-1DE1-3FF4-84AC-0BC5EBA23FD6}.RelWithDebInfo|Any CPU.ActiveCfg = RelWithDebInfo|x64
		{90651CDB-1DE1-3FF4-84AC-0BC5EBA23FD6}.RelWithDebInfo|x64.ActiveCfg = RelWithDebInfo|x64
		{90651CDB-1DE1-3FF4-84AC-0BC5EBA23FD6}.RelWithDebInfo|x64.Build.0 = RelWithDebInfo|x64
		{9B0428B6-B9D3-4ED1-A1A0-E1A44FDE1F48}.Debug|Any CPU.ActiveCfg = Debug|Any CPU
		{9B0428B6-B9D3-4ED1-A1A0-E1A44FDE1F48}.Debug|Any CPU.Build.0 = Debug|Any CPU
		{9B0428B6-B9D3-4ED1-A1A0-E1A44FDE1F48}.Debug|x64.ActiveCfg = Debug|Any CPU
		{9B0428B6-B9D3-4ED1-A1A0-E1A44FDE1F48}.Debug|x64.Build.0 = Debug|Any CPU
		{9B0428B6-B9D3-4ED1-A1A0-E1A44FDE1F48}.Dist|Any CPU.ActiveCfg = Debug|Any CPU
		{9B0428B6-B9D3-4ED1-A1A0-E1A44FDE1F48}.Dist|Any CPU.Build.0 = Debug|Any CPU
		{9B0428B6-B9D3-4ED1-A1A0-E1A44FDE1F48}.Dist|x64.ActiveCfg = Debug|Any CPU
		{9B0428B6-B9D3-4ED1-A1A0-E1A44FDE1F48}.Dist|x64.Build.0 = Debug|Any CPU
		{9B0428B6-B9D3-4ED1-A1A0-E1A44FDE1F48}.MinSizeRel|Any CPU.ActiveCfg = Release|Any CPU
		{9B0428B6-B9D3-4ED1-A1A0-E1A44FDE1F48}.MinSizeRel|Any CPU.Build.0 = Release|Any CPU
		{9B0428B6-B9D3-4ED1-A1A0-E1A44FDE1F48}.MinSizeRel|x64.ActiveCfg = Release|Any CPU
		{9B0428B6-B9D3-4ED1-A1A0-E1A44FDE1F48}.MinSizeRel|x64.Build.0 = Release|Any CPU
		{9B0428B6-B9D3-4ED1-A1A0-E1A44FDE1F48}.Release|Any CPU.ActiveCfg = Release|Any CPU
		{9B0428B6-B9D3-4ED1-A1A0-E1A44FDE1F48}.Release|Any CPU.Build.0 = Release|Any CPU
		{9B0428B6-B9D3-4ED1-A1A0-E1A44FDE1F48}.Release|x64.ActiveCfg = Release|Any CPU
		{9B0428B6-B9D3-4ED1-A1A0-E1A44FDE1F48}.Release|x64.Build.0 = Release|Any CPU
		{9B0428B6-B9D3-4ED1-A1A0-E1A44FDE1F48}.RelWithDebInfo|Any CPU.ActiveCfg = Release|Any CPU
		{9B0428B6-B9D3-4ED1-A1A0-E1A44FDE1F48}.RelWithDebInfo|Any CPU.Build.0 = Release|Any CPU
		{9B0428B6-B9D3-4ED1-A1A0-E1A44FDE1F48}.RelWithDebInfo|x64.ActiveCfg = Release|Any CPU
		{9B0428B6-B9D3-4ED1-A1A0-E1A44FDE1F48}.RelWithDebInfo|x64.Build.0 = Release|Any CPU
		{197A4DEB-F22E-3374-9D28-54DC6F0F76F4}.Debug|Any CPU.ActiveCfg = Debug|x64
		{197A4DEB-F22E-3374-9D28-54DC6F0F76F4}.Debug|x64.ActiveCfg = Debug|x64
		{197A4DEB-F22E-3374-9D28-54DC6F0F76F4}.Debug|x64.Build.0 = Debug|x64
		{197A4DEB-F22E-3374-9D28-54DC6F0F76F4}.Dist|Any CPU.ActiveCfg = RelWithDebInfo|x64
		{197A4DEB-F22E-3374-9D28-54DC6F0F76F4}.Dist|Any CPU.Build.0 = RelWithDebInfo|x64
		{197A4DEB-F22E-3374-9D28-54DC6F0F76F4}.Dist|x64.ActiveCfg = Debug|x64
		{197A4DEB-F22E-3374-9D28-54DC6F0F76F4}.Dist|x64.Build.0 = Debug|x64
		{197A4DEB-F22E-3374-9D28-54DC6F0F76F4}.MinSizeRel|Any CPU.ActiveCfg = MinSizeRel|x64
		{197A4DEB-F22E-3374-9D28-54DC6F0F76F4}.MinSizeRel|x64.ActiveCfg = MinSizeRel|x64
		{197A4DEB-F22E-3374-9D28-54DC6F0F76F4}.MinSizeRel|x64.Build.0 = MinSizeRel|x64
		{197A4DEB-F22E-3374-9D28-54DC6F0F76F4}.Release|Any CPU.ActiveCfg = Release|x64
		{197A4DEB-F22E-3374-9D28-54DC6F0F76F4}.Release|x64.ActiveCfg = Release|x64
		{197A4DEB-F22E-3374-9D28-54DC6F0F76F4}.Release|x64.Build.0 = Release|x64
		{197A4DEB-F22E-3374-9D28-54DC6F0F76F4}.RelWithDebInfo|Any CPU.ActiveCfg = RelWithDebInfo|x64
		{197A4DEB-F22E-3374-9D28-54DC6F0F76F4}.RelWithDebInfo|x64.ActiveCfg = RelWithDebInfo|x64
		{197A4DEB-F22E-3374-9D28-54DC6F0F76F4}.RelWithDebInfo|x64.Build.0 = RelWithDebInfo|x64
		{E5E107AF-994A-3AE0-8DE8-52AA2051EFA4}.Debug|Any CPU.ActiveCfg = Debug|x64
		{E5E107AF-994A-3AE0-8DE8-52AA2051EFA4}.Debug|x64.ActiveCfg = Debug|x64
		{E5E107AF-994A-3AE0-8DE8-52AA2051EFA4}.Debug|x64.Build.0 = Debug|x64
		{E5E107AF-994A-3AE0-8DE8-52AA2051EFA4}.Dist|Any CPU.ActiveCfg = RelWithDebInfo|x64
		{E5E107AF-994A-3AE0-8DE8-52AA2051EFA4}.Dist|Any CPU.Build.0 = RelWithDebInfo|x64
		{E5E107AF-994A-3AE0-8DE8-52AA2051EFA4}.Dist|x64.ActiveCfg = Debug|x64
		{E5E107AF-994A-3AE0-8DE8-52AA2051EFA4}.Dist|x64.Build.0 = Debug|x64
		{E5E107AF-994A-3AE0-8DE8-52AA2051EFA4}.MinSizeRel|Any CPU.ActiveCfg = MinSizeRel|x64
		{E5E107AF-994A-3AE0-8DE8-52AA2051EFA4}.MinSizeRel|x64.ActiveCfg = MinSizeRel|x64
		{E5E107AF-994A-3AE0-8DE8-52AA2051EFA4}.MinSizeRel|x64.Build.0 = MinSizeRel|x64
		{E5E107AF-994A-3AE0-8DE8-52AA2051EFA4}.Release|Any CPU.ActiveCfg = Release|x64
		{E5E107AF-994A-3AE0-8DE8-52AA2051EFA4}.Release|x64.ActiveCfg = Release|x64
		{E5E107AF-994A-3AE0-8DE8-52AA2051EFA4}.Release|x64.Build.0 = Release|x64
		{E5E107AF-994A-3AE0-8DE8-52AA2051EFA4}.RelWithDebInfo|Any CPU.ActiveCfg = RelWithDebInfo|x64
		{E5E107AF-994A-3AE0-8DE8-52AA2051EFA4}.RelWithDebInfo|x64.ActiveCfg = RelWithDebInfo|x64
		{E5E107AF-994A-3AE0-8DE8-52AA2051EFA4}.RelWithDebInfo|x64.Build.0 = RelWithDebInfo|x64
		{A7A8FA16-A554-3F6A-9F73-1B04F96B3103}.Debug|Any CPU.ActiveCfg = Debug|x64
		{A7A8FA16-A554-3F6A-9F73-1B04F96B3103}.Debug|x64.ActiveCfg = Debug|x64
		{A7A8FA16-A554-3F6A-9F73-1B04F96B3103}.Debug|x64.Build.0 = Debug|x64
		{A7A8FA16-A554-3F6A-9F73-1B04F96B3103}.Dist|Any CPU.ActiveCfg = RelWithDebInfo|x64
		{A7A8FA16-A554-3F6A-9F73-1B04F96B3103}.Dist|Any CPU.Build.0 = RelWithDebInfo|x64
		{A7A8FA16-A554-3F6A-9F73-1B04F96B3103}.Dist|x64.ActiveCfg = Debug|x64
		{A7A8FA16-A554-3F6A-9F73-1B04F96B3103}.Dist|x64.Build.0 = Debug|x64
		{A7A8FA16-A554-3F6A-9F73-1B04F96B3103}.MinSizeRel|Any CPU.ActiveCfg = MinSizeRel|x64
		{A7A8FA16-A554-3F6A-9F73-1B04F96B3103}.MinSizeRel|x64.ActiveCfg = MinSizeRel|x64
		{A7A8FA16-A554-3F6A-9F73-1B04F96B3103}.MinSizeRel|x64.Build.0 = MinSizeRel|x64
		{A7A8FA16-A554-3F6A-9F73-1B04F96B3103}.Release|Any CPU.ActiveCfg = Release|x64
		{A7A8FA16-A554-3F6A-9F73-1B04F96B3103}.Release|x64.ActiveCfg = Release|x64
		{A7A8FA16-A554-3F6A-9F73-1B04F96B3103}.Release|x64.Build.0 = Release|x64
		{A7A8FA16-A554-3F6A-9F73-1B04F96B3103}.RelWithDebInfo|Any CPU.ActiveCfg = RelWithDebInfo|x64
		{A7A8FA16-A554-3F6A-9F73-1B04F96B3103}.RelWithDebInfo|x64.ActiveCfg = RelWithDebInfo|x64
		{A7A8FA16-A554-3F6A-9F73-1B04F96B3103}.RelWithDebInfo|x64.Build.0 = RelWithDebInfo|x64
		{89F79BF0-2A0C-3EE8-9E07-6C01F06297BF}.Debug|Any CPU.ActiveCfg = Debug|x64
		{89F79BF0-2A0C-3EE8-9E07-6C01F06297BF}.Debug|x64.ActiveCfg = Debug|x64
		{89F79BF0-2A0C-3EE8-9E07-6C01F06297BF}.Debug|x64.Build.0 = Debug|x64
		{89F79BF0-2A0C-3EE8-9E07-6C01F06297BF}.Dist|Any CPU.ActiveCfg = RelWithDebInfo|x64
		{89F79BF0-2A0C-3EE8-9E07-6C01F06297BF}.Dist|Any CPU.Build.0 = RelWithDebInfo|x64
		{89F79BF0-2A0C-3EE8-9E07-6C01F06297BF}.Dist|x64.ActiveCfg = Debug|x64
		{89F79BF0-2A0C-3EE8-9E07-6C01F06297BF}.Dist|x64.Build.0 = Debug|x64
		{89F79BF0-2A0C-3EE8-9E07-6C01F06297BF}.MinSizeRel|Any CPU.ActiveCfg = MinSizeRel|x64
		{89F79BF0-2A0C-3EE8-9E07-6C01F06297BF}.MinSizeRel|x64.ActiveCfg = MinSizeRel|x64
		{89F79BF0-2A0C-3EE8-9E07-6C01F06297BF}.MinSizeRel|x64.Build.0 = MinSizeRel|x64
		{89F79BF0-2A0C-3EE8-9E07-6C01F06297BF}.Release|Any CPU.ActiveCfg = Release|x64
		{89F79BF0-2A0C-3EE8-9E07-6C01F06297BF}.Release|x64.ActiveCfg = Release|x64
		{89F79BF0-2A0C-3EE8-9E07-6C01F06297BF}.Release|x64.Build.0 = Release|x64
		{89F79BF0-2A0C-3EE8-9E07-6C01F06297BF}.RelWithDebInfo|Any CPU.ActiveCfg = RelWithDebInfo|x64
		{89F79BF0-2A0C-3EE8-9E07-6C01F06297BF}.RelWithDebInfo|x64.ActiveCfg = RelWithDebInfo|x64
		{89F79BF0-2A0C-3EE8-9E07-6C01F06297BF}.RelWithDebInfo|x64.Build.0 = RelWithDebInfo|x64
		{458117F5-2BB3-35CE-BB6B-208FE64A0649}.Debug|Any CPU.ActiveCfg = Debug|x64
		{458117F5-2BB3-35CE-BB6B-208FE64A0649}.Debug|x64.ActiveCfg = Debug|x64
		{458117F5-2BB3-35CE-BB6B-208FE64A0649}.Debug|x64.Build.0 = Debug|x64
		{458117F5-2BB3-35CE-BB6B-208FE64A0649}.Dist|Any CPU.ActiveCfg = RelWithDebInfo|x64
		{458117F5-2BB3-35CE-BB6B-208FE64A0649}.Dist|Any CPU.Build.0 = RelWithDebInfo|x64
		{458117F5-2BB3-35CE-BB6B-208FE64A0649}.Dist|x64.ActiveCfg = Debug|x64
		{458117F5-2BB3-35CE-BB6B-208FE64A0649}.Dist|x64.Build.0 = Debug|x64
		{458117F5-2BB3-35CE-BB6B-208FE64A0649}.MinSizeRel|Any CPU.ActiveCfg = MinSizeRel|x64
		{458117F5-2BB3-35CE-BB6B-208FE64A0649}.MinSizeRel|x64.ActiveCfg = MinSizeRel|x64
		{458117F5-2BB3-35CE-BB6B-208FE64A0649}.MinSizeRel|x64.Build.0 = MinSizeRel|x64
		{458117F5-2BB3-35CE-BB6B-208FE64A0649}.Release|Any CPU.ActiveCfg = Release|x64
		{458117F5-2BB3-35CE-BB6B-208FE64A0649}.Release|x64.ActiveCfg = Release|x64
		{458117F5-2BB3-35CE-BB6B-208FE64A0649}.Release|x64.Build.0 = Release|x64
		{458117F5-2BB3-35CE-BB6B-208FE64A0649}.RelWithDebInfo|Any CPU.ActiveCfg = RelWithDebInfo|x64
		{458117F5-2BB3-35CE-BB6B-208FE64A0649}.RelWithDebInfo|x64.ActiveCfg = RelWithDebInfo|x64
		{458117F5-2BB3-35CE-BB6B-208FE64A0649}.RelWithDebInfo|x64.Build.0 = RelWithDebInfo|x64
		{A63AF408-B30C-328B-81EC-09243C294771}.Debug|Any CPU.ActiveCfg = Debug|x64
		{A63AF408-B30C-328B-81EC-09243C294771}.Debug|x64.ActiveCfg = Debug|x64
		{A63AF408-B30C-328B-81EC-09243C294771}.Debug|x64.Build.0 = Debug|x64
		{A63AF408-B30C-328B-81EC-09243C294771}.Dist|Any CPU.ActiveCfg = RelWithDebInfo|x64
		{A63AF408-B30C-328B-81EC-09243C294771}.Dist|Any CPU.Build.0 = RelWithDebInfo|x64
		{A63AF408-B30C-328B-81EC-09243C294771}.Dist|x64.ActiveCfg = Debug|x64
		{A63AF408-B30C-328B-81EC-09243C294771}.Dist|x64.Build.0 = Debug|x64
		{A63AF408-B30C-328B-81EC-09243C294771}.MinSizeRel|Any CPU.ActiveCfg = MinSizeRel|x64
		{A63AF408-B30C-328B-81EC-09243C294771}.MinSizeRel|x64.ActiveCfg = MinSizeRel|x64
		{A63AF408-B30C-328B-81EC-09243C294771}.MinSizeRel|x64.Build.0 = MinSizeRel|x64
		{A63AF408-B30C-328B-81EC-09243C294771}.Release|Any CPU.ActiveCfg = Release|x64
		{A63AF408-B30C-328B-81EC-09243C294771}.Release|x64.ActiveCfg = Release|x64
		{A63AF408-B30C-328B-81EC-09243C294771}.Release|x64.Build.0 = Release|x64
		{A63AF408-B30C-328B-81EC-09243C294771}.RelWithDebInfo|Any CPU.ActiveCfg = RelWithDebInfo|x64
		{A63AF408-B30C-328B-81EC-09243C294771}.RelWithDebInfo|x64.ActiveCfg = RelWithDebInfo|x64
		{A63AF408-B30C-328B-81EC-09243C294771}.RelWithDebInfo|x64.Build.0 = RelWithDebInfo|x64
		{07779930-954E-35B2-A4AD-E0754E0F1A3A}.Debug|Any CPU.ActiveCfg = Debug|x64
		{07779930-954E-35B2-A4AD-E0754E0F1A3A}.Debug|x64.ActiveCfg = Debug|x64
		{07779930-954E-35B2-A4AD-E0754E0F1A3A}.Debug|x64.Build.0 = Debug|x64
		{07779930-954E-35B2-A4AD-E0754E0F1A3A}.Dist|Any CPU.ActiveCfg = RelWithDebInfo|x64
		{07779930-954E-35B2-A4AD-E0754E0F1A3A}.Dist|Any CPU.Build.0 = RelWithDebInfo|x64
		{07779930-954E-35B2-A4AD-E0754E0F1A3A}.Dist|x64.ActiveCfg = Debug|x64
		{07779930-954E-35B2-A4AD-E0754E0F1A3A}.Dist|x64.Build.0 = Debug|x64
		{07779930-954E-35B2-A4AD-E0754E0F1A3A}.MinSizeRel|Any CPU.ActiveCfg = MinSizeRel|x64
		{07779930-954E-35B2-A4AD-E0754E0F1A3A}.MinSizeRel|x64.ActiveCfg = MinSizeRel|x64
		{07779930-954E-35B2-A4AD-E0754E0F1A3A}.MinSizeRel|x64.Build.0 = MinSizeRel|x64
		{07779930-954E-35B2-A4AD-E0754E0F1A3A}.Release|Any CPU.ActiveCfg = Release|x64
		{07779930-954E-35B2-A4AD-E0754E0F1A3A}.Release|x64.ActiveCfg = Release|x64
		{07779930-954E-35B2-A4AD-E0754E0F1A3A}.Release|x64.Build.0 = Release|x64
		{07779930-954E-35B2-A4AD-E0754E0F1A3A}.RelWithDebInfo|Any CPU.ActiveCfg = RelWithDebInfo|x64
		{07779930-954E-35B2-A4AD-E0754E0F1A3A}.RelWithDebInfo|x64.ActiveCfg = RelWithDebInfo|x64
		{07779930-954E-35B2-A4AD-E0754E0F1A3A}.RelWithDebInfo|x64.Build.0 = RelWithDebInfo|x64
		{FE685653-5AC3-369C-B600-2A32B2F415BE}.Debug|Any CPU.ActiveCfg = Debug|x64
		{FE685653-5AC3-369C-B600-2A32B2F415BE}.Debug|x64.ActiveCfg = Debug|x64
		{FE685653-5AC3-369C-B600-2A32B2F415BE}.Debug|x64.Build.0 = Debug|x64
		{FE685653-5AC3-369C-B600-2A32B2F415BE}.Dist|Any CPU.ActiveCfg = RelWithDebInfo|x64
		{FE685653-5AC3-369C-B600-2A32B2F415BE}.Dist|Any CPU.Build.0 = RelWithDebInfo|x64
		{FE685653-5AC3-369C-B600-2A32B2F415BE}.Dist|x64.ActiveCfg = Debug|x64
		{FE685653-5AC3-369C-B600-2A32B2F415BE}.Dist|x64.Build.0 = Debug|x64
		{FE685653-5AC3-369C-B600-2A32B2F415BE}.MinSizeRel|Any CPU.ActiveCfg = MinSizeRel|x64
		{FE685653-5AC3-369C-B600-2A32B2F415BE}.MinSizeRel|x64.ActiveCfg = MinSizeRel|x64
		{FE685653-5AC3-369C-B600-2A32B2F415BE}.MinSizeRel|x64.Build.0 = MinSizeRel|x64
		{FE685653-5AC3-369C-B600-2A32B2F415BE}.Release|Any CPU.ActiveCfg = Release|x64
		{FE685653-5AC3-369C-B600-2A32B2F415BE}.Release|x64.ActiveCfg = Release|x64
		{FE685653-5AC3-369C-B600-2A32B2F415BE}.Release|x64.Build.0 = Release|x64
		{FE685653-5AC3-369C-B600-2A32B2F415BE}.RelWithDebInfo|Any CPU.ActiveCfg = RelWithDebInfo|x64
		{FE685653-5AC3-369C-B600-2A32B2F415BE}.RelWithDebInfo|x64.ActiveCfg = RelWithDebInfo|x64
		{FE685653-5AC3-369C-B600-2A32B2F415BE}.RelWithDebInfo|x64.Build.0 = RelWithDebInfo|x64
	EndGlobalSection
	GlobalSection(SolutionProperties) = preSolution
		HideSolutionNode = FALSE
	EndGlobalSection
	GlobalSection(ExtensibilityGlobals) = postSolution
		SolutionGuid = {FE9B7F0C-747B-4738-A6DE-D631C74F3067}
	EndGlobalSection
EndGlobal
