
Microsoft Visual Studio Solution File, Format Version 12.00
# Visual Studio Version 16
VisualStudioVersion = 16.0.29403.142
MinimumVisualStudioVersion = 10.0.40219.1
Project("{8BC9CEB8-8B4A-11D0-8D11-00A0C91BC942}") = "OpenGLCourseApp", "OpenGLCourseApp\OpenGLCourseApp.vcxproj", "{FABCD75E-496E-4408-B31C-D45E7D0DFC7A}"
EndProject
Project("{8BC9CEB8-8B4A-11D0-8D11-00A0C91BC942}") = "LearnOpenGL", "LearnOpenGL\LearnOpenGL.vcxproj", "{73BA9155-652B-4DB8-B9D7-47AAC149EFE2}"
EndProject
Project("{8BC9CEB8-8B4A-11D0-8D11-00A0C91BC942}") = "Bullet3Collision", "vendor\bullet3\src\Bullet3Collision\Bullet3Collision.vcxproj", "{B585E9F7-6C0A-317F-8A7D-B0F0024B80F2}"
EndProject
Project("{8BC9CEB8-8B4A-11D0-8D11-00A0C91BC942}") = "Bullet3Common", "vendor\bullet3\src\Bullet3Common\Bullet3Common.vcxproj", "{853CEF8B-3BE1-3C12-A9A7-81ED5CF4F922}"
EndProject
Project("{8BC9CEB8-8B4A-11D0-8D11-00A0C91BC942}") = "Bullet3Dynamics", "vendor\bullet3\src\Bullet3Dynamics\Bullet3Dynamics.vcxproj", "{F1D042C3-303F-3D2A-B07A-FD7E63724206}"
EndProject
Project("{8BC9CEB8-8B4A-11D0-8D11-00A0C91BC942}") = "Bullet3Geometry", "vendor\bullet3\src\Bullet3Geometry\Bullet3Geometry.vcxproj", "{6BAD6B83-C6E9-39F1-9B6F-210001FB2DD0}"
EndProject
Project("{8BC9CEB8-8B4A-11D0-8D11-00A0C91BC942}") = "LinearMath", "vendor\bullet3\src\LinearMath\LinearMath.vcxproj", "{C9E164CC-A95C-392C-BE22-84BDDD117F6C}"
EndProject
Global
	GlobalSection(SolutionConfigurationPlatforms) = preSolution
		Debug|x64 = Debug|x64
		Debug|x86 = Debug|x86
		MinSizeRel|x64 = MinSizeRel|x64
		MinSizeRel|x86 = MinSizeRel|x86
		Release|x64 = Release|x64
		Release|x86 = Release|x86
		RelWithDebInfo|x64 = RelWithDebInfo|x64
		RelWithDebInfo|x86 = RelWithDebInfo|x86
	EndGlobalSection
	GlobalSection(ProjectConfigurationPlatforms) = postSolution
		{FABCD75E-496E-4408-B31C-D45E7D0DFC7A}.Debug|x64.ActiveCfg = Debug|x64
		{FABCD75E-496E-4408-B31C-D45E7D0DFC7A}.Debug|x64.Build.0 = Debug|x64
		{FABCD75E-496E-4408-B31C-D45E7D0DFC7A}.Debug|x86.ActiveCfg = Debug|Win32
		{FABCD75E-496E-4408-B31C-D45E7D0DFC7A}.Debug|x86.Build.0 = Debug|Win32
		{FABCD75E-496E-4408-B31C-D45E7D0DFC7A}.MinSizeRel|x64.ActiveCfg = Release|x64
		{FABCD75E-496E-4408-B31C-D45E7D0DFC7A}.MinSizeRel|x64.Build.0 = Release|x64
		{FABCD75E-496E-4408-B31C-D45E7D0DFC7A}.MinSizeRel|x86.ActiveCfg = Release|Win32
		{FABCD75E-496E-4408-B31C-D45E7D0DFC7A}.MinSizeRel|x86.Build.0 = Release|Win32
		{FABCD75E-496E-4408-B31C-D45E7D0DFC7A}.Release|x64.ActiveCfg = Release|x64
		{FABCD75E-496E-4408-B31C-D45E7D0DFC7A}.Release|x64.Build.0 = Release|x64
		{FABCD75E-496E-4408-B31C-D45E7D0DFC7A}.Release|x86.ActiveCfg = Release|Win32
		{FABCD75E-496E-4408-B31C-D45E7D0DFC7A}.Release|x86.Build.0 = Release|Win32
		{FABCD75E-496E-4408-B31C-D45E7D0DFC7A}.RelWithDebInfo|x64.ActiveCfg = Release|x64
		{FABCD75E-496E-4408-B31C-D45E7D0DFC7A}.RelWithDebInfo|x64.Build.0 = Release|x64
		{FABCD75E-496E-4408-B31C-D45E7D0DFC7A}.RelWithDebInfo|x86.ActiveCfg = Release|Win32
		{FABCD75E-496E-4408-B31C-D45E7D0DFC7A}.RelWithDebInfo|x86.Build.0 = Release|Win32
		{73BA9155-652B-4DB8-B9D7-47AAC149EFE2}.Debug|x64.ActiveCfg = Debug|x64
		{73BA9155-652B-4DB8-B9D7-47AAC149EFE2}.Debug|x64.Build.0 = Debug|x64
		{73BA9155-652B-4DB8-B9D7-47AAC149EFE2}.Debug|x86.ActiveCfg = Debug|Win32
		{73BA9155-652B-4DB8-B9D7-47AAC149EFE2}.Debug|x86.Build.0 = Debug|Win32
		{73BA9155-652B-4DB8-B9D7-47AAC149EFE2}.MinSizeRel|x64.ActiveCfg = Release|x64
		{73BA9155-652B-4DB8-B9D7-47AAC149EFE2}.MinSizeRel|x64.Build.0 = Release|x64
		{73BA9155-652B-4DB8-B9D7-47AAC149EFE2}.MinSizeRel|x86.ActiveCfg = Release|Win32
		{73BA9155-652B-4DB8-B9D7-47AAC149EFE2}.MinSizeRel|x86.Build.0 = Release|Win32
		{73BA9155-652B-4DB8-B9D7-47AAC149EFE2}.Release|x64.ActiveCfg = Release|x64
		{73BA9155-652B-4DB8-B9D7-47AAC149EFE2}.Release|x64.Build.0 = Release|x64
		{73BA9155-652B-4DB8-B9D7-47AAC149EFE2}.Release|x86.ActiveCfg = Release|Win32
		{73BA9155-652B-4DB8-B9D7-47AAC149EFE2}.Release|x86.Build.0 = Release|Win32
		{73BA9155-652B-4DB8-B9D7-47AAC149EFE2}.RelWithDebInfo|x64.ActiveCfg = Release|x64
		{73BA9155-652B-4DB8-B9D7-47AAC149EFE2}.RelWithDebInfo|x64.Build.0 = Release|x64
		{73BA9155-652B-4DB8-B9D7-47AAC149EFE2}.RelWithDebInfo|x86.ActiveCfg = Release|Win32
		{73BA9155-652B-4DB8-B9D7-47AAC149EFE2}.RelWithDebInfo|x86.Build.0 = Release|Win32
		{B585E9F7-6C0A-317F-8A7D-B0F0024B80F2}.Debug|x64.ActiveCfg = Debug|x64
		{B585E9F7-6C0A-317F-8A7D-B0F0024B80F2}.Debug|x64.Build.0 = Debug|x64
		{B585E9F7-6C0A-317F-8A7D-B0F0024B80F2}.Debug|x86.ActiveCfg = Debug|x64
		{B585E9F7-6C0A-317F-8A7D-B0F0024B80F2}.MinSizeRel|x64.ActiveCfg = MinSizeRel|x64
		{B585E9F7-6C0A-317F-8A7D-B0F0024B80F2}.MinSizeRel|x64.Build.0 = MinSizeRel|x64
		{B585E9F7-6C0A-317F-8A7D-B0F0024B80F2}.MinSizeRel|x86.ActiveCfg = MinSizeRel|x64
		{B585E9F7-6C0A-317F-8A7D-B0F0024B80F2}.Release|x64.ActiveCfg = Release|x64
		{B585E9F7-6C0A-317F-8A7D-B0F0024B80F2}.Release|x64.Build.0 = Release|x64
		{B585E9F7-6C0A-317F-8A7D-B0F0024B80F2}.Release|x86.ActiveCfg = Release|x64
		{B585E9F7-6C0A-317F-8A7D-B0F0024B80F2}.RelWithDebInfo|x64.ActiveCfg = RelWithDebInfo|x64
		{B585E9F7-6C0A-317F-8A7D-B0F0024B80F2}.RelWithDebInfo|x64.Build.0 = RelWithDebInfo|x64
		{B585E9F7-6C0A-317F-8A7D-B0F0024B80F2}.RelWithDebInfo|x86.ActiveCfg = RelWithDebInfo|x64
		{853CEF8B-3BE1-3C12-A9A7-81ED5CF4F922}.Debug|x64.ActiveCfg = Debug|x64
		{853CEF8B-3BE1-3C12-A9A7-81ED5CF4F922}.Debug|x64.Build.0 = Debug|x64
		{853CEF8B-3BE1-3C12-A9A7-81ED5CF4F922}.Debug|x86.ActiveCfg = Debug|x64
		{853CEF8B-3BE1-3C12-A9A7-81ED5CF4F922}.MinSizeRel|x64.ActiveCfg = MinSizeRel|x64
		{853CEF8B-3BE1-3C12-A9A7-81ED5CF4F922}.MinSizeRel|x64.Build.0 = MinSizeRel|x64
		{853CEF8B-3BE1-3C12-A9A7-81ED5CF4F922}.MinSizeRel|x86.ActiveCfg = MinSizeRel|x64
		{853CEF8B-3BE1-3C12-A9A7-81ED5CF4F922}.Release|x64.ActiveCfg = Release|x64
		{853CEF8B-3BE1-3C12-A9A7-81ED5CF4F922}.Release|x64.Build.0 = Release|x64
		{853CEF8B-3BE1-3C12-A9A7-81ED5CF4F922}.Release|x86.ActiveCfg = Release|x64
		{853CEF8B-3BE1-3C12-A9A7-81ED5CF4F922}.RelWithDebInfo|x64.ActiveCfg = RelWithDebInfo|x64
		{853CEF8B-3BE1-3C12-A9A7-81ED5CF4F922}.RelWithDebInfo|x64.Build.0 = RelWithDebInfo|x64
		{853CEF8B-3BE1-3C12-A9A7-81ED5CF4F922}.RelWithDebInfo|x86.ActiveCfg = RelWithDebInfo|x64
		{F1D042C3-303F-3D2A-B07A-FD7E63724206}.Debug|x64.ActiveCfg = Debug|x64
		{F1D042C3-303F-3D2A-B07A-FD7E63724206}.Debug|x64.Build.0 = Debug|x64
		{F1D042C3-303F-3D2A-B07A-FD7E63724206}.Debug|x86.ActiveCfg = Debug|x64
		{F1D042C3-303F-3D2A-B07A-FD7E63724206}.MinSizeRel|x64.ActiveCfg = MinSizeRel|x64
		{F1D042C3-303F-3D2A-B07A-FD7E63724206}.MinSizeRel|x64.Build.0 = MinSizeRel|x64
		{F1D042C3-303F-3D2A-B07A-FD7E63724206}.MinSizeRel|x86.ActiveCfg = MinSizeRel|x64
		{F1D042C3-303F-3D2A-B07A-FD7E63724206}.Release|x64.ActiveCfg = Release|x64
		{F1D042C3-303F-3D2A-B07A-FD7E63724206}.Release|x64.Build.0 = Release|x64
		{F1D042C3-303F-3D2A-B07A-FD7E63724206}.Release|x86.ActiveCfg = Release|x64
		{F1D042C3-303F-3D2A-B07A-FD7E63724206}.RelWithDebInfo|x64.ActiveCfg = RelWithDebInfo|x64
		{F1D042C3-303F-3D2A-B07A-FD7E63724206}.RelWithDebInfo|x64.Build.0 = RelWithDebInfo|x64
		{F1D042C3-303F-3D2A-B07A-FD7E63724206}.RelWithDebInfo|x86.ActiveCfg = RelWithDebInfo|x64
		{6BAD6B83-C6E9-39F1-9B6F-210001FB2DD0}.Debug|x64.ActiveCfg = Debug|x64
		{6BAD6B83-C6E9-39F1-9B6F-210001FB2DD0}.Debug|x64.Build.0 = Debug|x64
		{6BAD6B83-C6E9-39F1-9B6F-210001FB2DD0}.Debug|x86.ActiveCfg = Debug|x64
		{6BAD6B83-C6E9-39F1-9B6F-210001FB2DD0}.MinSizeRel|x64.ActiveCfg = MinSizeRel|x64
		{6BAD6B83-C6E9-39F1-9B6F-210001FB2DD0}.MinSizeRel|x64.Build.0 = MinSizeRel|x64
		{6BAD6B83-C6E9-39F1-9B6F-210001FB2DD0}.MinSizeRel|x86.ActiveCfg = MinSizeRel|x64
		{6BAD6B83-C6E9-39F1-9B6F-210001FB2DD0}.Release|x64.ActiveCfg = Release|x64
		{6BAD6B83-C6E9-39F1-9B6F-210001FB2DD0}.Release|x64.Build.0 = Release|x64
		{6BAD6B83-C6E9-39F1-9B6F-210001FB2DD0}.Release|x86.ActiveCfg = Release|x64
		{6BAD6B83-C6E9-39F1-9B6F-210001FB2DD0}.RelWithDebInfo|x64.ActiveCfg = RelWithDebInfo|x64
		{6BAD6B83-C6E9-39F1-9B6F-210001FB2DD0}.RelWithDebInfo|x64.Build.0 = RelWithDebInfo|x64
		{6BAD6B83-C6E9-39F1-9B6F-210001FB2DD0}.RelWithDebInfo|x86.ActiveCfg = RelWithDebInfo|x64
		{C9E164CC-A95C-392C-BE22-84BDDD117F6C}.Debug|x64.ActiveCfg = Debug|x64
		{C9E164CC-A95C-392C-BE22-84BDDD117F6C}.Debug|x64.Build.0 = Debug|x64
		{C9E164CC-A95C-392C-BE22-84BDDD117F6C}.Debug|x86.ActiveCfg = Debug|x64
		{C9E164CC-A95C-392C-BE22-84BDDD117F6C}.MinSizeRel|x64.ActiveCfg = MinSizeRel|x64
		{C9E164CC-A95C-392C-BE22-84BDDD117F6C}.MinSizeRel|x64.Build.0 = MinSizeRel|x64
		{C9E164CC-A95C-392C-BE22-84BDDD117F6C}.MinSizeRel|x86.ActiveCfg = MinSizeRel|x64
		{C9E164CC-A95C-392C-BE22-84BDDD117F6C}.Release|x64.ActiveCfg = Release|x64
		{C9E164CC-A95C-392C-BE22-84BDDD117F6C}.Release|x64.Build.0 = Release|x64
		{C9E164CC-A95C-392C-BE22-84BDDD117F6C}.Release|x86.ActiveCfg = Release|x64
		{C9E164CC-A95C-392C-BE22-84BDDD117F6C}.RelWithDebInfo|x64.ActiveCfg = RelWithDebInfo|x64
		{C9E164CC-A95C-392C-BE22-84BDDD117F6C}.RelWithDebInfo|x64.Build.0 = RelWithDebInfo|x64
		{C9E164CC-A95C-392C-BE22-84BDDD117F6C}.RelWithDebInfo|x86.ActiveCfg = RelWithDebInfo|x64
	EndGlobalSection
	GlobalSection(SolutionProperties) = preSolution
		HideSolutionNode = FALSE
	EndGlobalSection
	GlobalSection(ExtensibilityGlobals) = postSolution
		SolutionGuid = {FE9B7F0C-747B-4738-A6DE-D631C74F3067}
	EndGlobalSection
EndGlobal
