<?xml version="1.0" encoding="utf-8"?>
<Project ToolsVersion="4.0" xmlns="http://schemas.microsoft.com/developer/msbuild/2003">
  <ItemGroup>
    <ClCompile Include="main.cpp" />
    <ClCompile Include="Framebuffer.cpp">
      <Filter>Framebuffer</Filter>
    </ClCompile>
    <ClCompile Include="FramebufferTexture.cpp">
      <Filter>Framebuffer</Filter>
    </ClCompile>
    <ClCompile Include="FramebufferWater.cpp">
      <Filter>Framebuffer</Filter>
    </ClCompile>
    <ClCompile Include="..\vendor\ImGui\imgui.cpp">
      <Filter>ImGui</Filter>
    </ClCompile>
    <ClCompile Include="..\vendor\ImGui\imgui_demo.cpp">
      <Filter>ImGui</Filter>
    </ClCompile>
    <ClCompile Include="..\vendor\ImGui\imgui_draw.cpp">
      <Filter>ImGui</Filter>
    </ClCompile>
    <ClCompile Include="..\vendor\ImGui\imgui_impl_dx11.cpp">
      <Filter>ImGui</Filter>
    </ClCompile>
    <ClCompile Include="..\vendor\ImGui\imgui_impl_win32.cpp">
      <Filter>ImGui</Filter>
    </ClCompile>
    <ClCompile Include="..\vendor\ImGui\imgui_widgets.cpp">
      <Filter>ImGui</Filter>
    </ClCompile>
    <ClCompile Include="ImGuiBuild.cpp">
      <Filter>ImGui</Filter>
    </ClCompile>
    <ClCompile Include="ImGuiWrapper.cpp">
      <Filter>ImGui</Filter>
    </ClCompile>
    <ClCompile Include="Renderer.cpp">
      <Filter>Renderer</Filter>
    </ClCompile>
    <ClCompile Include="RendererBasic.cpp">
      <Filter>Renderer</Filter>
    </ClCompile>
    <ClCompile Include="RendererCubemaps.cpp">
      <Filter>Renderer</Filter>
    </ClCompile>
    <ClCompile Include="RendererEditor.cpp">
      <Filter>Renderer</Filter>
    </ClCompile>
    <ClCompile Include="RendererJoey.cpp">
      <Filter>Renderer</Filter>
    </ClCompile>
    <ClCompile Include="RendererNanosuit.cpp">
      <Filter>Renderer</Filter>
    </ClCompile>
    <ClCompile Include="RendererPBR.cpp">
      <Filter>Renderer</Filter>
    </ClCompile>
    <ClCompile Include="Scene.cpp">
      <Filter>Scene</Filter>
    </ClCompile>
    <ClCompile Include="SceneAsteroids.cpp">
      <Filter>Scene</Filter>
    </ClCompile>
    <ClCompile Include="SceneCottage.cpp">
      <Filter>Scene</Filter>
    </ClCompile>
    <ClCompile Include="SceneCubemaps.cpp">
      <Filter>Scene</Filter>
    </ClCompile>
    <ClCompile Include="SceneEditor.cpp">
      <Filter>Scene</Filter>
    </ClCompile>
    <ClCompile Include="SceneEiffel.cpp">
      <Filter>Scene</Filter>
    </ClCompile>
    <ClCompile Include="SceneFramebuffers.cpp">
      <Filter>Scene</Filter>
    </ClCompile>
    <ClCompile Include="SceneInstanced.cpp">
      <Filter>Scene</Filter>
    </ClCompile>
    <ClCompile Include="SceneJoey.cpp">
      <Filter>Scene</Filter>
    </ClCompile>
    <ClCompile Include="SceneNanosuit.cpp">
      <Filter>Scene</Filter>
    </ClCompile>
    <ClCompile Include="SceneParticles.cpp">
      <Filter>Scene</Filter>
    </ClCompile>
    <ClCompile Include="ScenePBR.cpp">
      <Filter>Scene</Filter>
    </ClCompile>
    <ClCompile Include="SceneSponza.cpp">
      <Filter>Scene</Filter>
    </ClCompile>
    <ClCompile Include="SceneTerrain.cpp">
      <Filter>Scene</Filter>
    </ClCompile>
    <ClCompile Include="Shader.cpp">
      <Filter>Shader</Filter>
    </ClCompile>
    <ClCompile Include="ShaderBackground.cpp">
      <Filter>Shader</Filter>
    </ClCompile>
    <ClCompile Include="ShaderBasic.cpp">
      <Filter>Shader</Filter>
    </ClCompile>
    <ClCompile Include="ShaderEditorObjects.cpp">
      <Filter>Shader</Filter>
    </ClCompile>
    <ClCompile Include="ShaderEditorObjectsPBR.cpp">
      <Filter>Shader</Filter>
    </ClCompile>
    <ClCompile Include="ShaderGizmo.cpp">
      <Filter>Shader</Filter>
    </ClCompile>
    <ClCompile Include="ShaderInstanced.cpp">
      <Filter>Shader</Filter>
    </ClCompile>
    <ClCompile Include="ShaderMain.cpp">
      <Filter>Shader</Filter>
    </ClCompile>
    <ClCompile Include="ShaderOmniShadowMap.cpp">
      <Filter>Shader</Filter>
    </ClCompile>
    <ClCompile Include="ShaderPBR.cpp">
      <Filter>Shader</Filter>
    </ClCompile>
    <ClCompile Include="ShaderShadowMap.cpp">
      <Filter>Shader</Filter>
    </ClCompile>
    <ClCompile Include="ShaderSkinning.cpp">
      <Filter>Shader</Filter>
    </ClCompile>
    <ClCompile Include="ShaderWater.cpp">
      <Filter>Shader</Filter>
    </ClCompile>
    <ClCompile Include="AABB.cpp">
      <Filter>Core</Filter>
    </ClCompile>
    <ClCompile Include="Attachment.cpp">
      <Filter>Framebuffer</Filter>
    </ClCompile>
    <ClCompile Include="Block.cpp">
      <Filter>Mesh</Filter>
    </ClCompile>
    <ClCompile Include="Cone.cpp">
      <Filter>Mesh</Filter>
    </ClCompile>
    <ClCompile Include="Cube.cpp">
      <Filter>Mesh</Filter>
    </ClCompile>
    <ClCompile Include="Cubemap.cpp">
      <Filter>Framebuffer</Filter>
    </ClCompile>
    <ClCompile Include="CubeNanosuit.cpp">
      <Filter>Mesh</Filter>
    </ClCompile>
    <ClCompile Include="Cylinder.cpp">
      <Filter>Mesh</Filter>
    </ClCompile>
    <ClCompile Include="SongHo\CylinderSongHo.cpp">
      <Filter>Mesh</Filter>
    </ClCompile>
    <ClCompile Include="DirectionalLight.cpp">
      <Filter>Light</Filter>
    </ClCompile>
    <ClCompile Include="GeometryFactory.cpp">
      <Filter>Mesh</Filter>
    </ClCompile>
    <ClCompile Include="Math.cpp">
      <Filter>Core</Filter>
    </ClCompile>
    <ClCompile Include="Material.cpp">
      <Filter>Material</Filter>
    </ClCompile>
    <ClCompile Include="MaterialWorkflowPBR.cpp">
      <Filter>Material</Filter>
    </ClCompile>
    <ClCompile Include="Mesh.cpp">
      <Filter>Mesh</Filter>
    </ClCompile>
    <ClCompile Include="MeshData.cpp">
      <Filter>Mesh</Filter>
    </ClCompile>
    <ClCompile Include="Model.cpp">
      <Filter>Mesh</Filter>
    </ClCompile>
    <ClCompile Include="MousePicker.cpp">
      <Filter>Core</Filter>
    </ClCompile>
    <ClCompile Include="PointLight.cpp">
      <Filter>Light</Filter>
    </ClCompile>
    <ClCompile Include="SpotLight.cpp">
      <Filter>Light</Filter>
    </ClCompile>
    <ClCompile Include="Grid.cpp">
      <Filter>Mesh</Filter>
    </ClCompile>
    <ClCompile Include="OmniShadowMap.cpp">
      <Filter>Texture</Filter>
    </ClCompile>
    <ClCompile Include="ShadowMap.cpp">
      <Filter>Texture</Filter>
    </ClCompile>
    <ClCompile Include="Light.cpp">
      <Filter>Light</Filter>
    </ClCompile>
    <ClCompile Include="LightManager.cpp">
      <Filter>Light</Filter>
    </ClCompile>
    <ClCompile Include="Pyramid.cpp">
      <Filter>Mesh</Filter>
    </ClCompile>
    <ClCompile Include="Quad.cpp">
      <Filter>Mesh</Filter>
    </ClCompile>
    <ClCompile Include="RadianceHDR.cpp">
      <Filter>Texture</Filter>
    </ClCompile>
    <ClCompile Include="Texture.cpp">
      <Filter>Texture</Filter>
    </ClCompile>
    <ClCompile Include="TextureAtlas.cpp">
      <Filter>Texture</Filter>
    </ClCompile>
    <ClCompile Include="TextureCubeMap.cpp">
      <Filter>Texture</Filter>
    </ClCompile>
    <ClCompile Include="TextureCubemapLite.cpp">
      <Filter>Texture</Filter>
    </ClCompile>
    <ClCompile Include="learnopengl\TextureJoey.cpp">
      <Filter>Texture</Filter>
    </ClCompile>
    <ClCompile Include="TextureLoader.cpp">
      <Filter>Texture</Filter>
    </ClCompile>
    <ClCompile Include="TextureSampler.cpp">
      <Filter>Texture</Filter>
    </ClCompile>
    <ClCompile Include="Timer.cpp">
      <Filter>Core</Filter>
    </ClCompile>
    <ClCompile Include="SkinnedMesh.cpp">
      <Filter>Mesh</Filter>
    </ClCompile>
    <ClCompile Include="Ring90.cpp">
      <Filter>Mesh</Filter>
    </ClCompile>
    <ClCompile Include="Ring.cpp">
      <Filter>Mesh</Filter>
    </ClCompile>
    <ClCompile Include="Sphere.cpp">
      <Filter>Mesh</Filter>
    </ClCompile>
    <ClCompile Include="Tile2D.cpp">
      <Filter>Mesh</Filter>
    </ClCompile>
    <ClCompile Include="Raycast.cpp">
      <Filter>Core</Filter>
    </ClCompile>
    <ClCompile Include="Renderbuffer.cpp">
      <Filter>Framebuffer</Filter>
    </ClCompile>
    <ClCompile Include="WaterManager.cpp">
      <Filter>Water</Filter>
    </ClCompile>
    <ClCompile Include="Skybox.cpp">
      <Filter>Skybox</Filter>
    </ClCompile>
    <ClCompile Include="BulletDebugDrawer.cpp">
      <Filter>Misc</Filter>
    </ClCompile>
    <ClCompile Include="SceneObject.cpp">
      <Filter>Editor</Filter>
    </ClCompile>
    <ClCompile Include="Gizmo.cpp">
      <Filter>Editor</Filter>
    </ClCompile>
    <ClCompile Include="Pivot.cpp">
      <Filter>Editor</Filter>
    </ClCompile>
    <ClCompile Include="Particle.cpp">
      <Filter>Particle</Filter>
    </ClCompile>
    <ClCompile Include="ParticleRenderer.cpp">
      <Filter>Particle</Filter>
    </ClCompile>
    <ClCompile Include="ParticleMaster.cpp">
      <Filter>Particle</Filter>
    </ClCompile>
    <ClCompile Include="CubeSkybox.cpp">
      <Filter>Mesh</Filter>
    </ClCompile>
    <ClCompile Include="ParticleSystemCherno.cpp">
      <Filter>Particle</Filter>
    </ClCompile>
    <ClCompile Include="ParticleSystemThinMatrix.cpp">
      <Filter>Particle</Filter>
    </ClCompile>
    <ClCompile Include="ParticleTexture.cpp">
      <Filter>Particle</Filter>
    </ClCompile>
    <ClCompile Include="InsertionSort.cpp">
      <Filter>Core</Filter>
    </ClCompile>
    <ClCompile Include="SubTexture2D.cpp">
      <Filter>Texture</Filter>
    </ClCompile>
    <ClCompile Include="QuadInstanced.cpp">
      <Filter>Mesh</Filter>
    </ClCompile>
    <ClCompile Include="ParticleRendererInstanced.cpp">
      <Filter>Particle</Filter>
    </ClCompile>
    <ClCompile Include="Util.cpp">
      <Filter>Core</Filter>
    </ClCompile>
    <ClCompile Include="Log.cpp">
      <Filter>Core</Filter>
    </ClCompile>
    <ClCompile Include="SceneObjectParticleSystem.cpp">
      <Filter>Editor</Filter>
    </ClCompile>
    <ClCompile Include="SceneObjectLight.cpp">
      <Filter>Editor</Filter>
    </ClCompile>
    <ClCompile Include="RendererOmniShadows.cpp">
      <Filter>Renderer</Filter>
    </ClCompile>
    <ClCompile Include="SceneOmniShadows.cpp">
      <Filter>Scene</Filter>
    </ClCompile>
    <ClCompile Include="RendererVoxelTerrain.cpp">
      <Filter>Renderer</Filter>
    </ClCompile>
    <ClCompile Include="SceneVoxelTerrain.cpp">
      <Filter>Scene</Filter>
    </ClCompile>
    <ClCompile Include="Camera.cpp">
      <Filter>Camera</Filter>
    </ClCompile>
    <ClCompile Include="CameraController.cpp">
      <Filter>Camera</Filter>
    </ClCompile>
    <ClCompile Include="CameraControllerVoxelTerrain.cpp">
      <Filter>Camera</Filter>
    </ClCompile>
    <ClCompile Include="Player.cpp">
      <Filter>Player</Filter>
    </ClCompile>
    <ClCompile Include="PlayerController.cpp">
      <Filter>Player</Filter>
    </ClCompile>
    <ClCompile Include="TerrainVoxel.cpp">
      <Filter>Terrain</Filter>
    </ClCompile>
    <ClCompile Include="TerrainBase.cpp">
      <Filter>Terrain</Filter>
    </ClCompile>
    <ClCompile Include="RenderInstanced.cpp">
      <Filter>Renderer</Filter>
    </ClCompile>
    <ClCompile Include="TerrainSL.cpp">
      <Filter>Terrain</Filter>
    </ClCompile>
    <ClCompile Include="NoiseSL.cpp">
      <Filter>Terrain</Filter>
    </ClCompile>
    <ClCompile Include="MapGenerator.cpp">
      <Filter>Terrain</Filter>
    </ClCompile>
    <ClCompile Include="Random.cpp">
      <Filter>Core</Filter>
    </ClCompile>
    <ClCompile Include="TextureGenerator.cpp">
      <Filter>Terrain</Filter>
    </ClCompile>
    <ClCompile Include="SceneProceduralLandmass.cpp">
      <Filter>Scene</Filter>
    </ClCompile>
    <ClCompile Include="ResourceManager.cpp">
      <Filter>Core</Filter>
    </ClCompile>
    <ClCompile Include="MeshGenerator.cpp">
      <Filter>Terrain</Filter>
    </ClCompile>
    <ClCompile Include="MeshUnity.cpp">
      <Filter>Mesh</Filter>
    </ClCompile>
    <ClCompile Include="EndlessTerrain.cpp">
      <Filter>Terrain</Filter>
    </ClCompile>
    <ClCompile Include="SceneVoxelTerrainSL.cpp">
      <Filter>Scene</Filter>
    </ClCompile>
    <ClCompile Include="TerrainMarchingCubes.cpp">
      <Filter>Terrain</Filter>
    </ClCompile>
    <ClCompile Include="SceneMarchingCubes.cpp">
      <Filter>Scene</Filter>
    </ClCompile>
    <ClCompile Include="Transform.cpp">
      <Filter>Core</Filter>
    </ClCompile>
    <ClCompile Include="Octree.cpp">
      <Filter>Data</Filter>
    </ClCompile>
    <ClCompile Include="Quadtree.cpp">
      <Filter>Data</Filter>
    </ClCompile>
    <ClCompile Include="SceneBullet.cpp">
      <Filter>Scene</Filter>
    </ClCompile>
    <ClCompile Include="TerrainHeightMap.cpp">
      <Filter>Terrain</Filter>
    </ClCompile>
    <ClCompile Include="Application.cpp">
      <Filter>Core</Filter>
    </ClCompile>
    <ClCompile Include="SceneSSAO.cpp">
      <Filter>Scene</Filter>
    </ClCompile>
    <ClCompile Include="QuadSSAO.cpp">
      <Filter>Mesh</Filter>
    </ClCompile>
    <ClCompile Include="LearnOpenGL\MeshJoey.cpp">
      <Filter>LearnOpenGL</Filter>
    </ClCompile>
    <ClCompile Include="LearnOpenGL\ModelJoey.cpp">
      <Filter>LearnOpenGL</Filter>
    </ClCompile>
    <ClCompile Include="LearnOpenGL\SphereJoey.cpp">
      <Filter>LearnOpenGL</Filter>
    </ClCompile>
    <ClCompile Include="LearnOpenGL\MeshSSAO.cpp">
      <Filter>LearnOpenGL</Filter>
    </ClCompile>
    <ClCompile Include="LearnOpenGL\ModelSSAO.cpp">
      <Filter>LearnOpenGL</Filter>
    </ClCompile>
    <ClCompile Include="SSAO.cpp">
      <Filter>Light</Filter>
    </ClCompile>
    <ClCompile Include="..\vendor\cross-platform\ImGuizmo\ImGuizmo.cpp">
      <Filter>ImGui</Filter>
    </ClCompile>
    <ClCompile Include="Hazel\Renderer\OpenGLBuffer.cpp">
      <Filter>Hazel\Renderer</Filter>
    </ClCompile>
    <ClCompile Include="Hazel\Renderer\OpenGLVertexArray.cpp">
      <Filter>Hazel\Renderer</Filter>
    </ClCompile>
    <ClCompile Include="Hazel\Renderer\Buffer.cpp">
      <Filter>Hazel\Renderer</Filter>
    </ClCompile>
    <ClCompile Include="Hazel\Renderer\MeshAnimPBR.cpp">
      <Filter>Hazel\Renderer</Filter>
    </ClCompile>
    <ClCompile Include="RendererTrivial.cpp">
      <Filter>Renderer</Filter>
    </ClCompile>
    <ClCompile Include="SceneAnimPBR.cpp">
      <Filter>Scene</Filter>
    </ClCompile>
    <ClCompile Include="BlurEffect.cpp">
      <Filter>PostProcessing</Filter>
    </ClCompile>
    <ClCompile Include="FramebufferTextureCubemap.cpp">
      <Filter>Framebuffer</Filter>
    </ClCompile>
    <ClCompile Include="SceneDeferred.cpp">
      <Filter>Scene</Filter>
    </ClCompile>
    <ClCompile Include="WindowsWindow.cpp">
      <Filter>Platform\Windows</Filter>
    </ClCompile>
    <ClCompile Include="Hazel\Core\Layer.cpp">
      <Filter>Hazel\Core</Filter>
    </ClCompile>
    <ClCompile Include="Hazel\Core\LayerStack.cpp">
      <Filter>Hazel\Core</Filter>
    </ClCompile>
  </ItemGroup>
  <ItemGroup>
    <ClInclude Include="Framebuffer.h">
      <Filter>Framebuffer</Filter>
    </ClInclude>
    <ClInclude Include="FramebufferTexture.h">
      <Filter>Framebuffer</Filter>
    </ClInclude>
    <ClInclude Include="FramebufferWater.h">
      <Filter>Framebuffer</Filter>
    </ClInclude>
    <ClInclude Include="..\vendor\ImGui\imconfig.h">
      <Filter>ImGui</Filter>
    </ClInclude>
    <ClInclude Include="..\vendor\ImGui\imgui.h">
      <Filter>ImGui</Filter>
    </ClInclude>
    <ClInclude Include="..\vendor\ImGui\imgui_impl_dx11.h">
      <Filter>ImGui</Filter>
    </ClInclude>
    <ClInclude Include="..\vendor\ImGui\imgui_impl_glfw.h">
      <Filter>ImGui</Filter>
    </ClInclude>
    <ClInclude Include="..\vendor\ImGui\imgui_impl_opengl3.h">
      <Filter>ImGui</Filter>
    </ClInclude>
    <ClInclude Include="..\vendor\ImGui\imgui_impl_win32.h">
      <Filter>ImGui</Filter>
    </ClInclude>
    <ClInclude Include="..\vendor\ImGui\imgui_internal.h">
      <Filter>ImGui</Filter>
    </ClInclude>
    <ClInclude Include="ImGuiWrapper.h">
      <Filter>ImGui</Filter>
    </ClInclude>
    <ClInclude Include="..\vendor\ImGui\imstb_rectpack.h">
      <Filter>ImGui</Filter>
    </ClInclude>
    <ClInclude Include="..\vendor\ImGui\imstb_textedit.h">
      <Filter>ImGui</Filter>
    </ClInclude>
    <ClInclude Include="..\vendor\ImGui\imstb_truetype.h">
      <Filter>ImGui</Filter>
    </ClInclude>
    <ClInclude Include="Renderer.h">
      <Filter>Renderer</Filter>
    </ClInclude>
    <ClInclude Include="RendererBasic.h">
      <Filter>Renderer</Filter>
    </ClInclude>
    <ClInclude Include="RendererCubemaps.h">
      <Filter>Renderer</Filter>
    </ClInclude>
    <ClInclude Include="RendererEditor.h">
      <Filter>Renderer</Filter>
    </ClInclude>
    <ClInclude Include="RendererJoey.h">
      <Filter>Renderer</Filter>
    </ClInclude>
    <ClInclude Include="RendererNanosuit.h">
      <Filter>Renderer</Filter>
    </ClInclude>
    <ClInclude Include="RendererPBR.h">
      <Filter>Renderer</Filter>
    </ClInclude>
    <ClInclude Include="Scene.h">
      <Filter>Scene</Filter>
    </ClInclude>
    <ClInclude Include="SceneAsteroids.h">
      <Filter>Scene</Filter>
    </ClInclude>
    <ClInclude Include="SceneCottage.h">
      <Filter>Scene</Filter>
    </ClInclude>
    <ClInclude Include="SceneCubemaps.h">
      <Filter>Scene</Filter>
    </ClInclude>
    <ClInclude Include="SceneEditor.h">
      <Filter>Scene</Filter>
    </ClInclude>
    <ClInclude Include="SceneEiffel.h">
      <Filter>Scene</Filter>
    </ClInclude>
    <ClInclude Include="SceneFramebuffers.h">
      <Filter>Scene</Filter>
    </ClInclude>
    <ClInclude Include="SceneInstanced.h">
      <Filter>Scene</Filter>
    </ClInclude>
    <ClInclude Include="SceneJoey.h">
      <Filter>Scene</Filter>
    </ClInclude>
    <ClInclude Include="SceneNanosuit.h">
      <Filter>Scene</Filter>
    </ClInclude>
    <ClInclude Include="SceneParticles.h">
      <Filter>Scene</Filter>
    </ClInclude>
    <ClInclude Include="ScenePBR.h">
      <Filter>Scene</Filter>
    </ClInclude>
    <ClInclude Include="SceneSponza.h">
      <Filter>Scene</Filter>
    </ClInclude>
    <ClInclude Include="SceneTerrain.h">
      <Filter>Scene</Filter>
    </ClInclude>
    <ClInclude Include="Shader.h">
      <Filter>Shader</Filter>
    </ClInclude>
    <ClInclude Include="ShaderBackground.h">
      <Filter>Shader</Filter>
    </ClInclude>
    <ClInclude Include="ShaderBasic.h">
      <Filter>Shader</Filter>
    </ClInclude>
    <ClInclude Include="ShaderEditorObjects.h">
      <Filter>Shader</Filter>
    </ClInclude>
    <ClInclude Include="ShaderEditorObjectsPBR.h">
      <Filter>Shader</Filter>
    </ClInclude>
    <ClInclude Include="ShaderGizmo.h">
      <Filter>Shader</Filter>
    </ClInclude>
    <ClInclude Include="ShaderInstanced.h">
      <Filter>Shader</Filter>
    </ClInclude>
    <ClInclude Include="ShaderMain.h">
      <Filter>Shader</Filter>
    </ClInclude>
    <ClInclude Include="ShaderOmniShadowMap.h">
      <Filter>Shader</Filter>
    </ClInclude>
    <ClInclude Include="ShaderPBR.h">
      <Filter>Shader</Filter>
    </ClInclude>
    <ClInclude Include="ShaderShadowMap.h">
      <Filter>Shader</Filter>
    </ClInclude>
    <ClInclude Include="ShaderSkinning.h">
      <Filter>Shader</Filter>
    </ClInclude>
    <ClInclude Include="ShaderWater.h">
      <Filter>Shader</Filter>
    </ClInclude>
    <ClInclude Include="AABB.h">
      <Filter>Core</Filter>
    </ClInclude>
    <ClInclude Include="Attachment.h">
      <Filter>Framebuffer</Filter>
    </ClInclude>
    <ClInclude Include="LearnOpenGL\Camera.h">
      <Filter>LearnOpenGL</Filter>
    </ClInclude>
    <ClInclude Include="Block.h">
      <Filter>Mesh</Filter>
    </ClInclude>
    <ClInclude Include="CommonValues.h">
      <Filter>Core</Filter>
    </ClInclude>
    <ClInclude Include="Cone.h">
      <Filter>Mesh</Filter>
    </ClInclude>
    <ClInclude Include="Cube.h">
      <Filter>Mesh</Filter>
    </ClInclude>
    <ClInclude Include="Cubemap.h">
      <Filter>Framebuffer</Filter>
    </ClInclude>
    <ClInclude Include="CubeNanosuit.h">
      <Filter>Mesh</Filter>
    </ClInclude>
    <ClInclude Include="Cylinder.h">
      <Filter>Mesh</Filter>
    </ClInclude>
    <ClInclude Include="SongHo\CylinderSongHo.h">
      <Filter>Mesh</Filter>
    </ClInclude>
    <ClInclude Include="DirectionalLight.h">
      <Filter>Light</Filter>
    </ClInclude>
    <ClInclude Include="GeometryFactory.h">
      <Filter>Mesh</Filter>
    </ClInclude>
    <ClInclude Include="Math.h">
      <Filter>Core</Filter>
    </ClInclude>
    <ClInclude Include="Material.h">
      <Filter>Material</Filter>
    </ClInclude>
    <ClInclude Include="MaterialWorkflowPBR.h">
      <Filter>Material</Filter>
    </ClInclude>
    <ClInclude Include="Mesh.h">
      <Filter>Mesh</Filter>
    </ClInclude>
    <ClInclude Include="MeshData.h">
      <Filter>Mesh</Filter>
    </ClInclude>
    <ClInclude Include="Model.h">
      <Filter>Mesh</Filter>
    </ClInclude>
    <ClInclude Include="MousePicker.h">
      <Filter>Core</Filter>
    </ClInclude>
    <ClInclude Include="PointLight.h">
      <Filter>Light</Filter>
    </ClInclude>
    <ClInclude Include="SpotLight.h">
      <Filter>Light</Filter>
    </ClInclude>
    <ClInclude Include="Grid.h">
      <Filter>Mesh</Filter>
    </ClInclude>
    <ClInclude Include="OmniShadowMap.h">
      <Filter>Texture</Filter>
    </ClInclude>
    <ClInclude Include="ShadowMap.h">
      <Filter>Texture</Filter>
    </ClInclude>
    <ClInclude Include="LightManager.h">
      <Filter>Light</Filter>
    </ClInclude>
    <ClInclude Include="Light.h">
      <Filter>Light</Filter>
    </ClInclude>
    <ClInclude Include="Pyramid.h">
      <Filter>Mesh</Filter>
    </ClInclude>
    <ClInclude Include="Quad.h">
      <Filter>Mesh</Filter>
    </ClInclude>
    <ClInclude Include="RadianceHDR.h">
      <Filter>Texture</Filter>
    </ClInclude>
    <ClInclude Include="Texture.h">
      <Filter>Texture</Filter>
    </ClInclude>
    <ClInclude Include="TextureAtlas.h">
      <Filter>Texture</Filter>
    </ClInclude>
    <ClInclude Include="TextureCubeMap.h">
      <Filter>Texture</Filter>
    </ClInclude>
    <ClInclude Include="TextureCubemapLite.h">
      <Filter>Texture</Filter>
    </ClInclude>
    <ClInclude Include="learnopengl\TextureJoey.h">
      <Filter>Texture</Filter>
    </ClInclude>
    <ClInclude Include="TextureLoader.h">
      <Filter>Texture</Filter>
    </ClInclude>
    <ClInclude Include="TextureSampler.h">
      <Filter>Texture</Filter>
    </ClInclude>
    <ClInclude Include="Window.h">
      <Filter>Core</Filter>
    </ClInclude>
    <ClInclude Include="Timer.h">
      <Filter>Core</Filter>
    </ClInclude>
    <ClInclude Include="SkinnedMesh.h">
      <Filter>Mesh</Filter>
    </ClInclude>
    <ClInclude Include="Ring90.h">
      <Filter>Mesh</Filter>
    </ClInclude>
    <ClInclude Include="Ring.h">
      <Filter>Mesh</Filter>
    </ClInclude>
    <ClInclude Include="Sphere.h">
      <Filter>Mesh</Filter>
    </ClInclude>
    <ClInclude Include="Tile2D.h">
      <Filter>Mesh</Filter>
    </ClInclude>
    <ClInclude Include="VertexInstanced.h">
      <Filter>Mesh</Filter>
    </ClInclude>
    <ClInclude Include="VertexTBN.h">
      <Filter>Mesh</Filter>
    </ClInclude>
    <ClInclude Include="Profiler.h">
      <Filter>Core</Filter>
    </ClInclude>
    <ClInclude Include="Raycast.h">
      <Filter>Core</Filter>
    </ClInclude>
    <ClInclude Include="Renderbuffer.h">
      <Filter>Framebuffer</Filter>
    </ClInclude>
    <ClInclude Include="WaterManager.h">
      <Filter>Water</Filter>
    </ClInclude>
    <ClInclude Include="Skybox.h">
      <Filter>Skybox</Filter>
    </ClInclude>
    <ClInclude Include="BulletDebugDrawer.h">
      <Filter>Misc</Filter>
    </ClInclude>
    <ClInclude Include="SceneObject.h">
      <Filter>Editor</Filter>
    </ClInclude>
    <ClInclude Include="Gizmo.h">
      <Filter>Editor</Filter>
    </ClInclude>
    <ClInclude Include="Pivot.h">
      <Filter>Editor</Filter>
    </ClInclude>
    <ClInclude Include="Particle.h">
      <Filter>Particle</Filter>
    </ClInclude>
    <ClInclude Include="ParticleRenderer.h">
      <Filter>Particle</Filter>
    </ClInclude>
    <ClInclude Include="ParticleMaster.h">
      <Filter>Particle</Filter>
    </ClInclude>
    <ClInclude Include="CubeSkybox.h">
      <Filter>Mesh</Filter>
    </ClInclude>
    <ClInclude Include="ParticleSystemCherno.h">
      <Filter>Particle</Filter>
    </ClInclude>
    <ClInclude Include="ParticleSystemThinMatrix.h">
      <Filter>Particle</Filter>
    </ClInclude>
    <ClInclude Include="ParticleTexture.h">
      <Filter>Particle</Filter>
    </ClInclude>
    <ClInclude Include="InsertionSort.h">
      <Filter>Core</Filter>
    </ClInclude>
    <ClInclude Include="SubTexture2D.h">
      <Filter>Texture</Filter>
    </ClInclude>
    <ClInclude Include="QuadInstanced.h">
      <Filter>Mesh</Filter>
    </ClInclude>
    <ClInclude Include="ParticleRendererInstanced.h">
      <Filter>Particle</Filter>
    </ClInclude>
    <ClInclude Include="Util.h">
      <Filter>Core</Filter>
    </ClInclude>
    <ClInclude Include="Log.h">
      <Filter>Core</Filter>
    </ClInclude>
    <ClInclude Include="ParticleSettings.h">
      <Filter>Editor</Filter>
    </ClInclude>
    <ClInclude Include="SceneObjectParticleSystem.h">
      <Filter>Editor</Filter>
    </ClInclude>
    <ClInclude Include="SceneObjectLight.h">
      <Filter>Editor</Filter>
    </ClInclude>
    <ClInclude Include="RendererOmniShadows.h">
      <Filter>Renderer</Filter>
    </ClInclude>
    <ClInclude Include="SceneOmniShadows.h">
      <Filter>Scene</Filter>
    </ClInclude>
    <ClInclude Include="PerlinNoise\PerlinNoise.hpp">
      <Filter>PerlinNoise</Filter>
    </ClInclude>
    <ClInclude Include="RendererVoxelTerrain.h">
      <Filter>Renderer</Filter>
    </ClInclude>
    <ClInclude Include="SceneVoxelTerrain.h">
      <Filter>Scene</Filter>
    </ClInclude>
    <ClInclude Include="Camera.h">
      <Filter>Camera</Filter>
    </ClInclude>
    <ClInclude Include="CameraController.h">
      <Filter>Camera</Filter>
    </ClInclude>
    <ClInclude Include="CameraControllerVoxelTerrain.h">
      <Filter>Camera</Filter>
    </ClInclude>
    <ClInclude Include="Player.h">
      <Filter>Player</Filter>
    </ClInclude>
    <ClInclude Include="PlayerController.h">
      <Filter>Player</Filter>
    </ClInclude>
    <ClInclude Include="TerrainVoxel.h">
      <Filter>Terrain</Filter>
    </ClInclude>
    <ClInclude Include="TerrainBase.h">
      <Filter>Terrain</Filter>
    </ClInclude>
    <ClInclude Include="RenderInstanced.h">
      <Filter>Renderer</Filter>
    </ClInclude>
    <ClInclude Include="TerrainSL.h">
      <Filter>Terrain</Filter>
    </ClInclude>
    <ClInclude Include="NoiseSL.h">
      <Filter>Terrain</Filter>
    </ClInclude>
    <ClInclude Include="MapGenerator.h">
      <Filter>Terrain</Filter>
    </ClInclude>
    <ClInclude Include="Random.h">
      <Filter>Core</Filter>
    </ClInclude>
    <ClInclude Include="TextureGenerator.h">
      <Filter>Terrain</Filter>
    </ClInclude>
    <ClInclude Include="SceneProceduralLandmass.h">
      <Filter>Scene</Filter>
    </ClInclude>
    <ClInclude Include="ResourceManager.h">
      <Filter>Core</Filter>
    </ClInclude>
    <ClInclude Include="MeshGenerator.h">
      <Filter>Terrain</Filter>
    </ClInclude>
    <ClInclude Include="MeshUnity.h">
      <Filter>Mesh</Filter>
    </ClInclude>
    <ClInclude Include="EndlessTerrain.h">
      <Filter>Terrain</Filter>
    </ClInclude>
    <ClInclude Include="SceneVoxelTerrainSL.h">
      <Filter>Scene</Filter>
    </ClInclude>
    <ClInclude Include="TerrainMarchingCubes.h">
      <Filter>Terrain</Filter>
    </ClInclude>
    <ClInclude Include="SceneMarchingCubes.h">
      <Filter>Scene</Filter>
    </ClInclude>
    <ClInclude Include="Transform.h">
      <Filter>Core</Filter>
    </ClInclude>
    <ClInclude Include="resource.h">
      <Filter>Core</Filter>
    </ClInclude>
    <ClInclude Include="Octree.h">
      <Filter>Data</Filter>
    </ClInclude>
    <ClInclude Include="Quadtree.h">
      <Filter>Data</Filter>
    </ClInclude>
    <ClInclude Include="SceneBullet.h">
      <Filter>Scene</Filter>
    </ClInclude>
    <ClInclude Include="TerrainHeightMap.h">
      <Filter>Terrain</Filter>
    </ClInclude>
    <ClInclude Include="Hazel\Events\ApplicationEvent.h">
      <Filter>Hazel\Events</Filter>
    </ClInclude>
    <ClInclude Include="Hazel\Events\Event.h">
      <Filter>Hazel\Events</Filter>
    </ClInclude>
    <ClInclude Include="Hazel\Events\KeyEvent.h">
      <Filter>Hazel\Events</Filter>
    </ClInclude>
    <ClInclude Include="Hazel\Events\MouseEvent.h">
      <Filter>Hazel\Events</Filter>
    </ClInclude>
    <ClInclude Include="Hazel\Core\Input.h">
      <Filter>Hazel\Core</Filter>
    </ClInclude>
    <ClInclude Include="Hazel\Core\Base.h">
      <Filter>Hazel\Core</Filter>
    </ClInclude>
    <ClInclude Include="Application.h">
      <Filter>Core</Filter>
    </ClInclude>
    <ClInclude Include="Hazel\Core\HazelWindow.h">
      <Filter>Hazel\Core</Filter>
    </ClInclude>
    <ClInclude Include="Hazel\Core\KeyCodes.h">
      <Filter>Hazel\Core</Filter>
    </ClInclude>
    <ClInclude Include="Hazel\Core\MouseCodes.h">
      <Filter>Hazel\Core</Filter>
    </ClInclude>
    <ClInclude Include="SceneSSAO.h">
      <Filter>Scene</Filter>
    </ClInclude>
    <ClInclude Include="QuadSSAO.h">
      <Filter>Mesh</Filter>
    </ClInclude>
    <ClInclude Include="LearnOpenGL\MeshJoey.h">
      <Filter>LearnOpenGL</Filter>
    </ClInclude>
    <ClInclude Include="LearnOpenGL\ModelJoey.h">
      <Filter>LearnOpenGL</Filter>
    </ClInclude>
    <ClInclude Include="LearnOpenGL\SphereJoey.h">
      <Filter>LearnOpenGL</Filter>
    </ClInclude>
    <ClInclude Include="LearnOpenGL\MeshSSAO.h">
      <Filter>LearnOpenGL</Filter>
    </ClInclude>
    <ClInclude Include="LearnOpenGL\ModelSSAO.h">
      <Filter>LearnOpenGL</Filter>
    </ClInclude>
    <ClInclude Include="LearnOpenGLStructs.h">
      <Filter>LearnOpenGL</Filter>
    </ClInclude>
    <ClInclude Include="SSAO.h">
      <Filter>Light</Filter>
    </ClInclude>
    <ClInclude Include="CommonStructs.h">
      <Filter>Core</Filter>
    </ClInclude>
    <ClInclude Include="..\vendor\cross-platform\ImGuizmo\ImGuizmo.h">
      <Filter>ImGui</Filter>
    </ClInclude>
    <ClInclude Include="Hazel\Renderer\OpenGLBuffer.h">
      <Filter>Hazel\Renderer</Filter>
    </ClInclude>
    <ClInclude Include="Hazel\Renderer\OpenGLVertexArray.h">
      <Filter>Hazel\Renderer</Filter>
    </ClInclude>
    <ClInclude Include="Hazel\Core\Buffer.h">
      <Filter>Hazel\Core</Filter>
    </ClInclude>
    <ClInclude Include="Hazel\Renderer\Buffer.h">
      <Filter>Hazel\Renderer</Filter>
    </ClInclude>
    <ClInclude Include="Hazel\Renderer\MeshAnimPBR.h">
      <Filter>Hazel\Renderer</Filter>
    </ClInclude>
    <ClInclude Include="RendererTrivial.h">
      <Filter>Renderer</Filter>
    </ClInclude>
    <ClInclude Include="SceneAnimPBR.h">
      <Filter>Scene</Filter>
    </ClInclude>
    <ClInclude Include="BlurEffect.h">
      <Filter>PostProcessing</Filter>
    </ClInclude>
    <ClInclude Include="FramebufferTextureCubemap.h">
      <Filter>Framebuffer</Filter>
    </ClInclude>
    <ClInclude Include="SceneDeferred.h">
      <Filter>Scene</Filter>
    </ClInclude>
    <ClInclude Include="WindowsWindow.h">
      <Filter>Platform\Windows</Filter>
    </ClInclude>
    <ClInclude Include="Hazel\Core\Layer.h">
      <Filter>Hazel\Core</Filter>
    </ClInclude>
    <ClInclude Include="Hazel\Core\LayerStack.h">
      <Filter>Hazel\Core</Filter>
    </ClInclude>
  </ItemGroup>
  <ItemGroup>
    <Filter Include="Scene">
      <UniqueIdentifier>{c3f2e82c-4f6a-4a1e-9265-36233d6e7de5}</UniqueIdentifier>
    </Filter>
    <Filter Include="Renderer">
      <UniqueIdentifier>{2bc20e84-4e62-4180-8158-69cad9f92c96}</UniqueIdentifier>
    </Filter>
    <Filter Include="Shader">
      <UniqueIdentifier>{d0b26742-b39e-4373-a778-1f82bad0dd47}</UniqueIdentifier>
    </Filter>
    <Filter Include="Texture">
      <UniqueIdentifier>{f9b8ed3d-1977-473c-abdc-21630e7183e8}</UniqueIdentifier>
    </Filter>
    <Filter Include="Light">
      <UniqueIdentifier>{a1c4fd28-f0a8-4279-84f5-7d8efd5c7e6c}</UniqueIdentifier>
    </Filter>
    <Filter Include="Mesh">
      <UniqueIdentifier>{4b105abb-df6c-4935-864f-c6f6d6f67c8d}</UniqueIdentifier>
    </Filter>
    <Filter Include="Framebuffer">
      <UniqueIdentifier>{95963855-d14a-4146-82da-c4ae090209d1}</UniqueIdentifier>
    </Filter>
    <Filter Include="Material">
      <UniqueIdentifier>{7cae81c5-191e-4f87-b92d-106056996405}</UniqueIdentifier>
    </Filter>
    <Filter Include="Core">
      <UniqueIdentifier>{bbaaa05d-f7b2-443a-84c4-03f28f25f0cc}</UniqueIdentifier>
    </Filter>
    <Filter Include="LearnOpenGL">
      <UniqueIdentifier>{70fddf24-9111-4cf0-b645-69795cbd12a0}</UniqueIdentifier>
    </Filter>
    <Filter Include="ImGui">
      <UniqueIdentifier>{26c09032-6431-40e4-aea4-e0387d07933c}</UniqueIdentifier>
    </Filter>
    <Filter Include="Particle">
      <UniqueIdentifier>{fd7493ea-185d-42c8-bbc8-3db57a28c37d}</UniqueIdentifier>
    </Filter>
    <Filter Include="Water">
      <UniqueIdentifier>{2b1d8f9c-5467-45ba-a9e6-57b27c42b350}</UniqueIdentifier>
    </Filter>
    <Filter Include="Skybox">
      <UniqueIdentifier>{3ce9836d-cbfb-4e7b-82ca-790210fb8bc8}</UniqueIdentifier>
    </Filter>
    <Filter Include="Misc">
      <UniqueIdentifier>{f98702ee-42c5-40bb-8d27-cf5617304eca}</UniqueIdentifier>
    </Filter>
    <Filter Include="Editor">
      <UniqueIdentifier>{ca1a9e2f-c6d6-492e-8d60-e3af3cf4f1d1}</UniqueIdentifier>
    </Filter>
    <Filter Include="Terrain">
      <UniqueIdentifier>{4981229f-a7f9-4b97-8a26-dbd492d51348}</UniqueIdentifier>
    </Filter>
    <Filter Include="PerlinNoise">
      <UniqueIdentifier>{dbfdba99-a8bc-4267-ad45-40ae3edc4c3b}</UniqueIdentifier>
    </Filter>
    <Filter Include="Camera">
      <UniqueIdentifier>{fafafe81-ebab-49de-a8f8-f6765a565f6d}</UniqueIdentifier>
    </Filter>
    <Filter Include="Player">
      <UniqueIdentifier>{e038b3e3-f988-4252-b109-ef5684319fd8}</UniqueIdentifier>
    </Filter>
    <Filter Include="Data">
      <UniqueIdentifier>{c1ea4d8e-74b2-4a75-bf05-1c6abc7214e6}</UniqueIdentifier>
    </Filter>
    <Filter Include="Hazel">
      <UniqueIdentifier>{7b3e4f94-2dfa-4d14-b645-f18409733f0a}</UniqueIdentifier>
    </Filter>
    <Filter Include="Hazel\Events">
      <UniqueIdentifier>{92fc41f3-3866-4005-97c0-e6b95883217b}</UniqueIdentifier>
    </Filter>
    <Filter Include="Hazel\Windows">
      <UniqueIdentifier>{2d75a5a3-615f-467d-9bff-5e77a64ab146}</UniqueIdentifier>
    </Filter>
    <Filter Include="Hazel\Core">
      <UniqueIdentifier>{e053c5c1-9585-4c6a-82e8-6a391773a618}</UniqueIdentifier>
    </Filter>
    <Filter Include="Hazel\Renderer">
      <UniqueIdentifier>{aa5ede13-8d0a-4deb-bd4b-c3087818310b}</UniqueIdentifier>
    </Filter>
    <Filter Include="PostProcessing">
      <UniqueIdentifier>{29da581e-1ade-4f5d-9017-46c95e57f366}</UniqueIdentifier>
    </Filter>
    <Filter Include="Platform">
      <UniqueIdentifier>{42db03f0-bce2-49ee-9e26-41ea8b165e57}</UniqueIdentifier>
    </Filter>
    <Filter Include="Platform\Windows">
      <UniqueIdentifier>{3852b832-d027-483b-bbcd-6019fd477d75}</UniqueIdentifier>
    </Filter>
  </ItemGroup>
  <ItemGroup>
    <ResourceCompile Include="MoravaEngine.rc" />
  </ItemGroup>
</Project>